// !$*UTF8*$!
{
	archiveVersion = 1;
	classes = {
	};
	objectVersion = 46;
	objects = {

/* Begin PBXBuildFile section */
		00DEA22C00654962A2093533 /* CDVFile.m in Sources */ = {isa = PBXBuildFile; fileRef = 21A93CD7ACB54608B547B18D /* CDVFile.m */; };
		096275883495429B87BF5608 /* UNIUrlConnection.m in Sources */ = {isa = PBXBuildFile; fileRef = 3272A5DC74E844169E8EDD7C /* UNIUrlConnection.m */; };
		0D7C6537735A4FDBBB3C4D48 /* unzip.c in Sources */ = {isa = PBXBuildFile; fileRef = 9553625E1D1947F8B7970254 /* unzip.c */; };
		0F70C3240F624C90BA0F853F /* libz.dylib in Frameworks */ = {isa = PBXBuildFile; fileRef = 7261A900AC064F97A56DD593 /* libz.dylib */; };
		14D8A2ED3E264C37831E0072 /* UNIJsonNode.m in Sources */ = {isa = PBXBuildFile; fileRef = 055D8B012EA64D58A771A560 /* UNIJsonNode.m */; };
		15CEC661EC7A466BB510A762 /* UNISimpleRequest.m in Sources */ = {isa = PBXBuildFile; fileRef = 20BAA18F146E43C58727EA38 /* UNISimpleRequest.m */; };
		16EB88091E2E41F9A75AE80E /* CDVNotification.bundle in Resources */ = {isa = PBXBuildFile; fileRef = 790B16AE8B92449CAC33D3BF /* CDVNotification.bundle */; };
		1D3623260D0F684500981E51 /* AppDelegate.m in Sources */ = {isa = PBXBuildFile; fileRef = 1D3623250D0F684500981E51 /* AppDelegate.m */; };
		1D60589B0D05DD56006BFB54 /* main.m in Sources */ = {isa = PBXBuildFile; fileRef = 29B97316FDCFA39411CA2CEA /* main.m */; };
		23004753E9E74C5E94392AD7 /* libstdc++.dylib in Frameworks */ = {isa = PBXBuildFile; fileRef = BBE6C7AC20B847DEA62075E6 /* libstdc++.dylib */; };
		241C53226AC045498FE91F16 /* UIWebViewExtension.m in Sources */ = {isa = PBXBuildFile; fileRef = EFEC97D000B34AEF89F18FCE /* UIWebViewExtension.m */; };
		268F07775806464BAF3C7CBB /* CDVSound.m in Sources */ = {isa = PBXBuildFile; fileRef = BFADDDD83BF6458085851276 /* CDVSound.m */; };
		26CB1BD6529B4F49B679A03C /* zip.c in Sources */ = {isa = PBXBuildFile; fileRef = 56F977C78A534443BED78C16 /* zip.c */; };
		288765FD0DF74451002DB57D /* CoreGraphics.framework in Frameworks */ = {isa = PBXBuildFile; fileRef = 288765FC0DF74451002DB57D /* CoreGraphics.framework */; };
		2C0CA323D305450FB7ADB5C7 /* CDVNotification.m in Sources */ = {isa = PBXBuildFile; fileRef = FA1728486D994412A997DEA6 /* CDVNotification.m */; };
		2FBB0BDEDE0A43BC9D01BB68 /* UNIRest.m in Sources */ = {isa = PBXBuildFile; fileRef = 78D0E829A7434D3DB9BB3A56 /* UNIRest.m */; };
		301BF552109A68D80062928A /* libCordova.a in Frameworks */ = {isa = PBXBuildFile; fileRef = 301BF535109A57CC0062928A /* libCordova.a */; };
		302D95F114D2391D003F00A1 /* MainViewController.m in Sources */ = {isa = PBXBuildFile; fileRef = 302D95EF14D2391D003F00A1 /* MainViewController.m */; };
		302D95F214D2391D003F00A1 /* MainViewController.xib in Resources */ = {isa = PBXBuildFile; fileRef = 302D95F014D2391D003F00A1 /* MainViewController.xib */; };
		305D5FD1115AB8F900A74A75 /* MobileCoreServices.framework in Frameworks */ = {isa = PBXBuildFile; fileRef = 305D5FD0115AB8F900A74A75 /* MobileCoreServices.framework */; };
		3088BBBD154F3926009F9C59 /* Default-Landscape@2x~ipad.png in Resources */ = {isa = PBXBuildFile; fileRef = 3088BBB7154F3926009F9C59 /* Default-Landscape@2x~ipad.png */; };
		3088BBBE154F3926009F9C59 /* Default-Landscape~ipad.png in Resources */ = {isa = PBXBuildFile; fileRef = 3088BBB8154F3926009F9C59 /* Default-Landscape~ipad.png */; };
		3088BBBF154F3926009F9C59 /* Default-Portrait@2x~ipad.png in Resources */ = {isa = PBXBuildFile; fileRef = 3088BBB9154F3926009F9C59 /* Default-Portrait@2x~ipad.png */; };
		3088BBC0154F3926009F9C59 /* Default-Portrait~ipad.png in Resources */ = {isa = PBXBuildFile; fileRef = 3088BBBA154F3926009F9C59 /* Default-Portrait~ipad.png */; };
		3088BBC1154F3926009F9C59 /* Default@2x~iphone.png in Resources */ = {isa = PBXBuildFile; fileRef = 3088BBBB154F3926009F9C59 /* Default@2x~iphone.png */; };
		3088BBC2154F3926009F9C59 /* Default~iphone.png in Resources */ = {isa = PBXBuildFile; fileRef = 3088BBBC154F3926009F9C59 /* Default~iphone.png */; };
		308D05371370CCF300D202BF /* icon-72.png in Resources */ = {isa = PBXBuildFile; fileRef = 308D052E1370CCF300D202BF /* icon-72.png */; };
		308D05381370CCF300D202BF /* icon.png in Resources */ = {isa = PBXBuildFile; fileRef = 308D052F1370CCF300D202BF /* icon.png */; };
		308D05391370CCF300D202BF /* icon@2x.png in Resources */ = {isa = PBXBuildFile; fileRef = 308D05301370CCF300D202BF /* icon@2x.png */; };
		30B4F30019D5E07200D9F7D8 /* Default-667h.png in Resources */ = {isa = PBXBuildFile; fileRef = 30B4F2FD19D5E07200D9F7D8 /* Default-667h.png */; };
		30B4F30119D5E07200D9F7D8 /* Default-736h.png in Resources */ = {isa = PBXBuildFile; fileRef = 30B4F2FE19D5E07200D9F7D8 /* Default-736h.png */; };
		30B4F30219D5E07200D9F7D8 /* Default-Landscape-736h.png in Resources */ = {isa = PBXBuildFile; fileRef = 30B4F2FF19D5E07200D9F7D8 /* Default-Landscape-736h.png */; };
		30C1856619D5FC0A00212699 /* icon-60@3x.png in Resources */ = {isa = PBXBuildFile; fileRef = 30C1856519D5FC0A00212699 /* icon-60@3x.png */; };
		30FC414916E50CA1004E6F35 /* icon-72@2x.png in Resources */ = {isa = PBXBuildFile; fileRef = 30FC414816E50CA1004E6F35 /* icon-72@2x.png */; };
		3465042793444B778D19F7F8 /* SSZipArchive.m in Sources */ = {isa = PBXBuildFile; fileRef = AF944E7C0E1E4BD0A5BAEB0A /* SSZipArchive.m */; };
		359042AF81274CAB8DB99FA5 /* infback.c in Sources */ = {isa = PBXBuildFile; fileRef = 4DF8FFB2AF32471FBCD04FC8 /* infback.c */; };
		384A267D2A9D4BEDBBDCE193 /* gzwrite.c in Sources */ = {isa = PBXBuildFile; fileRef = BE5CB0B2DAC343ECB68B57C4 /* gzwrite.c */; };
		3CBB2FBD7F5248EF978FCB5C /* deflate.c in Sources */ = {isa = PBXBuildFile; fileRef = B637556A8EE8499DB764DF89 /* deflate.c */; };
		3D78FC9278AD4EFBB7456A03 /* AudioToolbox.framework in Frameworks */ = {isa = PBXBuildFile; fileRef = 8282C6CC7BA645DEA3315350 /* AudioToolbox.framework */; settings = {ATTRIBUTES = (Weak, ); }; };
		48057A5E61E64F3D92198D95 /* CDVAssetLibraryFilesystem.m in Sources */ = {isa = PBXBuildFile; fileRef = F2FE0BD4E7B6420DB34B7A67 /* CDVAssetLibraryFilesystem.m */; };
		48BBDC12574246649B94DB29 /* UNIHTTPRequest.m in Sources */ = {isa = PBXBuildFile; fileRef = 15D6425FB6B54DB59069121B /* UNIHTTPRequest.m */; };
		4CCEF368DF9D414C80F0BEBD /* inffast.c in Sources */ = {isa = PBXBuildFile; fileRef = 0EB22F892B6E493FA8B8537B /* inffast.c */; };
		50A9C81397FC459DAAB57DD0 /* UNIHTTPJsonResponse.m in Sources */ = {isa = PBXBuildFile; fileRef = 780E2552F6904F7EB96E884E /* UNIHTTPJsonResponse.m */; };
		5653A403077340569B4FBB72 /* zutil.c in Sources */ = {isa = PBXBuildFile; fileRef = E7CC3AC547BA4CC3ABC78A23 /* zutil.c */; };
		56611DA262244E568CD40211 /* UNIHTTPBinaryResponse.m in Sources */ = {isa = PBXBuildFile; fileRef = EC8496EFB94743F6906A0ADA /* UNIHTTPBinaryResponse.m */; };
		5737909532A8442C9DF94A1D /* gzread.c in Sources */ = {isa = PBXBuildFile; fileRef = EA0FAD23503D46E582D197CC /* gzread.c */; };
		573D08350B384AD6BE52CCA9 /* SystemConfiguration.framework in Frameworks */ = {isa = PBXBuildFile; fileRef = F632B705053749079E3925F6 /* SystemConfiguration.framework */; };
		5B1594DD16A7569C00FEF299 /* AssetsLibrary.framework in Frameworks */ = {isa = PBXBuildFile; fileRef = 5B1594DC16A7569C00FEF299 /* AssetsLibrary.framework */; };
		628A98B971BA450188356CFE /* libGoogleAnalyticsServices.a in Frameworks */ = {isa = PBXBuildFile; fileRef = 43A678C35E2C4132A14056A5 /* libGoogleAnalyticsServices.a */; };
		64A2FEA5050043D79B5FC4A5 /* ioapi.c in Sources */ = {isa = PBXBuildFile; fileRef = 857A849FF6C54FA8A9C5CEFD /* ioapi.c */; };
		68EBD0C2630A414F9887F979 /* uncompr.c in Sources */ = {isa = PBXBuildFile; fileRef = EBC354E3E0DE4BDEBE50FFEC /* uncompr.c */; };
		697E4CA00E02442EAF90BCC2 /* Security.framework in Frameworks */ = {isa = PBXBuildFile; fileRef = CC1F228CA0874376B9AAA88E /* Security.framework */; };
		6DA1D5F683D7419A9478045D /* UNIHTTPClientHelper.m in Sources */ = {isa = PBXBuildFile; fileRef = F6DEAADE47C2428C85375B12 /* UNIHTTPClientHelper.m */; };
		72CEAA23CD4847B29EE89CC3 /* Base64.m in Sources */ = {isa = PBXBuildFile; fileRef = 6C77E31568EA451AB14B7754 /* Base64.m */; };
		735DBC8591F440F4A0990DA5 /* CDVInAppBrowser.m in Sources */ = {isa = PBXBuildFile; fileRef = F8FA3160E20A4F63816CB7CF /* CDVInAppBrowser.m */; };
		74C4AF51D96B457EB9791B65 /* Toast+UIView.m in Sources */ = {isa = PBXBuildFile; fileRef = D6FCD5E5701E4582B7099148 /* Toast+UIView.m */; };
		7E173243DE3845BD8F4BE7A2 /* CoreData.framework in Frameworks */ = {isa = PBXBuildFile; fileRef = EC03CF4A503A45209613F25C /* CoreData.framework */; };
		7E7966DE1810823500FA85AD /* icon-40.png in Resources */ = {isa = PBXBuildFile; fileRef = 7E7966D41810823500FA85AD /* icon-40.png */; };
		7E7966DF1810823500FA85AD /* icon-40@2x.png in Resources */ = {isa = PBXBuildFile; fileRef = 7E7966D51810823500FA85AD /* icon-40@2x.png */; };
		7E7966E01810823500FA85AD /* icon-50.png in Resources */ = {isa = PBXBuildFile; fileRef = 7E7966D61810823500FA85AD /* icon-50.png */; };
		7E7966E11810823500FA85AD /* icon-50@2x.png in Resources */ = {isa = PBXBuildFile; fileRef = 7E7966D71810823500FA85AD /* icon-50@2x.png */; };
		7E7966E21810823500FA85AD /* icon-60.png in Resources */ = {isa = PBXBuildFile; fileRef = 7E7966D81810823500FA85AD /* icon-60.png */; };
		7E7966E31810823500FA85AD /* icon-60@2x.png in Resources */ = {isa = PBXBuildFile; fileRef = 7E7966D91810823500FA85AD /* icon-60@2x.png */; };
		7E7966E41810823500FA85AD /* icon-76.png in Resources */ = {isa = PBXBuildFile; fileRef = 7E7966DA1810823500FA85AD /* icon-76.png */; };
		7E7966E51810823500FA85AD /* icon-76@2x.png in Resources */ = {isa = PBXBuildFile; fileRef = 7E7966DB1810823500FA85AD /* icon-76@2x.png */; };
		7E7966E61810823500FA85AD /* icon-small.png in Resources */ = {isa = PBXBuildFile; fileRef = 7E7966DC1810823500FA85AD /* icon-small.png */; };
		7E7966E71810823500FA85AD /* icon-small@2x.png in Resources */ = {isa = PBXBuildFile; fileRef = 7E7966DD1810823500FA85AD /* icon-small@2x.png */; };
		7EF9BDB6EF8E475ABCCB7C41 /* CDVDevice.m in Sources */ = {isa = PBXBuildFile; fileRef = 94DAC80CC3DE42B2B04D3214 /* CDVDevice.m */; };
		8076605437934F0AB2B2CD02 /* CDVSplashScreen.m in Sources */ = {isa = PBXBuildFile; fileRef = 11B01F9719E94E3690F4A2AA /* CDVSplashScreen.m */; };
		83DD44C97C944AB2883D7102 /* Toast.m in Sources */ = {isa = PBXBuildFile; fileRef = 296DEF26C0194FDBAD6EAA10 /* Toast.m */; };
		87593964EF6E45848E0CBEC0 /* libsqlite3.0.dylib in Frameworks */ = {isa = PBXBuildFile; fileRef = 05B2A4F0E91C4B6B9D61C373 /* libsqlite3.0.dylib */; };
		889FF2414B6545EE897CC35C /* UNIBaseRequest.m in Sources */ = {isa = PBXBuildFile; fileRef = 41EF319341B54FFF8923C237 /* UNIBaseRequest.m */; };
		91B7B9C0F2214D3AB3184A7B /* Download.m in Sources */ = {isa = PBXBuildFile; fileRef = D82953CC1C554DFCB7A881F6 /* Download.m */; };
		9455A9BB5E17410D8C3DD76F /* crc32.c in Sources */ = {isa = PBXBuildFile; fileRef = 18513193BC4B4E6AAA1844C6 /* crc32.c */; };
		946F0135211543F390A50C71 /* UniversalAnalyticsPlugin.m in Sources */ = {isa = PBXBuildFile; fileRef = FB1FF4173CBA47959464F1F7 /* UniversalAnalyticsPlugin.m */; };
		9A680B7A3C024FB29E976317 /* CDVLocalFilesystem.m in Sources */ = {isa = PBXBuildFile; fileRef = 31F0EC32BB0F451A95EF83EB /* CDVLocalFilesystem.m */; };
		9D3FF7F309BC4326A5BDED66 /* Storekit.framework in Frameworks */ = {isa = PBXBuildFile; fileRef = BF3758B3074E436FBB07B773 /* Storekit.framework */; };
		9F37EE0C47814ED8B2E82A33 /* UNIHTTPRequestWithBody.m in Sources */ = {isa = PBXBuildFile; fileRef = 89A66D63456E4555B8F8135F /* UNIHTTPRequestWithBody.m */; };
		A97D289A925444B18E72A6E7 /* inflate.c in Sources */ = {isa = PBXBuildFile; fileRef = F079805974DC4E35ADEDFC6F /* inflate.c */; };
		BA8949150341463B888BAB9E /* QuartzCore.framework in Frameworks */ = {isa = PBXBuildFile; fileRef = 702C22F83557413989E84AEC /* QuartzCore.framework */; };
		BD6CCC5788E3473CB0C2344E /* compress.c in Sources */ = {isa = PBXBuildFile; fileRef = BC5ED10601D74236A5E0478A /* compress.c */; };
		BF3CD029B78C458F8990127D /* UNIHTTPResponse.m in Sources */ = {isa = PBXBuildFile; fileRef = 89BA8FE8C35A4FE3BB9B03CF /* UNIHTTPResponse.m */; };
		C20910212C2B4F19A5F572D0 /* gzclose.c in Sources */ = {isa = PBXBuildFile; fileRef = 85328BB6177C45BEB4886DFC /* gzclose.c */; };
		CA058C72DBA74B5C820CC698 /* Pushwoosh in Frameworks */ = {isa = PBXBuildFile; fileRef = AFD6E08D5EAC4A0A9C664B96 /* Pushwoosh */; };
		CDF92ED1B04947A78F52418A /* IonicConstant.m in Sources */ = {isa = PBXBuildFile; fileRef = DD463230D6314378B42820A6 /* IonicConstant.m */; };
		CF59398FC8B042109CD7411F /* gzlib.c in Sources */ = {isa = PBXBuildFile; fileRef = 1E68F596F6274463A528532F /* gzlib.c */; };
		CF71943232614F5DA8829AA1 /* PushNotification.m in Sources */ = {isa = PBXBuildFile; fileRef = D0E06D11F528463F8832C48F /* PushNotification.m */; };
		CF78DD46562F4550BB3C7393 /* IonicKeyboard.m in Sources */ = {isa = PBXBuildFile; fileRef = 5B0232C27F924030A36F9E92 /* IonicKeyboard.m */; };
		D2980A46D2C54F3C9A16FC5B /* inftrees.c in Sources */ = {isa = PBXBuildFile; fileRef = 9CB17CB694064596A510F703 /* inftrees.c */; };
		D4A0D8761607E02300AEF8BB /* Default-568h@2x~iphone.png in Resources */ = {isa = PBXBuildFile; fileRef = D4A0D8751607E02300AEF8BB /* Default-568h@2x~iphone.png */; };
		E33CDFD460804F5894F5AA36 /* UNIBodyRequest.m in Sources */ = {isa = PBXBuildFile; fileRef = 89C52D79CD1E4EA8BB7D0094 /* UNIBodyRequest.m */; };
		E395D4AABE2B47D3B5E8B5C8 /* trees.c in Sources */ = {isa = PBXBuildFile; fileRef = 389DE0F513D1470FB4B48D26 /* trees.c */; };
		E448C54B936C40B1B53245D9 /* UNIHTTPStringResponse.m in Sources */ = {isa = PBXBuildFile; fileRef = 8E98A58D0B36464FAA110333 /* UNIHTTPStringResponse.m */; };
		E835C48BB7164CFFAA53DC67 /* IonicDeploy.m in Sources */ = {isa = PBXBuildFile; fileRef = E325C2039E6B4ECC817670C6 /* IonicDeploy.m */; };
		E83DD65EFDFB404198306D3D /* DownloadManager.m in Sources */ = {isa = PBXBuildFile; fileRef = AA9A0DB8C7EB488C846119A1 /* DownloadManager.m */; };
		EBA93927CB2F4185A5BF3BDA /* CoreLocation.framework in Frameworks */ = {isa = PBXBuildFile; fileRef = 2F17D07C40A84C028A55488B /* CoreLocation.framework */; };
		EC90916F652C4315BA6D5DC3 /* CDVLogger.m in Sources */ = {isa = PBXBuildFile; fileRef = 33C49D4D079D40A5A799399B /* CDVLogger.m */; };
		FC6A05C3A393428CA2B76058 /* adler32.c in Sources */ = {isa = PBXBuildFile; fileRef = E49CC4A6579F4975A88B0C25 /* adler32.c */; };
/* End PBXBuildFile section */

/* Begin PBXContainerItemProxy section */
		301BF534109A57CC0062928A /* PBXContainerItemProxy */ = {
			isa = PBXContainerItemProxy;
			containerPortal = 301BF52D109A57CC0062928A /* CordovaLib.xcodeproj */;
			proxyType = 2;
			remoteGlobalIDString = D2AAC07E0554694100DB518D;
			remoteInfo = CordovaLib;
		};
		301BF550109A68C00062928A /* PBXContainerItemProxy */ = {
			isa = PBXContainerItemProxy;
			containerPortal = 301BF52D109A57CC0062928A /* CordovaLib.xcodeproj */;
			proxyType = 1;
			remoteGlobalIDString = D2AAC07D0554694100DB518D;
			remoteInfo = CordovaLib;
		};
/* End PBXContainerItemProxy section */

/* Begin PBXFileReference section */
		0400816E594043948AA41E5D /* IonicDeploy.h */ = {isa = PBXFileReference; fileEncoding = 4; lastKnownFileType = sourcecode.c.h; name = IonicDeploy.h; path = "ionic-plugin-deploy/IonicDeploy.h"; sourceTree = "<group>"; };
		055D8B012EA64D58A771A560 /* UNIJsonNode.m */ = {isa = PBXFileReference; fileEncoding = 4; lastKnownFileType = sourcecode.c.objc; name = UNIJsonNode.m; path = "ionic-plugin-deploy/UNIJsonNode.m"; sourceTree = "<group>"; };
		05B2A4F0E91C4B6B9D61C373 /* libsqlite3.0.dylib */ = {isa = PBXFileReference; fileEncoding = 4; lastKnownFileType = "compiled.mach-o.dylib"; name = libsqlite3.0.dylib; path = usr/lib/libsqlite3.0.dylib; sourceTree = SDKROOT; };
		064CC3E911A445528474CA57 /* CDVNotification.h */ = {isa = PBXFileReference; fileEncoding = 4; lastKnownFileType = sourcecode.c.h; name = CDVNotification.h; path = org.apache.cordova.dialogs/CDVNotification.h; sourceTree = "<group>"; };
		0873D4E9DD5844A8827DA3D6 /* ioapi.h */ = {isa = PBXFileReference; fileEncoding = 4; lastKnownFileType = sourcecode.c.h; name = ioapi.h; path = "ionic-plugin-deploy/ioapi.h"; sourceTree = "<group>"; };
		0CF9FCB60F964BCBBD64D93B /* UNIHTTPClientHelper.h */ = {isa = PBXFileReference; fileEncoding = 4; lastKnownFileType = sourcecode.c.h; name = UNIHTTPClientHelper.h; path = "ionic-plugin-deploy/UNIHTTPClientHelper.h"; sourceTree = "<group>"; };
		0EB22F892B6E493FA8B8537B /* inffast.c */ = {isa = PBXFileReference; fileEncoding = 4; lastKnownFileType = unknown; name = inffast.c; path = "ionic-plugin-deploy/inffast.c"; sourceTree = "<group>"; };
		1093E6778FB74957969D6CE6 /* GAITrackedViewController.h */ = {isa = PBXFileReference; fileEncoding = 4; lastKnownFileType = sourcecode.c.h; name = GAITrackedViewController.h; path = "cordova-plugin-google-analytics/GAITrackedViewController.h"; sourceTree = "<group>"; };
		11B01F9719E94E3690F4A2AA /* CDVSplashScreen.m */ = {isa = PBXFileReference; fileEncoding = 4; lastKnownFileType = sourcecode.c.objc; name = CDVSplashScreen.m; path = "cordova-plugin-splashscreen/CDVSplashScreen.m"; sourceTree = "<group>"; };
		14FD13BAF1654C1197A25C49 /* CDVLogger.h */ = {isa = PBXFileReference; fileEncoding = 4; lastKnownFileType = sourcecode.c.h; name = CDVLogger.h; path = "cordova-plugin-console/CDVLogger.h"; sourceTree = "<group>"; };
		15D6425FB6B54DB59069121B /* UNIHTTPRequest.m */ = {isa = PBXFileReference; fileEncoding = 4; lastKnownFileType = sourcecode.c.objc; name = UNIHTTPRequest.m; path = "ionic-plugin-deploy/UNIHTTPRequest.m"; sourceTree = "<group>"; };
		179612474931469E848165CF /* UNIHTTPRequest.h */ = {isa = PBXFileReference; fileEncoding = 4; lastKnownFileType = sourcecode.c.h; name = UNIHTTPRequest.h; path = "ionic-plugin-deploy/UNIHTTPRequest.h"; sourceTree = "<group>"; };
		18513193BC4B4E6AAA1844C6 /* crc32.c */ = {isa = PBXFileReference; fileEncoding = 4; lastKnownFileType = unknown; name = crc32.c; path = "ionic-plugin-deploy/crc32.c"; sourceTree = "<group>"; };
		1C4F415CB6AC4F33B1A89112 /* GAIFields.h */ = {isa = PBXFileReference; fileEncoding = 4; lastKnownFileType = sourcecode.c.h; name = GAIFields.h; path = "cordova-plugin-google-analytics/GAIFields.h"; sourceTree = "<group>"; };
		1D013411CF7741A99E89C6A2 /* UNISimpleRequest.h */ = {isa = PBXFileReference; fileEncoding = 4; lastKnownFileType = sourcecode.c.h; name = UNISimpleRequest.h; path = "ionic-plugin-deploy/UNISimpleRequest.h"; sourceTree = "<group>"; };
		1D3623240D0F684500981E51 /* AppDelegate.h */ = {isa = PBXFileReference; fileEncoding = 4; lastKnownFileType = sourcecode.c.h; path = AppDelegate.h; sourceTree = "<group>"; };
		1D3623250D0F684500981E51 /* AppDelegate.m */ = {isa = PBXFileReference; fileEncoding = 4; lastKnownFileType = sourcecode.c.objc; path = AppDelegate.m; sourceTree = "<group>"; };
		1D6058910D05DD3D006BFB54 /* تعاوني الحفر.app */ = {isa = PBXFileReference; explicitFileType = wrapper.application; includeInIndex = 0; path = "تعاوني الحفر.app"; sourceTree = BUILT_PRODUCTS_DIR; };
		1E68F596F6274463A528532F /* gzlib.c */ = {isa = PBXFileReference; fileEncoding = 4; lastKnownFileType = unknown; name = gzlib.c; path = "ionic-plugin-deploy/gzlib.c"; sourceTree = "<group>"; };
		1FB95427E92B487D8D3642D4 /* GAIEcommerceProductAction.h */ = {isa = PBXFileReference; fileEncoding = 4; lastKnownFileType = sourcecode.c.h; name = GAIEcommerceProductAction.h; path = "cordova-plugin-google-analytics/GAIEcommerceProductAction.h"; sourceTree = "<group>"; };
		20BAA18F146E43C58727EA38 /* UNISimpleRequest.m */ = {isa = PBXFileReference; fileEncoding = 4; lastKnownFileType = sourcecode.c.objc; name = UNISimpleRequest.m; path = "ionic-plugin-deploy/UNISimpleRequest.m"; sourceTree = "<group>"; };
		21A93CD7ACB54608B547B18D /* CDVFile.m */ = {isa = PBXFileReference; fileEncoding = 4; lastKnownFileType = sourcecode.c.objc; name = CDVFile.m; path = org.apache.cordova.file/CDVFile.m; sourceTree = "<group>"; };
		21D10CBF33754C24AAB9D239 /* UNIHTTPJsonResponse.h */ = {isa = PBXFileReference; fileEncoding = 4; lastKnownFileType = sourcecode.c.h; name = UNIHTTPJsonResponse.h; path = "ionic-plugin-deploy/UNIHTTPJsonResponse.h"; sourceTree = "<group>"; };
		2683C6A86AE6441DAF738EFE /* inflate.h */ = {isa = PBXFileReference; fileEncoding = 4; lastKnownFileType = sourcecode.c.h; name = inflate.h; path = "ionic-plugin-deploy/inflate.h"; sourceTree = "<group>"; };
		288765FC0DF74451002DB57D /* CoreGraphics.framework */ = {isa = PBXFileReference; lastKnownFileType = wrapper.framework; name = CoreGraphics.framework; path = System/Library/Frameworks/CoreGraphics.framework; sourceTree = SDKROOT; };
		296DEF26C0194FDBAD6EAA10 /* Toast.m */ = {isa = PBXFileReference; fileEncoding = 4; lastKnownFileType = sourcecode.c.objc; name = Toast.m; path = "nl.x-services.plugins.toast/Toast.m"; sourceTree = "<group>"; };
		29B97316FDCFA39411CA2CEA /* main.m */ = {isa = PBXFileReference; fileEncoding = 4; lastKnownFileType = sourcecode.c.objc; path = main.m; sourceTree = "<group>"; };
		2F17D07C40A84C028A55488B /* CoreLocation.framework */ = {isa = PBXFileReference; fileEncoding = 4; lastKnownFileType = wrapper.framework; name = CoreLocation.framework; path = System/Library/Frameworks/CoreLocation.framework; sourceTree = SDKROOT; };
		301BF52D109A57CC0062928A /* CordovaLib.xcodeproj */ = {isa = PBXFileReference; lastKnownFileType = "wrapper.pb-project"; name = CordovaLib.xcodeproj; path = CordovaLib/CordovaLib.xcodeproj; sourceTree = "<group>"; };
		301BF56E109A69640062928A /* www */ = {isa = PBXFileReference; lastKnownFileType = folder; path = www; sourceTree = SOURCE_ROOT; };
		302D95EE14D2391D003F00A1 /* MainViewController.h */ = {isa = PBXFileReference; fileEncoding = 4; lastKnownFileType = sourcecode.c.h; path = MainViewController.h; sourceTree = "<group>"; };
		302D95EF14D2391D003F00A1 /* MainViewController.m */ = {isa = PBXFileReference; fileEncoding = 4; lastKnownFileType = sourcecode.c.objc; path = MainViewController.m; sourceTree = "<group>"; };
		302D95F014D2391D003F00A1 /* MainViewController.xib */ = {isa = PBXFileReference; fileEncoding = 4; lastKnownFileType = file.xib; path = MainViewController.xib; sourceTree = "<group>"; };
		305D5FD0115AB8F900A74A75 /* MobileCoreServices.framework */ = {isa = PBXFileReference; lastKnownFileType = wrapper.framework; name = MobileCoreServices.framework; path = System/Library/Frameworks/MobileCoreServices.framework; sourceTree = SDKROOT; };
		3088BBB7154F3926009F9C59 /* Default-Landscape@2x~ipad.png */ = {isa = PBXFileReference; lastKnownFileType = image.png; path = "Default-Landscape@2x~ipad.png"; sourceTree = "<group>"; };
		3088BBB8154F3926009F9C59 /* Default-Landscape~ipad.png */ = {isa = PBXFileReference; lastKnownFileType = image.png; path = "Default-Landscape~ipad.png"; sourceTree = "<group>"; };
		3088BBB9154F3926009F9C59 /* Default-Portrait@2x~ipad.png */ = {isa = PBXFileReference; lastKnownFileType = image.png; path = "Default-Portrait@2x~ipad.png"; sourceTree = "<group>"; };
		3088BBBA154F3926009F9C59 /* Default-Portrait~ipad.png */ = {isa = PBXFileReference; lastKnownFileType = image.png; path = "Default-Portrait~ipad.png"; sourceTree = "<group>"; };
		3088BBBB154F3926009F9C59 /* Default@2x~iphone.png */ = {isa = PBXFileReference; lastKnownFileType = image.png; path = "Default@2x~iphone.png"; sourceTree = "<group>"; };
		3088BBBC154F3926009F9C59 /* Default~iphone.png */ = {isa = PBXFileReference; lastKnownFileType = image.png; path = "Default~iphone.png"; sourceTree = "<group>"; };
		308D052E1370CCF300D202BF /* icon-72.png */ = {isa = PBXFileReference; lastKnownFileType = image.png; path = "icon-72.png"; sourceTree = "<group>"; };
		308D052F1370CCF300D202BF /* icon.png */ = {isa = PBXFileReference; lastKnownFileType = image.png; path = icon.png; sourceTree = "<group>"; };
		308D05301370CCF300D202BF /* icon@2x.png */ = {isa = PBXFileReference; lastKnownFileType = image.png; path = "icon@2x.png"; sourceTree = "<group>"; };
		30B4F2FD19D5E07200D9F7D8 /* Default-667h.png */ = {isa = PBXFileReference; lastKnownFileType = image.png; path = "Default-667h.png"; sourceTree = "<group>"; };
		30B4F2FE19D5E07200D9F7D8 /* Default-736h.png */ = {isa = PBXFileReference; lastKnownFileType = image.png; path = "Default-736h.png"; sourceTree = "<group>"; };
		30B4F2FF19D5E07200D9F7D8 /* Default-Landscape-736h.png */ = {isa = PBXFileReference; lastKnownFileType = image.png; path = "Default-Landscape-736h.png"; sourceTree = "<group>"; };
		30C1856519D5FC0A00212699 /* icon-60@3x.png */ = {isa = PBXFileReference; lastKnownFileType = image.png; path = "icon-60@3x.png"; sourceTree = "<group>"; };
		30FC414816E50CA1004E6F35 /* icon-72@2x.png */ = {isa = PBXFileReference; lastKnownFileType = image.png; path = "icon-72@2x.png"; sourceTree = "<group>"; };
		31F0EC32BB0F451A95EF83EB /* CDVLocalFilesystem.m */ = {isa = PBXFileReference; fileEncoding = 4; lastKnownFileType = sourcecode.c.objc; name = CDVLocalFilesystem.m; path = org.apache.cordova.file/CDVLocalFilesystem.m; sourceTree = "<group>"; };
		3272A5DC74E844169E8EDD7C /* UNIUrlConnection.m */ = {isa = PBXFileReference; fileEncoding = 4; lastKnownFileType = sourcecode.c.objc; name = UNIUrlConnection.m; path = "ionic-plugin-deploy/UNIUrlConnection.m"; sourceTree = "<group>"; };
		32CA4F630368D1EE00C91783 /* تعاوني الحفر-Prefix.pch */ = {isa = PBXFileReference; fileEncoding = 4; lastKnownFileType = sourcecode.c.h; path = "تعاوني الحفر-Prefix.pch"; sourceTree = "<group>"; };
		33C49D4D079D40A5A799399B /* CDVLogger.m */ = {isa = PBXFileReference; fileEncoding = 4; lastKnownFileType = sourcecode.c.objc; name = CDVLogger.m; path = "cordova-plugin-console/CDVLogger.m"; sourceTree = "<group>"; };
		37E832471C6A7A4200CBBC89 /* تعاوني الحفر.entitlements */ = {isa = PBXFileReference; lastKnownFileType = text.xml; name = "تعاوني الحفر.entitlements"; path = "تعاوني الحفر/تعاوني الحفر.entitlements"; sourceTree = "<group>"; };
		389DE0F513D1470FB4B48D26 /* trees.c */ = {isa = PBXFileReference; fileEncoding = 4; lastKnownFileType = unknown; name = trees.c; path = "ionic-plugin-deploy/trees.c"; sourceTree = "<group>"; };
		41EF319341B54FFF8923C237 /* UNIBaseRequest.m */ = {isa = PBXFileReference; fileEncoding = 4; lastKnownFileType = sourcecode.c.objc; name = UNIBaseRequest.m; path = "ionic-plugin-deploy/UNIBaseRequest.m"; sourceTree = "<group>"; };
		4316F7221A8C422F9D2834A7 /* GAIEcommercePromotion.h */ = {isa = PBXFileReference; fileEncoding = 4; lastKnownFileType = sourcecode.c.h; name = GAIEcommercePromotion.h; path = "cordova-plugin-google-analytics/GAIEcommercePromotion.h"; sourceTree = "<group>"; };
		43A678C35E2C4132A14056A5 /* libGoogleAnalyticsServices.a */ = {isa = PBXFileReference; fileEncoding = 4; lastKnownFileType = archive.ar; name = libGoogleAnalyticsServices.a; path = "تعاوني الحفر/Plugins/cordova-plugin-google-analytics/libGoogleAnalyticsServices.a"; sourceTree = "<group>"; };
		460DEAB258784B5BB74F2094 /* inftrees.h */ = {isa = PBXFileReference; fileEncoding = 4; lastKnownFileType = sourcecode.c.h; name = inftrees.h; path = "ionic-plugin-deploy/inftrees.h"; sourceTree = "<group>"; };
		4A136855F4484B08921474DE /* GAILogger.h */ = {isa = PBXFileReference; fileEncoding = 4; lastKnownFileType = sourcecode.c.h; name = GAILogger.h; path = "cordova-plugin-google-analytics/GAILogger.h"; sourceTree = "<group>"; };
		4B65C2FD6CB945228FC4B070 /* zconf.h */ = {isa = PBXFileReference; fileEncoding = 4; lastKnownFileType = sourcecode.c.h; name = zconf.h; path = "ionic-plugin-deploy/zconf.h"; sourceTree = "<group>"; };
		4B9099DE2691484489EDE348 /* SSZipArchive.h */ = {isa = PBXFileReference; fileEncoding = 4; lastKnownFileType = sourcecode.c.h; name = SSZipArchive.h; path = "ionic-plugin-deploy/SSZipArchive.h"; sourceTree = "<group>"; };
		4BB85E2766AD4047804761A5 /* Toast+UIView.h */ = {isa = PBXFileReference; fileEncoding = 4; lastKnownFileType = sourcecode.c.h; name = "Toast+UIView.h"; path = "nl.x-services.plugins.toast/Toast+UIView.h"; sourceTree = "<group>"; };
		4DF8FFB2AF32471FBCD04FC8 /* infback.c */ = {isa = PBXFileReference; fileEncoding = 4; lastKnownFileType = unknown; name = infback.c; path = "ionic-plugin-deploy/infback.c"; sourceTree = "<group>"; };
		5414D24870714AB2970BC31D /* CDVAssetLibraryFilesystem.h */ = {isa = PBXFileReference; fileEncoding = 4; lastKnownFileType = sourcecode.c.h; name = CDVAssetLibraryFilesystem.h; path = org.apache.cordova.file/CDVAssetLibraryFilesystem.h; sourceTree = "<group>"; };
		56E922BE85E9479985372E0D /* GAIEcommerceFields.h */ = {isa = PBXFileReference; fileEncoding = 4; lastKnownFileType = sourcecode.c.h; name = GAIEcommerceFields.h; path = "cordova-plugin-google-analytics/GAIEcommerceFields.h"; sourceTree = "<group>"; };
		56F977C78A534443BED78C16 /* zip.c */ = {isa = PBXFileReference; fileEncoding = 4; lastKnownFileType = unknown; name = zip.c; path = "ionic-plugin-deploy/zip.c"; sourceTree = "<group>"; };
		5703A418D6E54CB38584928A /* CDVSplashScreen.h */ = {isa = PBXFileReference; fileEncoding = 4; lastKnownFileType = sourcecode.c.h; name = CDVSplashScreen.h; path = "cordova-plugin-splashscreen/CDVSplashScreen.h"; sourceTree = "<group>"; };
		5961BACB6B0E44DBA7325A4E /* zlib.h */ = {isa = PBXFileReference; fileEncoding = 4; lastKnownFileType = sourcecode.c.h; name = zlib.h; path = "ionic-plugin-deploy/zlib.h"; sourceTree = "<group>"; };
		5B0232C27F924030A36F9E92 /* IonicKeyboard.m */ = {isa = PBXFileReference; fileEncoding = 4; lastKnownFileType = sourcecode.c.objc; name = IonicKeyboard.m; path = com.ionic.keyboard/IonicKeyboard.m; sourceTree = "<group>"; };
		5B1594DC16A7569C00FEF299 /* AssetsLibrary.framework */ = {isa = PBXFileReference; lastKnownFileType = wrapper.framework; name = AssetsLibrary.framework; path = System/Library/Frameworks/AssetsLibrary.framework; sourceTree = SDKROOT; };
		5D5446BF32924999B3C7247C /* UIWebViewExtension.h */ = {isa = PBXFileReference; fileEncoding = 4; lastKnownFileType = sourcecode.c.h; name = UIWebViewExtension.h; path = com.ionic.keyboard/UIWebViewExtension.h; sourceTree = "<group>"; };
		5E614F7B863D4C7FACF03B84 /* CDVFile.h */ = {isa = PBXFileReference; fileEncoding = 4; lastKnownFileType = sourcecode.c.h; name = CDVFile.h; path = org.apache.cordova.file/CDVFile.h; sourceTree = "<group>"; };
		6B412532CFEA419FB822DFA3 /* UNIRest.h */ = {isa = PBXFileReference; fileEncoding = 4; lastKnownFileType = sourcecode.c.h; name = UNIRest.h; path = "ionic-plugin-deploy/UNIRest.h"; sourceTree = "<group>"; };
		6C68F38D02244C47A4A4B243 /* IonicConstant.h */ = {isa = PBXFileReference; fileEncoding = 4; lastKnownFileType = sourcecode.c.h; name = IonicConstant.h; path = "ionic-plugin-deploy/IonicConstant.h"; sourceTree = "<group>"; };
		6C77E31568EA451AB14B7754 /* Base64.m */ = {isa = PBXFileReference; fileEncoding = 4; lastKnownFileType = sourcecode.c.objc; name = Base64.m; path = "ionic-plugin-deploy/Base64.m"; sourceTree = "<group>"; };
		702C22F83557413989E84AEC /* QuartzCore.framework */ = {isa = PBXFileReference; fileEncoding = 4; lastKnownFileType = wrapper.framework; name = QuartzCore.framework; path = System/Library/Frameworks/QuartzCore.framework; sourceTree = SDKROOT; };
		71948846DB454337B8E52F92 /* GAITracker.h */ = {isa = PBXFileReference; fileEncoding = 4; lastKnownFileType = sourcecode.c.h; name = GAITracker.h; path = "cordova-plugin-google-analytics/GAITracker.h"; sourceTree = "<group>"; };
		7261A900AC064F97A56DD593 /* libz.dylib */ = {isa = PBXFileReference; fileEncoding = 4; lastKnownFileType = "compiled.mach-o.dylib"; name = libz.dylib; path = usr/lib/libz.dylib; sourceTree = SDKROOT; };
		756D05DB4CDE460FADB5BA22 /* inffixed.h */ = {isa = PBXFileReference; fileEncoding = 4; lastKnownFileType = sourcecode.c.h; name = inffixed.h; path = "ionic-plugin-deploy/inffixed.h"; sourceTree = "<group>"; };
		75CAC2B107B64E4DA0309E70 /* PushNotificationManager.h */ = {isa = PBXFileReference; fileEncoding = 4; lastKnownFileType = sourcecode.c.h; name = PushNotificationManager.h; path = com.pushwoosh.plugins.pushwoosh/ios/PushNotificationManager.h; sourceTree = "<group>"; };
		779B57A616A745C293E59B85 /* deflate.h */ = {isa = PBXFileReference; fileEncoding = 4; lastKnownFileType = sourcecode.c.h; name = deflate.h; path = "ionic-plugin-deploy/deflate.h"; sourceTree = "<group>"; };
		780E2552F6904F7EB96E884E /* UNIHTTPJsonResponse.m */ = {isa = PBXFileReference; fileEncoding = 4; lastKnownFileType = sourcecode.c.objc; name = UNIHTTPJsonResponse.m; path = "ionic-plugin-deploy/UNIHTTPJsonResponse.m"; sourceTree = "<group>"; };
		78D0E829A7434D3DB9BB3A56 /* UNIRest.m */ = {isa = PBXFileReference; fileEncoding = 4; lastKnownFileType = sourcecode.c.objc; name = UNIRest.m; path = "ionic-plugin-deploy/UNIRest.m"; sourceTree = "<group>"; };
		790B16AE8B92449CAC33D3BF /* CDVNotification.bundle */ = {isa = PBXFileReference; lastKnownFileType = "wrapper.plug-in"; path = CDVNotification.bundle; sourceTree = "<group>"; };
		791AAB758BC1407F9908ED90 /* CDVDevice.h */ = {isa = PBXFileReference; fileEncoding = 4; lastKnownFileType = sourcecode.c.h; name = CDVDevice.h; path = "cordova-plugin-device/CDVDevice.h"; sourceTree = "<group>"; };
		7950E887C21F4EECACE7BE4C /* UNIBodyRequest.h */ = {isa = PBXFileReference; fileEncoding = 4; lastKnownFileType = sourcecode.c.h; name = UNIBodyRequest.h; path = "ionic-plugin-deploy/UNIBodyRequest.h"; sourceTree = "<group>"; };
		7C1010D6DD6443E5A1241158 /* CDVLocalFilesystem.h */ = {isa = PBXFileReference; fileEncoding = 4; lastKnownFileType = sourcecode.c.h; name = CDVLocalFilesystem.h; path = org.apache.cordova.file/CDVLocalFilesystem.h; sourceTree = "<group>"; };
		7E410A2727EA43228CE5BE39 /* GAI.h */ = {isa = PBXFileReference; fileEncoding = 4; lastKnownFileType = sourcecode.c.h; name = GAI.h; path = "cordova-plugin-google-analytics/GAI.h"; sourceTree = "<group>"; };
		7E7966D41810823500FA85AD /* icon-40.png */ = {isa = PBXFileReference; lastKnownFileType = image.png; path = "icon-40.png"; sourceTree = "<group>"; };
		7E7966D51810823500FA85AD /* icon-40@2x.png */ = {isa = PBXFileReference; lastKnownFileType = image.png; path = "icon-40@2x.png"; sourceTree = "<group>"; };
		7E7966D61810823500FA85AD /* icon-50.png */ = {isa = PBXFileReference; lastKnownFileType = image.png; path = "icon-50.png"; sourceTree = "<group>"; };
		7E7966D71810823500FA85AD /* icon-50@2x.png */ = {isa = PBXFileReference; lastKnownFileType = image.png; path = "icon-50@2x.png"; sourceTree = "<group>"; };
		7E7966D81810823500FA85AD /* icon-60.png */ = {isa = PBXFileReference; lastKnownFileType = image.png; path = "icon-60.png"; sourceTree = "<group>"; };
		7E7966D91810823500FA85AD /* icon-60@2x.png */ = {isa = PBXFileReference; lastKnownFileType = image.png; path = "icon-60@2x.png"; sourceTree = "<group>"; };
		7E7966DA1810823500FA85AD /* icon-76.png */ = {isa = PBXFileReference; lastKnownFileType = image.png; path = "icon-76.png"; sourceTree = "<group>"; };
		7E7966DB1810823500FA85AD /* icon-76@2x.png */ = {isa = PBXFileReference; lastKnownFileType = image.png; path = "icon-76@2x.png"; sourceTree = "<group>"; };
		7E7966DC1810823500FA85AD /* icon-small.png */ = {isa = PBXFileReference; lastKnownFileType = image.png; path = "icon-small.png"; sourceTree = "<group>"; };
		7E7966DD1810823500FA85AD /* icon-small@2x.png */ = {isa = PBXFileReference; lastKnownFileType = image.png; path = "icon-small@2x.png"; sourceTree = "<group>"; };
		817CF94A70FA4E4082386403 /* Download.h */ = {isa = PBXFileReference; fileEncoding = 4; lastKnownFileType = sourcecode.c.h; name = Download.h; path = "ionic-plugin-deploy/Download.h"; sourceTree = "<group>"; };
		8282C6CC7BA645DEA3315350 /* AudioToolbox.framework */ = {isa = PBXFileReference; fileEncoding = 4; lastKnownFileType = wrapper.framework; name = AudioToolbox.framework; path = System/Library/Frameworks/AudioToolbox.framework; sourceTree = SDKROOT; };
		84FE7393C1574EF28E777647 /* UNIJsonNode.h */ = {isa = PBXFileReference; fileEncoding = 4; lastKnownFileType = sourcecode.c.h; name = UNIJsonNode.h; path = "ionic-plugin-deploy/UNIJsonNode.h"; sourceTree = "<group>"; };
		85328BB6177C45BEB4886DFC /* gzclose.c */ = {isa = PBXFileReference; fileEncoding = 4; lastKnownFileType = unknown; name = gzclose.c; path = "ionic-plugin-deploy/gzclose.c"; sourceTree = "<group>"; };
		857A849FF6C54FA8A9C5CEFD /* ioapi.c */ = {isa = PBXFileReference; fileEncoding = 4; lastKnownFileType = unknown; name = ioapi.c; path = "ionic-plugin-deploy/ioapi.c"; sourceTree = "<group>"; };
		89A66D63456E4555B8F8135F /* UNIHTTPRequestWithBody.m */ = {isa = PBXFileReference; fileEncoding = 4; lastKnownFileType = sourcecode.c.objc; name = UNIHTTPRequestWithBody.m; path = "ionic-plugin-deploy/UNIHTTPRequestWithBody.m"; sourceTree = "<group>"; };
		89BA8FE8C35A4FE3BB9B03CF /* UNIHTTPResponse.m */ = {isa = PBXFileReference; fileEncoding = 4; lastKnownFileType = sourcecode.c.objc; name = UNIHTTPResponse.m; path = "ionic-plugin-deploy/UNIHTTPResponse.m"; sourceTree = "<group>"; };
		89C52D79CD1E4EA8BB7D0094 /* UNIBodyRequest.m */ = {isa = PBXFileReference; fileEncoding = 4; lastKnownFileType = sourcecode.c.objc; name = UNIBodyRequest.m; path = "ionic-plugin-deploy/UNIBodyRequest.m"; sourceTree = "<group>"; };
		8D1107310486CEB800E47090 /* تعاوني الحفر-Info.plist */ = {isa = PBXFileReference; fileEncoding = 4; lastKnownFileType = text.plist.xml; name = "تعاوني الحفر-Info.plist"; path = "../تعاوني الحفر-Info.plist"; plistStructureDefinitionIdentifier = "com.apple.xcode.plist.structure-definition.iphone.info-plist"; sourceTree = "<group>"; };
		8D139D0A9FD044E393D987DA /* zip.h */ = {isa = PBXFileReference; fileEncoding = 4; lastKnownFileType = sourcecode.c.h; name = zip.h; path = "ionic-plugin-deploy/zip.h"; sourceTree = "<group>"; };
		8E98A58D0B36464FAA110333 /* UNIHTTPStringResponse.m */ = {isa = PBXFileReference; fileEncoding = 4; lastKnownFileType = sourcecode.c.objc; name = UNIHTTPStringResponse.m; path = "ionic-plugin-deploy/UNIHTTPStringResponse.m"; sourceTree = "<group>"; };
		90F693D4189243DDB994FFAB /* DownloadManager.h */ = {isa = PBXFileReference; fileEncoding = 4; lastKnownFileType = sourcecode.c.h; name = DownloadManager.h; path = "ionic-plugin-deploy/DownloadManager.h"; sourceTree = "<group>"; };
		94DAC80CC3DE42B2B04D3214 /* CDVDevice.m */ = {isa = PBXFileReference; fileEncoding = 4; lastKnownFileType = sourcecode.c.objc; name = CDVDevice.m; path = "cordova-plugin-device/CDVDevice.m"; sourceTree = "<group>"; };
		9553625E1D1947F8B7970254 /* unzip.c */ = {isa = PBXFileReference; fileEncoding = 4; lastKnownFileType = unknown; name = unzip.c; path = "ionic-plugin-deploy/unzip.c"; sourceTree = "<group>"; };
		96900475E87B49FE88541D2F /* UNIBaseRequest.h */ = {isa = PBXFileReference; fileEncoding = 4; lastKnownFileType = sourcecode.c.h; name = UNIBaseRequest.h; path = "ionic-plugin-deploy/UNIBaseRequest.h"; sourceTree = "<group>"; };
		9A2D3091E34E41A49385CE10 /* UNIUrlConnection.h */ = {isa = PBXFileReference; fileEncoding = 4; lastKnownFileType = sourcecode.c.h; name = UNIUrlConnection.h; path = "ionic-plugin-deploy/UNIUrlConnection.h"; sourceTree = "<group>"; };
		9AE5867D4CF845358EE39AAF /* ARCHelper.h */ = {isa = PBXFileReference; fileEncoding = 4; lastKnownFileType = sourcecode.c.h; name = ARCHelper.h; path = "ionic-plugin-deploy/ARCHelper.h"; sourceTree = "<group>"; };
		9CB17CB694064596A510F703 /* inftrees.c */ = {isa = PBXFileReference; fileEncoding = 4; lastKnownFileType = unknown; name = inftrees.c; path = "ionic-plugin-deploy/inftrees.c"; sourceTree = "<group>"; };
		9E9528B129C24A85B4813B00 /* Toast.h */ = {isa = PBXFileReference; fileEncoding = 4; lastKnownFileType = sourcecode.c.h; name = Toast.h; path = "nl.x-services.plugins.toast/Toast.h"; sourceTree = "<group>"; };
		9F339164EE52424894845215 /* inffast.h */ = {isa = PBXFileReference; fileEncoding = 4; lastKnownFileType = sourcecode.c.h; name = inffast.h; path = "ionic-plugin-deploy/inffast.h"; sourceTree = "<group>"; };
		A358387119DF434782337A78 /* trees.h */ = {isa = PBXFileReference; fileEncoding = 4; lastKnownFileType = sourcecode.c.h; name = trees.h; path = "ionic-plugin-deploy/trees.h"; sourceTree = "<group>"; };
		A439D28FAD5141E0A92255C0 /* zutil.h */ = {isa = PBXFileReference; fileEncoding = 4; lastKnownFileType = sourcecode.c.h; name = zutil.h; path = "ionic-plugin-deploy/zutil.h"; sourceTree = "<group>"; };
		A628F84F525344549D60F3CC /* Unirest-Prefix.pch */ = {isa = PBXFileReference; fileEncoding = 4; lastKnownFileType = unknown; name = "Unirest-Prefix.pch"; path = "ionic-plugin-deploy/Unirest-Prefix.pch"; sourceTree = "<group>"; };
		AA9A0DB8C7EB488C846119A1 /* DownloadManager.m */ = {isa = PBXFileReference; fileEncoding = 4; lastKnownFileType = sourcecode.c.objc; name = DownloadManager.m; path = "ionic-plugin-deploy/DownloadManager.m"; sourceTree = "<group>"; };
		ACEFF1ECDA0E43D7910F2801 /* UniversalAnalyticsPlugin.h */ = {isa = PBXFileReference; fileEncoding = 4; lastKnownFileType = sourcecode.c.h; name = UniversalAnalyticsPlugin.h; path = "cordova-plugin-google-analytics/UniversalAnalyticsPlugin.h"; sourceTree = "<group>"; };
		AF944E7C0E1E4BD0A5BAEB0A /* SSZipArchive.m */ = {isa = PBXFileReference; fileEncoding = 4; lastKnownFileType = sourcecode.c.objc; name = SSZipArchive.m; path = "ionic-plugin-deploy/SSZipArchive.m"; sourceTree = "<group>"; };
		AFD6E08D5EAC4A0A9C664B96 /* Pushwoosh */ = {isa = PBXFileReference; fileEncoding = 4; lastKnownFileType = unknown; name = Pushwoosh; path = "تعاوني الحفر/Plugins/com.pushwoosh.plugins.pushwoosh/Pushwoosh"; sourceTree = "<group>"; };
		B637556A8EE8499DB764DF89 /* deflate.c */ = {isa = PBXFileReference; fileEncoding = 4; lastKnownFileType = unknown; name = deflate.c; path = "ionic-plugin-deploy/deflate.c"; sourceTree = "<group>"; };
		B77C1C8D91124E8294F2BCE0 /* UNIHTTPStringResponse.h */ = {isa = PBXFileReference; fileEncoding = 4; lastKnownFileType = sourcecode.c.h; name = UNIHTTPStringResponse.h; path = "ionic-plugin-deploy/UNIHTTPStringResponse.h"; sourceTree = "<group>"; };
		B856C71102F0423DB21EDE4C /* UNIHTTPRequestWithBody.h */ = {isa = PBXFileReference; fileEncoding = 4; lastKnownFileType = sourcecode.c.h; name = UNIHTTPRequestWithBody.h; path = "ionic-plugin-deploy/UNIHTTPRequestWithBody.h"; sourceTree = "<group>"; };
		BB7E9EE652344F449F2EAFD8 /* Base64.h */ = {isa = PBXFileReference; fileEncoding = 4; lastKnownFileType = sourcecode.c.h; name = Base64.h; path = "ionic-plugin-deploy/Base64.h"; sourceTree = "<group>"; };
		BBE6C7AC20B847DEA62075E6 /* libstdc++.dylib */ = {isa = PBXFileReference; fileEncoding = 4; lastKnownFileType = "compiled.mach-o.dylib"; name = "libstdc++.dylib"; path = "usr/lib/libstdc++.dylib"; sourceTree = SDKROOT; };
		BC5ED10601D74236A5E0478A /* compress.c */ = {isa = PBXFileReference; fileEncoding = 4; lastKnownFileType = unknown; name = compress.c; path = "ionic-plugin-deploy/compress.c"; sourceTree = "<group>"; };
		BC8691ACF7864DE5B874652F /* CDVSound.h */ = {isa = PBXFileReference; fileEncoding = 4; lastKnownFileType = sourcecode.c.h; name = CDVSound.h; path = org.apache.cordova.media/CDVSound.h; sourceTree = "<group>"; };
		BE5CB0B2DAC343ECB68B57C4 /* gzwrite.c */ = {isa = PBXFileReference; fileEncoding = 4; lastKnownFileType = unknown; name = gzwrite.c; path = "ionic-plugin-deploy/gzwrite.c"; sourceTree = "<group>"; };
		BF3758B3074E436FBB07B773 /* Storekit.framework */ = {isa = PBXFileReference; fileEncoding = 4; lastKnownFileType = wrapper.framework; name = Storekit.framework; path = System/Library/Frameworks/Storekit.framework; sourceTree = SDKROOT; };
		BFADDDD83BF6458085851276 /* CDVSound.m */ = {isa = PBXFileReference; fileEncoding = 4; lastKnownFileType = sourcecode.c.objc; name = CDVSound.m; path = org.apache.cordova.media/CDVSound.m; sourceTree = "<group>"; };
		CB954E6305FC407D8EA8A994 /* crypt.h */ = {isa = PBXFileReference; fileEncoding = 4; lastKnownFileType = sourcecode.c.h; name = crypt.h; path = "ionic-plugin-deploy/crypt.h"; sourceTree = "<group>"; };
		CC1F228CA0874376B9AAA88E /* Security.framework */ = {isa = PBXFileReference; fileEncoding = 4; lastKnownFileType = wrapper.framework; name = Security.framework; path = System/Library/Frameworks/Security.framework; sourceTree = SDKROOT; };
		D0E06D11F528463F8832C48F /* PushNotification.m */ = {isa = PBXFileReference; fileEncoding = 4; lastKnownFileType = sourcecode.c.objc; name = PushNotification.m; path = com.pushwoosh.plugins.pushwoosh/ios/PushNotification.m; sourceTree = "<group>"; };
		D24995D54003497EB5130385 /* crc32.h */ = {isa = PBXFileReference; fileEncoding = 4; lastKnownFileType = sourcecode.c.h; name = crc32.h; path = "ionic-plugin-deploy/crc32.h"; sourceTree = "<group>"; };
		D4A0D8751607E02300AEF8BB /* Default-568h@2x~iphone.png */ = {isa = PBXFileReference; lastKnownFileType = image.png; path = "Default-568h@2x~iphone.png"; sourceTree = "<group>"; };
		D6FCD5E5701E4582B7099148 /* Toast+UIView.m */ = {isa = PBXFileReference; fileEncoding = 4; lastKnownFileType = sourcecode.c.objc; name = "Toast+UIView.m"; path = "nl.x-services.plugins.toast/Toast+UIView.m"; sourceTree = "<group>"; };
		D82953CC1C554DFCB7A881F6 /* Download.m */ = {isa = PBXFileReference; fileEncoding = 4; lastKnownFileType = sourcecode.c.objc; name = Download.m; path = "ionic-plugin-deploy/Download.m"; sourceTree = "<group>"; };
		DD463230D6314378B42820A6 /* IonicConstant.m */ = {isa = PBXFileReference; fileEncoding = 4; lastKnownFileType = sourcecode.c.objc; name = IonicConstant.m; path = "ionic-plugin-deploy/IonicConstant.m"; sourceTree = "<group>"; };
		DD6EF314D7FD4EEC9DAA7B89 /* GAIDictionaryBuilder.h */ = {isa = PBXFileReference; fileEncoding = 4; lastKnownFileType = sourcecode.c.h; name = GAIDictionaryBuilder.h; path = "cordova-plugin-google-analytics/GAIDictionaryBuilder.h"; sourceTree = "<group>"; };
		E13D32B18C0242EC8C61B38D /* CDVInAppBrowser.h */ = {isa = PBXFileReference; fileEncoding = 4; lastKnownFileType = sourcecode.c.h; name = CDVInAppBrowser.h; path = org.apache.cordova.inappbrowser/CDVInAppBrowser.h; sourceTree = "<group>"; };
		E1E540B9E17B4D6BAF41A010 /* IonicKeyboard.h */ = {isa = PBXFileReference; fileEncoding = 4; lastKnownFileType = sourcecode.c.h; name = IonicKeyboard.h; path = com.ionic.keyboard/IonicKeyboard.h; sourceTree = "<group>"; };
		E325C2039E6B4ECC817670C6 /* IonicDeploy.m */ = {isa = PBXFileReference; fileEncoding = 4; lastKnownFileType = sourcecode.c.objc; name = IonicDeploy.m; path = "ionic-plugin-deploy/IonicDeploy.m"; sourceTree = "<group>"; };
		E3D5405171124F609E04BE57 /* UNIHTTPBinaryResponse.h */ = {isa = PBXFileReference; fileEncoding = 4; lastKnownFileType = sourcecode.c.h; name = UNIHTTPBinaryResponse.h; path = "ionic-plugin-deploy/UNIHTTPBinaryResponse.h"; sourceTree = "<group>"; };
		E49CC4A6579F4975A88B0C25 /* adler32.c */ = {isa = PBXFileReference; fileEncoding = 4; lastKnownFileType = unknown; name = adler32.c; path = "ionic-plugin-deploy/adler32.c"; sourceTree = "<group>"; };
		E7CC3AC547BA4CC3ABC78A23 /* zutil.c */ = {isa = PBXFileReference; fileEncoding = 4; lastKnownFileType = unknown; name = zutil.c; path = "ionic-plugin-deploy/zutil.c"; sourceTree = "<group>"; };
		E8C03B43913D431A9AB9153B /* gzguts.h */ = {isa = PBXFileReference; fileEncoding = 4; lastKnownFileType = sourcecode.c.h; name = gzguts.h; path = "ionic-plugin-deploy/gzguts.h"; sourceTree = "<group>"; };
		EA0FAD23503D46E582D197CC /* gzread.c */ = {isa = PBXFileReference; fileEncoding = 4; lastKnownFileType = unknown; name = gzread.c; path = "ionic-plugin-deploy/gzread.c"; sourceTree = "<group>"; };
		EB87FDF21871DA7A0020F90C /* merges */ = {isa = PBXFileReference; lastKnownFileType = folder; name = merges; path = ../../merges; sourceTree = "<group>"; };
		EB87FDF31871DA8E0020F90C /* www */ = {isa = PBXFileReference; lastKnownFileType = folder; name = www; path = ../../www; sourceTree = "<group>"; };
		EB87FDF41871DAF40020F90C /* config.xml */ = {isa = PBXFileReference; lastKnownFileType = text.xml; name = config.xml; path = ../../config.xml; sourceTree = "<group>"; };
		EBC354E3E0DE4BDEBE50FFEC /* uncompr.c */ = {isa = PBXFileReference; fileEncoding = 4; lastKnownFileType = unknown; name = uncompr.c; path = "ionic-plugin-deploy/uncompr.c"; sourceTree = "<group>"; };
		EC03CF4A503A45209613F25C /* CoreData.framework */ = {isa = PBXFileReference; fileEncoding = 4; lastKnownFileType = wrapper.framework; name = CoreData.framework; path = System/Library/Frameworks/CoreData.framework; sourceTree = SDKROOT; };
		EC8496EFB94743F6906A0ADA /* UNIHTTPBinaryResponse.m */ = {isa = PBXFileReference; fileEncoding = 4; lastKnownFileType = sourcecode.c.objc; name = UNIHTTPBinaryResponse.m; path = "ionic-plugin-deploy/UNIHTTPBinaryResponse.m"; sourceTree = "<group>"; };
		EFEC97D000B34AEF89F18FCE /* UIWebViewExtension.m */ = {isa = PBXFileReference; fileEncoding = 4; lastKnownFileType = sourcecode.c.objc; name = UIWebViewExtension.m; path = com.ionic.keyboard/UIWebViewExtension.m; sourceTree = "<group>"; };
		F079805974DC4E35ADEDFC6F /* inflate.c */ = {isa = PBXFileReference; fileEncoding = 4; lastKnownFileType = unknown; name = inflate.c; path = "ionic-plugin-deploy/inflate.c"; sourceTree = "<group>"; };
		F0CFD391261940E5B73B45E0 /* GAIEcommerceProduct.h */ = {isa = PBXFileReference; fileEncoding = 4; lastKnownFileType = sourcecode.c.h; name = GAIEcommerceProduct.h; path = "cordova-plugin-google-analytics/GAIEcommerceProduct.h"; sourceTree = "<group>"; };
		F2FE0BD4E7B6420DB34B7A67 /* CDVAssetLibraryFilesystem.m */ = {isa = PBXFileReference; fileEncoding = 4; lastKnownFileType = sourcecode.c.objc; name = CDVAssetLibraryFilesystem.m; path = org.apache.cordova.file/CDVAssetLibraryFilesystem.m; sourceTree = "<group>"; };
		F4629CB64D7A436281443E8C /* unzip.h */ = {isa = PBXFileReference; fileEncoding = 4; lastKnownFileType = sourcecode.c.h; name = unzip.h; path = "ionic-plugin-deploy/unzip.h"; sourceTree = "<group>"; };
		F632B705053749079E3925F6 /* SystemConfiguration.framework */ = {isa = PBXFileReference; fileEncoding = 4; lastKnownFileType = wrapper.framework; name = SystemConfiguration.framework; path = System/Library/Frameworks/SystemConfiguration.framework; sourceTree = SDKROOT; };
		F68373ED53E14F6FBEE3D8C3 /* UNIHTTPResponse.h */ = {isa = PBXFileReference; fileEncoding = 4; lastKnownFileType = sourcecode.c.h; name = UNIHTTPResponse.h; path = "ionic-plugin-deploy/UNIHTTPResponse.h"; sourceTree = "<group>"; };
		F6DEAADE47C2428C85375B12 /* UNIHTTPClientHelper.m */ = {isa = PBXFileReference; fileEncoding = 4; lastKnownFileType = sourcecode.c.objc; name = UNIHTTPClientHelper.m; path = "ionic-plugin-deploy/UNIHTTPClientHelper.m"; sourceTree = "<group>"; };
		F840E1F0165FE0F500CFE078 /* config.xml */ = {isa = PBXFileReference; lastKnownFileType = text.xml; name = config.xml; path = "تعاوني الحفر/config.xml"; sourceTree = "<group>"; };
		F8FA3160E20A4F63816CB7CF /* CDVInAppBrowser.m */ = {isa = PBXFileReference; fileEncoding = 4; lastKnownFileType = sourcecode.c.objc; name = CDVInAppBrowser.m; path = org.apache.cordova.inappbrowser/CDVInAppBrowser.m; sourceTree = "<group>"; };
		FA1728486D994412A997DEA6 /* CDVNotification.m */ = {isa = PBXFileReference; fileEncoding = 4; lastKnownFileType = sourcecode.c.objc; name = CDVNotification.m; path = org.apache.cordova.dialogs/CDVNotification.m; sourceTree = "<group>"; };
		FB1FF4173CBA47959464F1F7 /* UniversalAnalyticsPlugin.m */ = {isa = PBXFileReference; fileEncoding = 4; lastKnownFileType = sourcecode.c.objc; name = UniversalAnalyticsPlugin.m; path = "cordova-plugin-google-analytics/UniversalAnalyticsPlugin.m"; sourceTree = "<group>"; };
		FF0A5A5069604842BD5503A9 /* PushNotification.h */ = {isa = PBXFileReference; fileEncoding = 4; lastKnownFileType = sourcecode.c.h; name = PushNotification.h; path = com.pushwoosh.plugins.pushwoosh/ios/PushNotification.h; sourceTree = "<group>"; };
/* End PBXFileReference section */

/* Begin PBXFrameworksBuildPhase section */
		1D60588F0D05DD3D006BFB54 /* Frameworks */ = {
			isa = PBXFrameworksBuildPhase;
			buildActionMask = 2147483647;
			files = (
				5B1594DD16A7569C00FEF299 /* AssetsLibrary.framework in Frameworks */,
				301BF552109A68D80062928A /* libCordova.a in Frameworks */,
				288765FD0DF74451002DB57D /* CoreGraphics.framework in Frameworks */,
				305D5FD1115AB8F900A74A75 /* MobileCoreServices.framework in Frameworks */,
				CA058C72DBA74B5C820CC698 /* Pushwoosh in Frameworks */,
				697E4CA00E02442EAF90BCC2 /* Security.framework in Frameworks */,
				9D3FF7F309BC4326A5BDED66 /* Storekit.framework in Frameworks */,
				EBA93927CB2F4185A5BF3BDA /* CoreLocation.framework in Frameworks */,
				23004753E9E74C5E94392AD7 /* libstdc++.dylib in Frameworks */,
				0F70C3240F624C90BA0F853F /* libz.dylib in Frameworks */,
				628A98B971BA450188356CFE /* libGoogleAnalyticsServices.a in Frameworks */,
				573D08350B384AD6BE52CCA9 /* SystemConfiguration.framework in Frameworks */,
				7E173243DE3845BD8F4BE7A2 /* CoreData.framework in Frameworks */,
				87593964EF6E45848E0CBEC0 /* libsqlite3.0.dylib in Frameworks */,
				BA8949150341463B888BAB9E /* QuartzCore.framework in Frameworks */,
				3D78FC9278AD4EFBB7456A03 /* AudioToolbox.framework in Frameworks */,
			);
			runOnlyForDeploymentPostprocessing = 0;
		};
/* End PBXFrameworksBuildPhase section */

/* Begin PBXGroup section */
		080E96DDFE201D6D7F000001 /* Classes */ = {
			isa = PBXGroup;
			children = (
				302D95EE14D2391D003F00A1 /* MainViewController.h */,
				302D95EF14D2391D003F00A1 /* MainViewController.m */,
				302D95F014D2391D003F00A1 /* MainViewController.xib */,
				1D3623240D0F684500981E51 /* AppDelegate.h */,
				1D3623250D0F684500981E51 /* AppDelegate.m */,
			);
			name = Classes;
			path = "تعاوني الحفر/Classes";
			sourceTree = SOURCE_ROOT;
		};
		19C28FACFE9D520D11CA2CBB /* Products */ = {
			isa = PBXGroup;
			children = (
				1D6058910D05DD3D006BFB54 /* تعاوني الحفر.app */,
			);
			name = Products;
			sourceTree = "<group>";
		};
		29B97314FDCFA39411CA2CEA /* CustomTemplate */ = {
			isa = PBXGroup;
			children = (
				37E832471C6A7A4200CBBC89 /* تعاوني الحفر.entitlements */,
				EB87FDF41871DAF40020F90C /* config.xml */,
				EB87FDF31871DA8E0020F90C /* www */,
				EB87FDF21871DA7A0020F90C /* merges */,
				EB87FDF11871DA420020F90C /* Staging */,
				301BF52D109A57CC0062928A /* CordovaLib.xcodeproj */,
				080E96DDFE201D6D7F000001 /* Classes */,
				307C750510C5A3420062BCA9 /* Plugins */,
				29B97315FDCFA39411CA2CEA /* Other Sources */,
				29B97317FDCFA39411CA2CEA /* Resources */,
				29B97323FDCFA39411CA2CEA /* Frameworks */,
				19C28FACFE9D520D11CA2CBB /* Products */,
			);
			name = CustomTemplate;
			sourceTree = "<group>";
		};
		29B97315FDCFA39411CA2CEA /* Other Sources */ = {
			isa = PBXGroup;
			children = (
				32CA4F630368D1EE00C91783 /* تعاوني الحفر-Prefix.pch */,
				29B97316FDCFA39411CA2CEA /* main.m */,
			);
			name = "Other Sources";
			path = "تعاوني الحفر";
			sourceTree = "<group>";
		};
		29B97317FDCFA39411CA2CEA /* Resources */ = {
			isa = PBXGroup;
			children = (
				308D052D1370CCF300D202BF /* icons */,
				308D05311370CCF300D202BF /* splash */,
				8D1107310486CEB800E47090 /* تعاوني الحفر-Info.plist */,
				790B16AE8B92449CAC33D3BF /* CDVNotification.bundle */,
			);
			name = Resources;
			path = "تعاوني الحفر/Resources";
			sourceTree = "<group>";
		};
		29B97323FDCFA39411CA2CEA /* Frameworks */ = {
			isa = PBXGroup;
			children = (
				5B1594DC16A7569C00FEF299 /* AssetsLibrary.framework */,
				288765FC0DF74451002DB57D /* CoreGraphics.framework */,
				305D5FD0115AB8F900A74A75 /* MobileCoreServices.framework */,
				AFD6E08D5EAC4A0A9C664B96 /* Pushwoosh */,
				CC1F228CA0874376B9AAA88E /* Security.framework */,
				BF3758B3074E436FBB07B773 /* Storekit.framework */,
				2F17D07C40A84C028A55488B /* CoreLocation.framework */,
				BBE6C7AC20B847DEA62075E6 /* libstdc++.dylib */,
				7261A900AC064F97A56DD593 /* libz.dylib */,
				43A678C35E2C4132A14056A5 /* libGoogleAnalyticsServices.a */,
				F632B705053749079E3925F6 /* SystemConfiguration.framework */,
				EC03CF4A503A45209613F25C /* CoreData.framework */,
				05B2A4F0E91C4B6B9D61C373 /* libsqlite3.0.dylib */,
				702C22F83557413989E84AEC /* QuartzCore.framework */,
				8282C6CC7BA645DEA3315350 /* AudioToolbox.framework */,
			);
			name = Frameworks;
			sourceTree = "<group>";
		};
		301BF52E109A57CC0062928A /* Products */ = {
			isa = PBXGroup;
			children = (
				301BF535109A57CC0062928A /* libCordova.a */,
			);
			name = Products;
			sourceTree = "<group>";
		};
		307C750510C5A3420062BCA9 /* Plugins */ = {
			isa = PBXGroup;
			children = (
				5B0232C27F924030A36F9E92 /* IonicKeyboard.m */,
				EFEC97D000B34AEF89F18FCE /* UIWebViewExtension.m */,
				E1E540B9E17B4D6BAF41A010 /* IonicKeyboard.h */,
				5D5446BF32924999B3C7247C /* UIWebViewExtension.h */,
				D0E06D11F528463F8832C48F /* PushNotification.m */,
				FF0A5A5069604842BD5503A9 /* PushNotification.h */,
				75CAC2B107B64E4DA0309E70 /* PushNotificationManager.h */,
				33C49D4D079D40A5A799399B /* CDVLogger.m */,
				14FD13BAF1654C1197A25C49 /* CDVLogger.h */,
				94DAC80CC3DE42B2B04D3214 /* CDVDevice.m */,
				791AAB758BC1407F9908ED90 /* CDVDevice.h */,
				FB1FF4173CBA47959464F1F7 /* UniversalAnalyticsPlugin.m */,
				ACEFF1ECDA0E43D7910F2801 /* UniversalAnalyticsPlugin.h */,
				DD6EF314D7FD4EEC9DAA7B89 /* GAIDictionaryBuilder.h */,
				1C4F415CB6AC4F33B1A89112 /* GAIFields.h */,
				4A136855F4484B08921474DE /* GAILogger.h */,
				1093E6778FB74957969D6CE6 /* GAITrackedViewController.h */,
				7E410A2727EA43228CE5BE39 /* GAI.h */,
				71948846DB454337B8E52F92 /* GAITracker.h */,
				56E922BE85E9479985372E0D /* GAIEcommerceFields.h */,
				F0CFD391261940E5B73B45E0 /* GAIEcommerceProduct.h */,
				1FB95427E92B487D8D3642D4 /* GAIEcommerceProductAction.h */,
				4316F7221A8C422F9D2834A7 /* GAIEcommercePromotion.h */,
				11B01F9719E94E3690F4A2AA /* CDVSplashScreen.m */,
				5703A418D6E54CB38584928A /* CDVSplashScreen.h */,
				DD463230D6314378B42820A6 /* IonicConstant.m */,
				E325C2039E6B4ECC817670C6 /* IonicDeploy.m */,
				D82953CC1C554DFCB7A881F6 /* Download.m */,
				AA9A0DB8C7EB488C846119A1 /* DownloadManager.m */,
				AF944E7C0E1E4BD0A5BAEB0A /* SSZipArchive.m */,
				857A849FF6C54FA8A9C5CEFD /* ioapi.c */,
				9553625E1D1947F8B7970254 /* unzip.c */,
				56F977C78A534443BED78C16 /* zip.c */,
				E49CC4A6579F4975A88B0C25 /* adler32.c */,
				BC5ED10601D74236A5E0478A /* compress.c */,
				18513193BC4B4E6AAA1844C6 /* crc32.c */,
				B637556A8EE8499DB764DF89 /* deflate.c */,
				85328BB6177C45BEB4886DFC /* gzclose.c */,
				1E68F596F6274463A528532F /* gzlib.c */,
				EA0FAD23503D46E582D197CC /* gzread.c */,
				BE5CB0B2DAC343ECB68B57C4 /* gzwrite.c */,
				4DF8FFB2AF32471FBCD04FC8 /* infback.c */,
				0EB22F892B6E493FA8B8537B /* inffast.c */,
				F079805974DC4E35ADEDFC6F /* inflate.c */,
				9CB17CB694064596A510F703 /* inftrees.c */,
				389DE0F513D1470FB4B48D26 /* trees.c */,
				EBC354E3E0DE4BDEBE50FFEC /* uncompr.c */,
				E7CC3AC547BA4CC3ABC78A23 /* zutil.c */,
				6C77E31568EA451AB14B7754 /* Base64.m */,
				F6DEAADE47C2428C85375B12 /* UNIHTTPClientHelper.m */,
				15D6425FB6B54DB59069121B /* UNIHTTPRequest.m */,
				89A66D63456E4555B8F8135F /* UNIHTTPRequestWithBody.m */,
				78D0E829A7434D3DB9BB3A56 /* UNIRest.m */,
				3272A5DC74E844169E8EDD7C /* UNIUrlConnection.m */,
				41EF319341B54FFF8923C237 /* UNIBaseRequest.m */,
				89C52D79CD1E4EA8BB7D0094 /* UNIBodyRequest.m */,
				20BAA18F146E43C58727EA38 /* UNISimpleRequest.m */,
				EC8496EFB94743F6906A0ADA /* UNIHTTPBinaryResponse.m */,
				780E2552F6904F7EB96E884E /* UNIHTTPJsonResponse.m */,
				89BA8FE8C35A4FE3BB9B03CF /* UNIHTTPResponse.m */,
				8E98A58D0B36464FAA110333 /* UNIHTTPStringResponse.m */,
				055D8B012EA64D58A771A560 /* UNIJsonNode.m */,
				6C68F38D02244C47A4A4B243 /* IonicConstant.h */,
				0400816E594043948AA41E5D /* IonicDeploy.h */,
				817CF94A70FA4E4082386403 /* Download.h */,
				90F693D4189243DDB994FFAB /* DownloadManager.h */,
				4B9099DE2691484489EDE348 /* SSZipArchive.h */,
				9AE5867D4CF845358EE39AAF /* ARCHelper.h */,
				CB954E6305FC407D8EA8A994 /* crypt.h */,
				0873D4E9DD5844A8827DA3D6 /* ioapi.h */,
				F4629CB64D7A436281443E8C /* unzip.h */,
				8D139D0A9FD044E393D987DA /* zip.h */,
				D24995D54003497EB5130385 /* crc32.h */,
				779B57A616A745C293E59B85 /* deflate.h */,
				E8C03B43913D431A9AB9153B /* gzguts.h */,
				9F339164EE52424894845215 /* inffast.h */,
				756D05DB4CDE460FADB5BA22 /* inffixed.h */,
				2683C6A86AE6441DAF738EFE /* inflate.h */,
				460DEAB258784B5BB74F2094 /* inftrees.h */,
				A358387119DF434782337A78 /* trees.h */,
				4B65C2FD6CB945228FC4B070 /* zconf.h */,
				5961BACB6B0E44DBA7325A4E /* zlib.h */,
				A439D28FAD5141E0A92255C0 /* zutil.h */,
				BB7E9EE652344F449F2EAFD8 /* Base64.h */,
				0CF9FCB60F964BCBBD64D93B /* UNIHTTPClientHelper.h */,
				179612474931469E848165CF /* UNIHTTPRequest.h */,
				B856C71102F0423DB21EDE4C /* UNIHTTPRequestWithBody.h */,
				A628F84F525344549D60F3CC /* Unirest-Prefix.pch */,
				6B412532CFEA419FB822DFA3 /* UNIRest.h */,
				9A2D3091E34E41A49385CE10 /* UNIUrlConnection.h */,
				96900475E87B49FE88541D2F /* UNIBaseRequest.h */,
				7950E887C21F4EECACE7BE4C /* UNIBodyRequest.h */,
				1D013411CF7741A99E89C6A2 /* UNISimpleRequest.h */,
				E3D5405171124F609E04BE57 /* UNIHTTPBinaryResponse.h */,
				21D10CBF33754C24AAB9D239 /* UNIHTTPJsonResponse.h */,
				F68373ED53E14F6FBEE3D8C3 /* UNIHTTPResponse.h */,
				B77C1C8D91124E8294F2BCE0 /* UNIHTTPStringResponse.h */,
				84FE7393C1574EF28E777647 /* UNIJsonNode.h */,
				D6FCD5E5701E4582B7099148 /* Toast+UIView.m */,
				296DEF26C0194FDBAD6EAA10 /* Toast.m */,
				4BB85E2766AD4047804761A5 /* Toast+UIView.h */,
				9E9528B129C24A85B4813B00 /* Toast.h */,
				FA1728486D994412A997DEA6 /* CDVNotification.m */,
				064CC3E911A445528474CA57 /* CDVNotification.h */,
				21A93CD7ACB54608B547B18D /* CDVFile.m */,
				31F0EC32BB0F451A95EF83EB /* CDVLocalFilesystem.m */,
				F2FE0BD4E7B6420DB34B7A67 /* CDVAssetLibraryFilesystem.m */,
				5E614F7B863D4C7FACF03B84 /* CDVFile.h */,
				7C1010D6DD6443E5A1241158 /* CDVLocalFilesystem.h */,
				5414D24870714AB2970BC31D /* CDVAssetLibraryFilesystem.h */,
				F8FA3160E20A4F63816CB7CF /* CDVInAppBrowser.m */,
				E13D32B18C0242EC8C61B38D /* CDVInAppBrowser.h */,
				BFADDDD83BF6458085851276 /* CDVSound.m */,
				BC8691ACF7864DE5B874652F /* CDVSound.h */,
			);
			name = Plugins;
			path = "تعاوني الحفر/Plugins";
			sourceTree = SOURCE_ROOT;
		};
		308D052D1370CCF300D202BF /* icons */ = {
			isa = PBXGroup;
			children = (
				30C1856519D5FC0A00212699 /* icon-60@3x.png */,
				7E7966D41810823500FA85AD /* icon-40.png */,
				7E7966D51810823500FA85AD /* icon-40@2x.png */,
				7E7966D61810823500FA85AD /* icon-50.png */,
				7E7966D71810823500FA85AD /* icon-50@2x.png */,
				7E7966D81810823500FA85AD /* icon-60.png */,
				7E7966D91810823500FA85AD /* icon-60@2x.png */,
				7E7966DA1810823500FA85AD /* icon-76.png */,
				7E7966DB1810823500FA85AD /* icon-76@2x.png */,
				7E7966DC1810823500FA85AD /* icon-small.png */,
				7E7966DD1810823500FA85AD /* icon-small@2x.png */,
				30FC414816E50CA1004E6F35 /* icon-72@2x.png */,
				308D052E1370CCF300D202BF /* icon-72.png */,
				308D052F1370CCF300D202BF /* icon.png */,
				308D05301370CCF300D202BF /* icon@2x.png */,
			);
			path = icons;
			sourceTree = "<group>";
		};
		308D05311370CCF300D202BF /* splash */ = {
			isa = PBXGroup;
			children = (
				30B4F2FD19D5E07200D9F7D8 /* Default-667h.png */,
				30B4F2FE19D5E07200D9F7D8 /* Default-736h.png */,
				30B4F2FF19D5E07200D9F7D8 /* Default-Landscape-736h.png */,
				D4A0D8751607E02300AEF8BB /* Default-568h@2x~iphone.png */,
				3088BBB7154F3926009F9C59 /* Default-Landscape@2x~ipad.png */,
				3088BBB8154F3926009F9C59 /* Default-Landscape~ipad.png */,
				3088BBB9154F3926009F9C59 /* Default-Portrait@2x~ipad.png */,
				3088BBBA154F3926009F9C59 /* Default-Portrait~ipad.png */,
				3088BBBB154F3926009F9C59 /* Default@2x~iphone.png */,
				3088BBBC154F3926009F9C59 /* Default~iphone.png */,
			);
			path = splash;
			sourceTree = "<group>";
		};
		EB87FDF11871DA420020F90C /* Staging */ = {
			isa = PBXGroup;
			children = (
				F840E1F0165FE0F500CFE078 /* config.xml */,
				301BF56E109A69640062928A /* www */,
			);
			name = Staging;
			sourceTree = "<group>";
		};
/* End PBXGroup section */

/* Begin PBXNativeTarget section */
		1D6058900D05DD3D006BFB54 /* تعاوني الحفر */ = {
			isa = PBXNativeTarget;
			buildConfigurationList = 1D6058960D05DD3E006BFB54 /* Build configuration list for PBXNativeTarget "تعاوني الحفر" */;
			buildPhases = (
				304B58A110DAC018002A0835 /* Copy www directory */,
				1D60588D0D05DD3D006BFB54 /* Resources */,
				1D60588E0D05DD3D006BFB54 /* Sources */,
				1D60588F0D05DD3D006BFB54 /* Frameworks */,
			);
			buildRules = (
			);
			dependencies = (
				301BF551109A68C00062928A /* PBXTargetDependency */,
			);
			name = "تعاوني الحفر";
			productName = "تعاوني الحفر";
			productReference = 1D6058910D05DD3D006BFB54 /* تعاوني الحفر.app */;
			productType = "com.apple.product-type.application";
		};
/* End PBXNativeTarget section */

/* Begin PBXProject section */
		29B97313FDCFA39411CA2CEA /* Project object */ = {
			isa = PBXProject;
			attributes = {
				LastUpgradeCheck = 510;
				TargetAttributes = {
					1D6058900D05DD3D006BFB54 = {
						DevelopmentTeam = P8PA92SN8F;
						SystemCapabilities = {
							com.apple.Push = {
								enabled = 1;
							};
							com.apple.SafariKeychain = {
								enabled = 1;
							};
						};
					};
				};
			};
			buildConfigurationList = C01FCF4E08A954540054247B /* Build configuration list for PBXProject "تعاوني الحفر" */;
			compatibilityVersion = "Xcode 3.2";
			developmentRegion = English;
			hasScannedForEncodings = 1;
			knownRegions = (
				English,
				Japanese,
				French,
				German,
				en,
				es,
				de,
				se,
			);
			mainGroup = 29B97314FDCFA39411CA2CEA /* CustomTemplate */;
			projectDirPath = "";
			projectReferences = (
				{
					ProductGroup = 301BF52E109A57CC0062928A /* Products */;
					ProjectRef = 301BF52D109A57CC0062928A /* CordovaLib.xcodeproj */;
				},
			);
			projectRoot = "";
			targets = (
				1D6058900D05DD3D006BFB54 /* تعاوني الحفر */,
			);
		};
/* End PBXProject section */

/* Begin PBXReferenceProxy section */
		301BF535109A57CC0062928A /* libCordova.a */ = {
			isa = PBXReferenceProxy;
			fileType = archive.ar;
			path = libCordova.a;
			remoteRef = 301BF534109A57CC0062928A /* PBXContainerItemProxy */;
			sourceTree = BUILT_PRODUCTS_DIR;
		};
/* End PBXReferenceProxy section */

/* Begin PBXResourcesBuildPhase section */
		1D60588D0D05DD3D006BFB54 /* Resources */ = {
			isa = PBXResourcesBuildPhase;
			buildActionMask = 2147483647;
			files = (
				7E7966E41810823500FA85AD /* icon-76.png in Resources */,
				7E7966DF1810823500FA85AD /* icon-40@2x.png in Resources */,
				308D05371370CCF300D202BF /* icon-72.png in Resources */,
				30B4F30119D5E07200D9F7D8 /* Default-736h.png in Resources */,
				308D05381370CCF300D202BF /* icon.png in Resources */,
				308D05391370CCF300D202BF /* icon@2x.png in Resources */,
				302D95F214D2391D003F00A1 /* MainViewController.xib in Resources */,
				7E7966E01810823500FA85AD /* icon-50.png in Resources */,
				7E7966E31810823500FA85AD /* icon-60@2x.png in Resources */,
				7E7966E61810823500FA85AD /* icon-small.png in Resources */,
				3088BBBD154F3926009F9C59 /* Default-Landscape@2x~ipad.png in Resources */,
				3088BBBE154F3926009F9C59 /* Default-Landscape~ipad.png in Resources */,
				3088BBBF154F3926009F9C59 /* Default-Portrait@2x~ipad.png in Resources */,
				7E7966E71810823500FA85AD /* icon-small@2x.png in Resources */,
				3088BBC0154F3926009F9C59 /* Default-Portrait~ipad.png in Resources */,
				30B4F30019D5E07200D9F7D8 /* Default-667h.png in Resources */,
				7E7966DE1810823500FA85AD /* icon-40.png in Resources */,
				3088BBC1154F3926009F9C59 /* Default@2x~iphone.png in Resources */,
				7E7966E21810823500FA85AD /* icon-60.png in Resources */,
				3088BBC2154F3926009F9C59 /* Default~iphone.png in Resources */,
				D4A0D8761607E02300AEF8BB /* Default-568h@2x~iphone.png in Resources */,
				30B4F30219D5E07200D9F7D8 /* Default-Landscape-736h.png in Resources */,
				30C1856619D5FC0A00212699 /* icon-60@3x.png in Resources */,
				7E7966E11810823500FA85AD /* icon-50@2x.png in Resources */,
				7E7966E51810823500FA85AD /* icon-76@2x.png in Resources */,
				30FC414916E50CA1004E6F35 /* icon-72@2x.png in Resources */,
				16EB88091E2E41F9A75AE80E /* CDVNotification.bundle in Resources */,
			);
			runOnlyForDeploymentPostprocessing = 0;
		};
/* End PBXResourcesBuildPhase section */

/* Begin PBXShellScriptBuildPhase section */
		304B58A110DAC018002A0835 /* Copy www directory */ = {
			isa = PBXShellScriptBuildPhase;
			buildActionMask = 2147483647;
			files = (
			);
			inputPaths = (
			);
			name = "Copy www directory";
			outputPaths = (
			);
			runOnlyForDeploymentPostprocessing = 0;
			shellPath = /bin/sh;
			shellScript = "cordova/lib/copy-www-build-step.sh";
			showEnvVarsInLog = 0;
		};
/* End PBXShellScriptBuildPhase section */

/* Begin PBXSourcesBuildPhase section */
		1D60588E0D05DD3D006BFB54 /* Sources */ = {
			isa = PBXSourcesBuildPhase;
			buildActionMask = 2147483647;
			files = (
				1D60589B0D05DD56006BFB54 /* main.m in Sources */,
				1D3623260D0F684500981E51 /* AppDelegate.m in Sources */,
				302D95F114D2391D003F00A1 /* MainViewController.m in Sources */,
				CF78DD46562F4550BB3C7393 /* IonicKeyboard.m in Sources */,
				241C53226AC045498FE91F16 /* UIWebViewExtension.m in Sources */,
				CF71943232614F5DA8829AA1 /* PushNotification.m in Sources */,
				EC90916F652C4315BA6D5DC3 /* CDVLogger.m in Sources */,
				7EF9BDB6EF8E475ABCCB7C41 /* CDVDevice.m in Sources */,
				946F0135211543F390A50C71 /* UniversalAnalyticsPlugin.m in Sources */,
				8076605437934F0AB2B2CD02 /* CDVSplashScreen.m in Sources */,
				CDF92ED1B04947A78F52418A /* IonicConstant.m in Sources */,
				E835C48BB7164CFFAA53DC67 /* IonicDeploy.m in Sources */,
				91B7B9C0F2214D3AB3184A7B /* Download.m in Sources */,
				E83DD65EFDFB404198306D3D /* DownloadManager.m in Sources */,
				3465042793444B778D19F7F8 /* SSZipArchive.m in Sources */,
				64A2FEA5050043D79B5FC4A5 /* ioapi.c in Sources */,
				0D7C6537735A4FDBBB3C4D48 /* unzip.c in Sources */,
				26CB1BD6529B4F49B679A03C /* zip.c in Sources */,
				FC6A05C3A393428CA2B76058 /* adler32.c in Sources */,
				BD6CCC5788E3473CB0C2344E /* compress.c in Sources */,
				9455A9BB5E17410D8C3DD76F /* crc32.c in Sources */,
				3CBB2FBD7F5248EF978FCB5C /* deflate.c in Sources */,
				C20910212C2B4F19A5F572D0 /* gzclose.c in Sources */,
				CF59398FC8B042109CD7411F /* gzlib.c in Sources */,
				5737909532A8442C9DF94A1D /* gzread.c in Sources */,
				384A267D2A9D4BEDBBDCE193 /* gzwrite.c in Sources */,
				359042AF81274CAB8DB99FA5 /* infback.c in Sources */,
				4CCEF368DF9D414C80F0BEBD /* inffast.c in Sources */,
				A97D289A925444B18E72A6E7 /* inflate.c in Sources */,
				D2980A46D2C54F3C9A16FC5B /* inftrees.c in Sources */,
				E395D4AABE2B47D3B5E8B5C8 /* trees.c in Sources */,
				68EBD0C2630A414F9887F979 /* uncompr.c in Sources */,
				5653A403077340569B4FBB72 /* zutil.c in Sources */,
				72CEAA23CD4847B29EE89CC3 /* Base64.m in Sources */,
				6DA1D5F683D7419A9478045D /* UNIHTTPClientHelper.m in Sources */,
				48BBDC12574246649B94DB29 /* UNIHTTPRequest.m in Sources */,
				9F37EE0C47814ED8B2E82A33 /* UNIHTTPRequestWithBody.m in Sources */,
				2FBB0BDEDE0A43BC9D01BB68 /* UNIRest.m in Sources */,
				096275883495429B87BF5608 /* UNIUrlConnection.m in Sources */,
				889FF2414B6545EE897CC35C /* UNIBaseRequest.m in Sources */,
				E33CDFD460804F5894F5AA36 /* UNIBodyRequest.m in Sources */,
				15CEC661EC7A466BB510A762 /* UNISimpleRequest.m in Sources */,
				56611DA262244E568CD40211 /* UNIHTTPBinaryResponse.m in Sources */,
				50A9C81397FC459DAAB57DD0 /* UNIHTTPJsonResponse.m in Sources */,
				BF3CD029B78C458F8990127D /* UNIHTTPResponse.m in Sources */,
				E448C54B936C40B1B53245D9 /* UNIHTTPStringResponse.m in Sources */,
				14D8A2ED3E264C37831E0072 /* UNIJsonNode.m in Sources */,
				74C4AF51D96B457EB9791B65 /* Toast+UIView.m in Sources */,
				83DD44C97C944AB2883D7102 /* Toast.m in Sources */,
				2C0CA323D305450FB7ADB5C7 /* CDVNotification.m in Sources */,
				00DEA22C00654962A2093533 /* CDVFile.m in Sources */,
				9A680B7A3C024FB29E976317 /* CDVLocalFilesystem.m in Sources */,
				48057A5E61E64F3D92198D95 /* CDVAssetLibraryFilesystem.m in Sources */,
				735DBC8591F440F4A0990DA5 /* CDVInAppBrowser.m in Sources */,
				268F07775806464BAF3C7CBB /* CDVSound.m in Sources */,
			);
			runOnlyForDeploymentPostprocessing = 0;
		};
/* End PBXSourcesBuildPhase section */

/* Begin PBXTargetDependency section */
		301BF551109A68C00062928A /* PBXTargetDependency */ = {
			isa = PBXTargetDependency;
			name = CordovaLib;
			targetProxy = 301BF550109A68C00062928A /* PBXContainerItemProxy */;
		};
/* End PBXTargetDependency section */

/* Begin XCBuildConfiguration section */
		1D6058940D05DD3E006BFB54 /* Debug */ = {
			isa = XCBuildConfiguration;
			buildSettings = {
				ALWAYS_SEARCH_USER_PATHS = NO;
				CLANG_ENABLE_OBJC_ARC = YES;
				CODE_SIGN_ENTITLEMENTS = "تعاوني الحفر/تعاوني الحفر.entitlements";
				CODE_SIGN_IDENTITY = "iPhone Developer";
				"CODE_SIGN_IDENTITY[sdk=iphoneos*]" = "iPhone Developer";
				COPY_PHASE_STRIP = NO;
				ENABLE_BITCODE = NO;
				GCC_DYNAMIC_NO_PIC = NO;
				GCC_OPTIMIZATION_LEVEL = 0;
				GCC_PRECOMPILE_PREFIX_HEADER = YES;
				GCC_PREFIX_HEADER = "تعاوني الحفر/تعاوني الحفر-Prefix.pch";
				GCC_THUMB_SUPPORT = NO;
				GCC_VERSION = "";
				HEADER_SEARCH_PATHS = (
					"\"$(TARGET_BUILD_DIR)/usr/local/lib/include\"",
					"\"$(OBJROOT)/UninstalledProducts/include\"",
					"\"$(BUILT_PRODUCTS_DIR)\"",
					"\"$(OBJROOT)/UninstalledProducts/$(PLATFORM_NAME)/include\"\n",
				);
				INFOPLIST_FILE = "تعاوني الحفر/تعاوني الحفر-Info.plist";
				INFOPLIST_OUTPUT_FORMAT = binary;
				IPHONEOS_DEPLOYMENT_TARGET = 6.0;
				LIBRARY_SEARCH_PATHS = (
					"$(inherited)",
					"\"$(SRCROOT)/تعاوني الحفر/Plugins/com.pushwoosh.plugins.pushwoosh\"",
					"\"$(SRCROOT)/تعاوني الحفر/Plugins/cordova-plugin-google-analytics\"",
				);
				OTHER_LDFLAGS = (
					"-weak_framework",
					CoreFoundation,
					"-weak_framework",
					UIKit,
					"-weak_framework",
					AVFoundation,
					"-weak_framework",
					CoreMedia,
					"-weak-lSystem",
					"-ObjC",
				);
				PRODUCT_NAME = "تعاوني الحفر";
				PROVISIONING_PROFILE = "";
				TARGETED_DEVICE_FAMILY = "1,2";
			};
			name = Debug;
		};
		1D6058950D05DD3E006BFB54 /* Release */ = {
			isa = XCBuildConfiguration;
			buildSettings = {
				ALWAYS_SEARCH_USER_PATHS = NO;
				CLANG_ENABLE_OBJC_ARC = YES;
				CODE_SIGN_ENTITLEMENTS = "تعاوني الحفر/تعاوني الحفر.entitlements";
				CODE_SIGN_IDENTITY = "iPhone Distribution";
				"CODE_SIGN_IDENTITY[sdk=iphoneos*]" = "iPhone Distribution";
				COPY_PHASE_STRIP = YES;
				ENABLE_BITCODE = NO;
				GCC_PRECOMPILE_PREFIX_HEADER = YES;
				GCC_PREFIX_HEADER = "تعاوني الحفر/تعاوني الحفر-Prefix.pch";
				GCC_THUMB_SUPPORT = NO;
				GCC_VERSION = "";
				HEADER_SEARCH_PATHS = (
					"\"$(TARGET_BUILD_DIR)/usr/local/lib/include\"",
					"\"$(OBJROOT)/UninstalledProducts/include\"",
					"\"$(BUILT_PRODUCTS_DIR)\"",
					"\"$(OBJROOT)/UninstalledProducts/$(PLATFORM_NAME)/include\"\n",
				);
				INFOPLIST_FILE = "تعاوني الحفر/تعاوني الحفر-Info.plist";
				INFOPLIST_OUTPUT_FORMAT = binary;
				IPHONEOS_DEPLOYMENT_TARGET = 6.0;
				LIBRARY_SEARCH_PATHS = (
					"$(inherited)",
					"\"$(SRCROOT)/تعاوني الحفر/Plugins/com.pushwoosh.plugins.pushwoosh\"",
					"\"$(SRCROOT)/تعاوني الحفر/Plugins/cordova-plugin-google-analytics\"",
				);
				OTHER_LDFLAGS = (
					"-weak_framework",
					CoreFoundation,
					"-weak_framework",
					UIKit,
					"-weak_framework",
					AVFoundation,
					"-weak_framework",
					CoreMedia,
					"-weak-lSystem",
					"-ObjC",
				);
				PRODUCT_NAME = "تعاوني الحفر";
				PROVISIONING_PROFILE = "";
				TARGETED_DEVICE_FAMILY = "1,2";
			};
			name = Release;
		};
		C01FCF4F08A954540054247B /* Debug */ = {
			isa = XCBuildConfiguration;
			buildSettings = {
				CLANG_ENABLE_OBJC_ARC = YES;
				CLANG_WARN_BOOL_CONVERSION = YES;
				CLANG_WARN_CONSTANT_CONVERSION = YES;
				CLANG_WARN_EMPTY_BODY = YES;
				CLANG_WARN_ENUM_CONVERSION = YES;
				CLANG_WARN_INT_CONVERSION = YES;
				CLANG_WARN__DUPLICATE_METHOD_MATCH = YES;
				"CODE_SIGN_IDENTITY[sdk=iphoneos*]" = "iPhone Developer";
				GCC_C_LANGUAGE_STANDARD = c99;
				GCC_THUMB_SUPPORT = NO;
				GCC_VERSION = "";
				GCC_WARN_ABOUT_RETURN_TYPE = YES;
				GCC_WARN_UNDECLARED_SELECTOR = YES;
				GCC_WARN_UNINITIALIZED_AUTOS = YES;
				GCC_WARN_UNUSED_FUNCTION = YES;
				GCC_WARN_UNUSED_VARIABLE = YES;
				HEADER_SEARCH_PATHS = (
					"\"$(TARGET_BUILD_DIR)/usr/local/lib/include\"",
					"\"$(OBJROOT)/UninstalledProducts/include\"",
					"\"$(BUILT_PRODUCTS_DIR)\"",
				);
				IPHONEOS_DEPLOYMENT_TARGET = 6.0;
				ONLY_ACTIVE_ARCH = YES;
				OTHER_LDFLAGS = (
					"-weak_framework",
					CoreFoundation,
					"-weak_framework",
					UIKit,
					"-weak_framework",
					AVFoundation,
					"-weak_framework",
					CoreMedia,
					"-weak-lSystem",
					"-ObjC",
				);
				SDKROOT = iphoneos;
				SKIP_INSTALL = NO;
				USER_HEADER_SEARCH_PATHS = "";
			};
			name = Debug;
		};
		C01FCF5008A954540054247B /* Release */ = {
			isa = XCBuildConfiguration;
			buildSettings = {
				CLANG_ENABLE_OBJC_ARC = YES;
				CLANG_WARN_BOOL_CONVERSION = YES;
				CLANG_WARN_CONSTANT_CONVERSION = YES;
				CLANG_WARN_EMPTY_BODY = YES;
				CLANG_WARN_ENUM_CONVERSION = YES;
				CLANG_WARN_INT_CONVERSION = YES;
				CLANG_WARN__DUPLICATE_METHOD_MATCH = YES;
				"CODE_SIGN_IDENTITY[sdk=iphoneos*]" = "iPhone Developer";
				GCC_C_LANGUAGE_STANDARD = c99;
				GCC_THUMB_SUPPORT = NO;
				GCC_VERSION = "";
				GCC_WARN_ABOUT_RETURN_TYPE = YES;
				GCC_WARN_UNDECLARED_SELECTOR = YES;
				GCC_WARN_UNINITIALIZED_AUTOS = YES;
				GCC_WARN_UNUSED_FUNCTION = YES;
				GCC_WARN_UNUSED_VARIABLE = YES;
				HEADER_SEARCH_PATHS = (
					"\"$(TARGET_BUILD_DIR)/usr/local/lib/include\"",
					"\"$(OBJROOT)/UninstalledProducts/include\"",
					"\"$(BUILT_PRODUCTS_DIR)\"",
				);
				IPHONEOS_DEPLOYMENT_TARGET = 6.0;
				OTHER_LDFLAGS = (
					"-weak_framework",
					CoreFoundation,
					"-weak_framework",
					UIKit,
					"-weak_framework",
					AVFoundation,
					"-weak_framework",
					CoreMedia,
					"-weak-lSystem",
					"-ObjC",
				);
				SDKROOT = iphoneos;
				SKIP_INSTALL = NO;
				USER_HEADER_SEARCH_PATHS = "";
			};
			name = Release;
		};
/* End XCBuildConfiguration section */

/* Begin XCConfigurationList section */
		1D6058960D05DD3E006BFB54 /* Build configuration list for PBXNativeTarget "تعاوني الحفر" */ = {
			isa = XCConfigurationList;
			buildConfigurations = (
				1D6058940D05DD3E006BFB54 /* Debug */,
				1D6058950D05DD3E006BFB54 /* Release */,
			);
			defaultConfigurationIsVisible = 0;
			defaultConfigurationName = Release;
		};
		C01FCF4E08A954540054247B /* Build configuration list for PBXProject "تعاوني الحفر" */ = {
			isa = XCConfigurationList;
			buildConfigurations = (
				C01FCF4F08A954540054247B /* Debug */,
				C01FCF5008A954540054247B /* Release */,
			);
			defaultConfigurationIsVisible = 0;
			defaultConfigurationName = Release;
		};
/* End XCConfigurationList section */
	};
	rootObject = 29B97313FDCFA39411CA2CEA /* Project object */;
}
