// !$*UTF8*$!
{
	archiveVersion = 1;
	classes = {
	};
	objectVersion = 46;
	objects = {

/* Begin PBXBuildFile section */
		112018CC9BA94E5AB3126AE4 /* UNIBaseRequest.m in Sources */ = {isa = PBXBuildFile; fileRef = 26E8666F792745F2847156D5 /* UNIBaseRequest.m */; };
		127CA2A40F9748AD93A428A0 /* CDVDevice.m in Sources */ = {isa = PBXBuildFile; fileRef = A9D51D7E21F84FEB9C375B07 /* CDVDevice.m */; };
		13DD6BA07BF947C592E899C2 /* UNIHTTPJsonResponse.m in Sources */ = {isa = PBXBuildFile; fileRef = 0FA2079182E7417183C033FF /* UNIHTTPJsonResponse.m */; };
		1D3623260D0F684500981E51 /* AppDelegate.m in Sources */ = {isa = PBXBuildFile; fileRef = 1D3623250D0F684500981E51 /* AppDelegate.m */; };
		1D60589B0D05DD56006BFB54 /* main.m in Sources */ = {isa = PBXBuildFile; fileRef = 29B97316FDCFA39411CA2CEA /* main.m */; };
		1EB897D8DA924F99AECE5639 /* inflate.c in Sources */ = {isa = PBXBuildFile; fileRef = 80C8E9FCC4224438AD2BCEF0 /* inflate.c */; };
		20AE32D5A7CC48A3BFEAEE6F /* Toast.m in Sources */ = {isa = PBXBuildFile; fileRef = 1549867D11174A8E85EC6672 /* Toast.m */; };
		233C0A2DF1DE4211BF3F6B12 /* IonicKeyboard.m in Sources */ = {isa = PBXBuildFile; fileRef = 1B71007A5BB84EA09B9DB82C /* IonicKeyboard.m */; };
		236AB9B48B30465BB8B8BFBE /* UNIHTTPBinaryResponse.m in Sources */ = {isa = PBXBuildFile; fileRef = AD1B6A0A7E1D4FB9A0EE4385 /* UNIHTTPBinaryResponse.m */; };
		24D88654D7A84CAA981F9462 /* zutil.c in Sources */ = {isa = PBXBuildFile; fileRef = 19D72A876B7E40CBB99047CA /* zutil.c */; };
		25076A458C174261A0D8E8FD /* UNISimpleRequest.m in Sources */ = {isa = PBXBuildFile; fileRef = EFBDA3478F694409AEA3BFE5 /* UNISimpleRequest.m */; };
		2748917869464D528F5BC5FF /* unzip.c in Sources */ = {isa = PBXBuildFile; fileRef = 6BD739FFB134481CBF1FAF22 /* unzip.c */; };
		288765FD0DF74451002DB57D /* CoreGraphics.framework in Frameworks */ = {isa = PBXBuildFile; fileRef = 288765FC0DF74451002DB57D /* CoreGraphics.framework */; };
		301BF552109A68D80062928A /* libCordova.a in Frameworks */ = {isa = PBXBuildFile; fileRef = 301BF535109A57CC0062928A /* libCordova.a */; };
		302D95F114D2391D003F00A1 /* MainViewController.m in Sources */ = {isa = PBXBuildFile; fileRef = 302D95EF14D2391D003F00A1 /* MainViewController.m */; };
		302D95F214D2391D003F00A1 /* MainViewController.xib in Resources */ = {isa = PBXBuildFile; fileRef = 302D95F014D2391D003F00A1 /* MainViewController.xib */; };
		305D5FD1115AB8F900A74A75 /* MobileCoreServices.framework in Frameworks */ = {isa = PBXBuildFile; fileRef = 305D5FD0115AB8F900A74A75 /* MobileCoreServices.framework */; };
		3088BBBD154F3926009F9C59 /* Default-Landscape@2x~ipad.png in Resources */ = {isa = PBXBuildFile; fileRef = 3088BBB7154F3926009F9C59 /* Default-Landscape@2x~ipad.png */; };
		3088BBBE154F3926009F9C59 /* Default-Landscape~ipad.png in Resources */ = {isa = PBXBuildFile; fileRef = 3088BBB8154F3926009F9C59 /* Default-Landscape~ipad.png */; };
		3088BBBF154F3926009F9C59 /* Default-Portrait@2x~ipad.png in Resources */ = {isa = PBXBuildFile; fileRef = 3088BBB9154F3926009F9C59 /* Default-Portrait@2x~ipad.png */; };
		3088BBC0154F3926009F9C59 /* Default-Portrait~ipad.png in Resources */ = {isa = PBXBuildFile; fileRef = 3088BBBA154F3926009F9C59 /* Default-Portrait~ipad.png */; };
		3088BBC1154F3926009F9C59 /* Default@2x~iphone.png in Resources */ = {isa = PBXBuildFile; fileRef = 3088BBBB154F3926009F9C59 /* Default@2x~iphone.png */; };
		3088BBC2154F3926009F9C59 /* Default~iphone.png in Resources */ = {isa = PBXBuildFile; fileRef = 3088BBBC154F3926009F9C59 /* Default~iphone.png */; };
		308D05371370CCF300D202BF /* icon-72.png in Resources */ = {isa = PBXBuildFile; fileRef = 308D052E1370CCF300D202BF /* icon-72.png */; };
		308D05381370CCF300D202BF /* icon.png in Resources */ = {isa = PBXBuildFile; fileRef = 308D052F1370CCF300D202BF /* icon.png */; };
		308D05391370CCF300D202BF /* icon@2x.png in Resources */ = {isa = PBXBuildFile; fileRef = 308D05301370CCF300D202BF /* icon@2x.png */; };
		30B4F30019D5E07200D9F7D8 /* Default-667h.png in Resources */ = {isa = PBXBuildFile; fileRef = 30B4F2FD19D5E07200D9F7D8 /* Default-667h.png */; };
		30B4F30119D5E07200D9F7D8 /* Default-736h.png in Resources */ = {isa = PBXBuildFile; fileRef = 30B4F2FE19D5E07200D9F7D8 /* Default-736h.png */; };
		30B4F30219D5E07200D9F7D8 /* Default-Landscape-736h.png in Resources */ = {isa = PBXBuildFile; fileRef = 30B4F2FF19D5E07200D9F7D8 /* Default-Landscape-736h.png */; };
		30C1856619D5FC0A00212699 /* icon-60@3x.png in Resources */ = {isa = PBXBuildFile; fileRef = 30C1856519D5FC0A00212699 /* icon-60@3x.png */; };
		30FC414916E50CA1004E6F35 /* icon-72@2x.png in Resources */ = {isa = PBXBuildFile; fileRef = 30FC414816E50CA1004E6F35 /* icon-72@2x.png */; };
		31B36DED379C4AD792BE0A3F /* UNIUrlConnection.m in Sources */ = {isa = PBXBuildFile; fileRef = 53C258E5378F47DFB34F7D47 /* UNIUrlConnection.m */; };
		337F3873A1FA4E4C9EC6DE3E /* Download.m in Sources */ = {isa = PBXBuildFile; fileRef = 5B4772A6C2394F2890122BC8 /* Download.m */; };
		3B760A9379C94355A48BFF3B /* inftrees.c in Sources */ = {isa = PBXBuildFile; fileRef = D13C10E0FA42446C936983A2 /* inftrees.c */; };
		3E13DBF8A3D94A3AA500336D /* inffast.c in Sources */ = {isa = PBXBuildFile; fileRef = E4030966010241C99CB646D8 /* inffast.c */; };
		46654A90E75B45E39C8E37CA /* deflate.c in Sources */ = {isa = PBXBuildFile; fileRef = 6EF565FD0D8A461684BDEC48 /* deflate.c */; };
		575FD35062554560B6C76C2D /* CDVNotification.m in Sources */ = {isa = PBXBuildFile; fileRef = 272715F663AD43889FC0A9B9 /* CDVNotification.m */; };
		5B1594DD16A7569C00FEF299 /* AssetsLibrary.framework in Frameworks */ = {isa = PBXBuildFile; fileRef = 5B1594DC16A7569C00FEF299 /* AssetsLibrary.framework */; };
		5CFA6FF1E2824B7BB17C2B1E /* IonicConstant.m in Sources */ = {isa = PBXBuildFile; fileRef = 7A3D48B5BCD640FAA91FEE55 /* IonicConstant.m */; };
		5DA592DF405842B68A2500E7 /* trees.c in Sources */ = {isa = PBXBuildFile; fileRef = A4A02F8A660F420B8A1D7A0F /* trees.c */; };
		6054DFCCF0A64915A5AB4639 /* UNIRest.m in Sources */ = {isa = PBXBuildFile; fileRef = FD79FEB55A4D4F9DA991A828 /* UNIRest.m */; };
		632CE70575C145C9AC3CD4D1 /* UNIJsonNode.m in Sources */ = {isa = PBXBuildFile; fileRef = B8877DF4186949A683D4699A /* UNIJsonNode.m */; };
		654E494C2AD943ABB7B0A695 /* QuartzCore.framework in Frameworks */ = {isa = PBXBuildFile; fileRef = 7CCBBD19AD114DDBA00CC6C4 /* QuartzCore.framework */; };
		65CD8B7D9B5F4ACE8F208573 /* UIWebViewExtension.m in Sources */ = {isa = PBXBuildFile; fileRef = 5DF7FB1B42874988A5FDF22F /* UIWebViewExtension.m */; };
		66158E3274324844809F931A /* UNIHTTPRequest.m in Sources */ = {isa = PBXBuildFile; fileRef = 68F7CD96C3794B50AA54AC7D /* UNIHTTPRequest.m */; };
		66CCA52069154CB2B94A923E /* AudioToolbox.framework in Frameworks */ = {isa = PBXBuildFile; fileRef = 8A9D27A8099F4260B00EFA70 /* AudioToolbox.framework */; settings = {ATTRIBUTES = (Weak, ); }; };
		6B2DB76BD4B14311A5EA5304 /* uncompr.c in Sources */ = {isa = PBXBuildFile; fileRef = CF30706924C1418AB8294EC9 /* uncompr.c */; };
		6BF78FA52E554BFCB4BBE2B7 /* gzlib.c in Sources */ = {isa = PBXBuildFile; fileRef = B8FFE82AB1B747FCB28328F3 /* gzlib.c */; };
		71F953D5CE1A44AD9328A878 /* AppDelegate+notification.m in Sources */ = {isa = PBXBuildFile; fileRef = 7B4E9A40B86541489877D893 /* AppDelegate+notification.m */; };
		726D4DC9DC4A49948138E067 /* UNIHTTPClientHelper.m in Sources */ = {isa = PBXBuildFile; fileRef = A26FAA588AE4477DAC9CFBDB /* UNIHTTPClientHelper.m */; };
		72AA9A6A97CA4237B1CDB251 /* CoreData.framework in Frameworks */ = {isa = PBXBuildFile; fileRef = D7B5ADE73CD4440CABAACC7D /* CoreData.framework */; };
		730CB3BF608345879CB31C87 /* CDVInAppBrowser.m in Sources */ = {isa = PBXBuildFile; fileRef = EF53C5FF0CA14E54AE80A4DD /* CDVInAppBrowser.m */; };
		7AB2135CBC9C499282003B4B /* Base64.m in Sources */ = {isa = PBXBuildFile; fileRef = 3C4ED26D062A482890B3B83C /* Base64.m */; };
		7E7966DE1810823500FA85AD /* icon-40.png in Resources */ = {isa = PBXBuildFile; fileRef = 7E7966D41810823500FA85AD /* icon-40.png */; };
		7E7966DF1810823500FA85AD /* icon-40@2x.png in Resources */ = {isa = PBXBuildFile; fileRef = 7E7966D51810823500FA85AD /* icon-40@2x.png */; };
		7E7966E01810823500FA85AD /* icon-50.png in Resources */ = {isa = PBXBuildFile; fileRef = 7E7966D61810823500FA85AD /* icon-50.png */; };
		7E7966E11810823500FA85AD /* icon-50@2x.png in Resources */ = {isa = PBXBuildFile; fileRef = 7E7966D71810823500FA85AD /* icon-50@2x.png */; };
		7E7966E21810823500FA85AD /* icon-60.png in Resources */ = {isa = PBXBuildFile; fileRef = 7E7966D81810823500FA85AD /* icon-60.png */; };
		7E7966E31810823500FA85AD /* icon-60@2x.png in Resources */ = {isa = PBXBuildFile; fileRef = 7E7966D91810823500FA85AD /* icon-60@2x.png */; };
		7E7966E41810823500FA85AD /* icon-76.png in Resources */ = {isa = PBXBuildFile; fileRef = 7E7966DA1810823500FA85AD /* icon-76.png */; };
		7E7966E51810823500FA85AD /* icon-76@2x.png in Resources */ = {isa = PBXBuildFile; fileRef = 7E7966DB1810823500FA85AD /* icon-76@2x.png */; };
		7E7966E61810823500FA85AD /* icon-small.png in Resources */ = {isa = PBXBuildFile; fileRef = 7E7966DC1810823500FA85AD /* icon-small.png */; };
		7E7966E71810823500FA85AD /* icon-small@2x.png in Resources */ = {isa = PBXBuildFile; fileRef = 7E7966DD1810823500FA85AD /* icon-small@2x.png */; };
		805E24ED8AB64E69AE3A2077 /* compress.c in Sources */ = {isa = PBXBuildFile; fileRef = 2A3D606D5671430ABCB819F9 /* compress.c */; };
		820C2B12E3EE4BBAB68E00E7 /* IonicDeploy.m in Sources */ = {isa = PBXBuildFile; fileRef = 6091DA304504455CB613935C /* IonicDeploy.m */; };
		8410D46FF4BB4EEA89BA7818 /* gzwrite.c in Sources */ = {isa = PBXBuildFile; fileRef = 0B9CE8CD0F49494DAA421ADA /* gzwrite.c */; };
		867AA0009085489E9629B705 /* SystemConfiguration.framework in Frameworks */ = {isa = PBXBuildFile; fileRef = 2F5622E09D054B3A98E046A0 /* SystemConfiguration.framework */; };
		88F29148930C46108DAA7636 /* adler32.c in Sources */ = {isa = PBXBuildFile; fileRef = 3D54BE28AA8847BAA4D120CC /* adler32.c */; };
		8CE7FD80E1864C25806DF992 /* UNIBodyRequest.m in Sources */ = {isa = PBXBuildFile; fileRef = EDDCE0FA2B234A71BD4AC925 /* UNIBodyRequest.m */; };
		9054C3B0ED9F4FF8945D107C /* CDVFile.m in Sources */ = {isa = PBXBuildFile; fileRef = 8271140EB2AC4F588A21DF89 /* CDVFile.m */; };
		94C3B4D5F95C4FFCA46E1348 /* CDVNotification.bundle in Resources */ = {isa = PBXBuildFile; fileRef = BB3A34AC166246DE82D64FEE /* CDVNotification.bundle */; };
		95B1B4ABE3AE408589739F0B /* PushPlugin.m in Sources */ = {isa = PBXBuildFile; fileRef = 968DF6A471144F908A4794F8 /* PushPlugin.m */; };
		9CE7F656100944F68D3CDE00 /* crc32.c in Sources */ = {isa = PBXBuildFile; fileRef = AAEC21B05D184F009B1CD9C3 /* crc32.c */; };
		9F84DE01E79E4D1F9CC8C191 /* infback.c in Sources */ = {isa = PBXBuildFile; fileRef = CB17F68675F5464CA9BC1B99 /* infback.c */; };
		A2D50A19E8FE421FB77E490E /* DownloadManager.m in Sources */ = {isa = PBXBuildFile; fileRef = CA35F3D231324C60BF3543EA /* DownloadManager.m */; };
		A8BF91E49FE04781A60FC990 /* UNIHTTPStringResponse.m in Sources */ = {isa = PBXBuildFile; fileRef = 0E5810D5F6054DC9961E797B /* UNIHTTPStringResponse.m */; };
		AFC3463289D4487A8186A2EC /* CDVLogger.m in Sources */ = {isa = PBXBuildFile; fileRef = DFC0D0F52B5646999C0BB01D /* CDVLogger.m */; };
		B1FC43DC56824F28A82007BB /* CDVSound.m in Sources */ = {isa = PBXBuildFile; fileRef = 4746AFCA42FE4DD6A67D0E0A /* CDVSound.m */; };
		B298D2A568FB4CAB8F9AB7A7 /* UNIHTTPResponse.m in Sources */ = {isa = PBXBuildFile; fileRef = 6F6CC086ABDD42108CEB1E8D /* UNIHTTPResponse.m */; };
		B89CCF73D7534A999AD91C7D /* ioapi.c in Sources */ = {isa = PBXBuildFile; fileRef = 54E79CB7E8CD45358E2B7F88 /* ioapi.c */; };
		C23A1F284640481885FCB1DD /* SSZipArchive.m in Sources */ = {isa = PBXBuildFile; fileRef = 48BA60E6A8B84A6C923BCB8D /* SSZipArchive.m */; };
		C554FDEBFB2B4F53A966E67A /* gzread.c in Sources */ = {isa = PBXBuildFile; fileRef = 9D7B6E98E75541739825DF85 /* gzread.c */; };
		C5FF74BA141946EDB273144A /* CDVLocalFilesystem.m in Sources */ = {isa = PBXBuildFile; fileRef = 7AB3F41BAE074691BC67E2E4 /* CDVLocalFilesystem.m */; };
		C6E92C4B549A4EE686446EC9 /* zip.c in Sources */ = {isa = PBXBuildFile; fileRef = D8EEC5BDC78D4B1195227F8A /* zip.c */; };
		D4A0D8761607E02300AEF8BB /* Default-568h@2x~iphone.png in Resources */ = {isa = PBXBuildFile; fileRef = D4A0D8751607E02300AEF8BB /* Default-568h@2x~iphone.png */; };
		DCC16D23A6B24CA8AFDF2C55 /* libz.dylib in Frameworks */ = {isa = PBXBuildFile; fileRef = 36BE23F0C312423EB6F8E3FE /* libz.dylib */; };
		DE9C73831EC64BD581B3479D /* gzclose.c in Sources */ = {isa = PBXBuildFile; fileRef = 6004BAA4E22049D1A0F7BC67 /* gzclose.c */; };
		E16F77C218EC4B5F9ACDBBB8 /* CDVSplashScreen.m in Sources */ = {isa = PBXBuildFile; fileRef = 1A70ADC54DC5458BA4A0879F /* CDVSplashScreen.m */; };
		E2D31E53CCFE4CEAAAF5A468 /* UniversalAnalyticsPlugin.m in Sources */ = {isa = PBXBuildFile; fileRef = CDBD55D9D18C4120B93FE16C /* UniversalAnalyticsPlugin.m */; };
		E8A1BA7B480C477F8A7A31CA /* libGoogleAnalyticsServices.a in Frameworks */ = {isa = PBXBuildFile; fileRef = 065BA7FDA41E4D1F9C79B687 /* libGoogleAnalyticsServices.a */; };
		E94F660868034A8FB858ECCA /* CDVAssetLibraryFilesystem.m in Sources */ = {isa = PBXBuildFile; fileRef = B5ED3B8C5FF84A6A8243CF92 /* CDVAssetLibraryFilesystem.m */; };
		EB07E976C73E44289CC7F794 /* libsqlite3.0.dylib in Frameworks */ = {isa = PBXBuildFile; fileRef = DD4085F2D0CB437689C7DD1B /* libsqlite3.0.dylib */; };
		EB167B18ADCA4B72825AEBB2 /* UNIHTTPRequestWithBody.m in Sources */ = {isa = PBXBuildFile; fileRef = C2E737981BE54699A5A9D33D /* UNIHTTPRequestWithBody.m */; };
		FB95327E1EE34AC9B26DA89E /* Toast+UIView.m in Sources */ = {isa = PBXBuildFile; fileRef = 3DC9BBC2B96E4160ACA04FBE /* Toast+UIView.m */; };
/* End PBXBuildFile section */

/* Begin PBXContainerItemProxy section */
		301BF534109A57CC0062928A /* PBXContainerItemProxy */ = {
			isa = PBXContainerItemProxy;
			containerPortal = 301BF52D109A57CC0062928A /* CordovaLib.xcodeproj */;
			proxyType = 2;
			remoteGlobalIDString = D2AAC07E0554694100DB518D;
			remoteInfo = CordovaLib;
		};
		301BF550109A68C00062928A /* PBXContainerItemProxy */ = {
			isa = PBXContainerItemProxy;
			containerPortal = 301BF52D109A57CC0062928A /* CordovaLib.xcodeproj */;
			proxyType = 1;
			remoteGlobalIDString = D2AAC07D0554694100DB518D;
			remoteInfo = CordovaLib;
		};
/* End PBXContainerItemProxy section */

/* Begin PBXFileReference section */
		021915FA1AFD4769AAA14152 /* UNIHTTPStringResponse.h */ = {isa = PBXFileReference; fileEncoding = 4; lastKnownFileType = sourcecode.c.h; name = UNIHTTPStringResponse.h; path = "ionic-plugin-deploy/UNIHTTPStringResponse.h"; sourceTree = "<group>"; };
		03FA23C303764407AA008397 /* inffast.h */ = {isa = PBXFileReference; fileEncoding = 4; lastKnownFileType = sourcecode.c.h; name = inffast.h; path = "ionic-plugin-deploy/inffast.h"; sourceTree = "<group>"; };
		065BA7FDA41E4D1F9C79B687 /* libGoogleAnalyticsServices.a */ = {isa = PBXFileReference; fileEncoding = 4; lastKnownFileType = archive.ar; name = libGoogleAnalyticsServices.a; path = "تعاوني الحفر/Plugins/cordova-plugin-google-analytics/libGoogleAnalyticsServices.a"; sourceTree = "<group>"; };
		06F03A0FECB4465F92A33EF9 /* zip.h */ = {isa = PBXFileReference; fileEncoding = 4; lastKnownFileType = sourcecode.c.h; name = zip.h; path = "ionic-plugin-deploy/zip.h"; sourceTree = "<group>"; };
		0A5DD6D2B234449E934DEF9B /* UNISimpleRequest.h */ = {isa = PBXFileReference; fileEncoding = 4; lastKnownFileType = sourcecode.c.h; name = UNISimpleRequest.h; path = "ionic-plugin-deploy/UNISimpleRequest.h"; sourceTree = "<group>"; };
		0B9CE8CD0F49494DAA421ADA /* gzwrite.c */ = {isa = PBXFileReference; fileEncoding = 4; lastKnownFileType = unknown; name = gzwrite.c; path = "ionic-plugin-deploy/gzwrite.c"; sourceTree = "<group>"; };
		0E3C90D70BED478C91C2208B /* CDVSound.h */ = {isa = PBXFileReference; fileEncoding = 4; lastKnownFileType = sourcecode.c.h; name = CDVSound.h; path = org.apache.cordova.media/CDVSound.h; sourceTree = "<group>"; };
		0E5810D5F6054DC9961E797B /* UNIHTTPStringResponse.m */ = {isa = PBXFileReference; fileEncoding = 4; lastKnownFileType = sourcecode.c.objc; name = UNIHTTPStringResponse.m; path = "ionic-plugin-deploy/UNIHTTPStringResponse.m"; sourceTree = "<group>"; };
		0FA2079182E7417183C033FF /* UNIHTTPJsonResponse.m */ = {isa = PBXFileReference; fileEncoding = 4; lastKnownFileType = sourcecode.c.objc; name = UNIHTTPJsonResponse.m; path = "ionic-plugin-deploy/UNIHTTPJsonResponse.m"; sourceTree = "<group>"; };
		14ED30BE8E6F45DDB1FD262A /* AppDelegate+notification.h */ = {isa = PBXFileReference; fileEncoding = 4; lastKnownFileType = sourcecode.c.h; name = "AppDelegate+notification.h"; path = "phonegap-plugin-push/AppDelegate+notification.h"; sourceTree = "<group>"; };
		1549867D11174A8E85EC6672 /* Toast.m */ = {isa = PBXFileReference; fileEncoding = 4; lastKnownFileType = sourcecode.c.objc; name = Toast.m; path = "nl.x-services.plugins.toast/Toast.m"; sourceTree = "<group>"; };
		1803158B7C2F416DB2611332 /* crypt.h */ = {isa = PBXFileReference; fileEncoding = 4; lastKnownFileType = sourcecode.c.h; name = crypt.h; path = "ionic-plugin-deploy/crypt.h"; sourceTree = "<group>"; };
		19D72A876B7E40CBB99047CA /* zutil.c */ = {isa = PBXFileReference; fileEncoding = 4; lastKnownFileType = unknown; name = zutil.c; path = "ionic-plugin-deploy/zutil.c"; sourceTree = "<group>"; };
		1A70ADC54DC5458BA4A0879F /* CDVSplashScreen.m */ = {isa = PBXFileReference; fileEncoding = 4; lastKnownFileType = sourcecode.c.objc; name = CDVSplashScreen.m; path = "cordova-plugin-splashscreen/CDVSplashScreen.m"; sourceTree = "<group>"; };
		1B71007A5BB84EA09B9DB82C /* IonicKeyboard.m */ = {isa = PBXFileReference; fileEncoding = 4; lastKnownFileType = sourcecode.c.objc; name = IonicKeyboard.m; path = com.ionic.keyboard/IonicKeyboard.m; sourceTree = "<group>"; };
		1D3623240D0F684500981E51 /* AppDelegate.h */ = {isa = PBXFileReference; fileEncoding = 4; lastKnownFileType = sourcecode.c.h; path = AppDelegate.h; sourceTree = "<group>"; };
		1D3623250D0F684500981E51 /* AppDelegate.m */ = {isa = PBXFileReference; fileEncoding = 4; lastKnownFileType = sourcecode.c.objc; path = AppDelegate.m; sourceTree = "<group>"; };
		1D6058910D05DD3D006BFB54 /* تعاوني الحفر.app */ = {isa = PBXFileReference; explicitFileType = wrapper.application; includeInIndex = 0; path = "تعاوني الحفر.app"; sourceTree = BUILT_PRODUCTS_DIR; };
		1E880192D7494D0B89819265 /* SSZipArchive.h */ = {isa = PBXFileReference; fileEncoding = 4; lastKnownFileType = sourcecode.c.h; name = SSZipArchive.h; path = "ionic-plugin-deploy/SSZipArchive.h"; sourceTree = "<group>"; };
		26E8666F792745F2847156D5 /* UNIBaseRequest.m */ = {isa = PBXFileReference; fileEncoding = 4; lastKnownFileType = sourcecode.c.objc; name = UNIBaseRequest.m; path = "ionic-plugin-deploy/UNIBaseRequest.m"; sourceTree = "<group>"; };
		272715F663AD43889FC0A9B9 /* CDVNotification.m */ = {isa = PBXFileReference; fileEncoding = 4; lastKnownFileType = sourcecode.c.objc; name = CDVNotification.m; path = org.apache.cordova.dialogs/CDVNotification.m; sourceTree = "<group>"; };
		27FB779F1420463A8C7FB0EF /* CDVLogger.h */ = {isa = PBXFileReference; fileEncoding = 4; lastKnownFileType = sourcecode.c.h; name = CDVLogger.h; path = "cordova-plugin-console/CDVLogger.h"; sourceTree = "<group>"; };
		288765FC0DF74451002DB57D /* CoreGraphics.framework */ = {isa = PBXFileReference; lastKnownFileType = wrapper.framework; name = CoreGraphics.framework; path = System/Library/Frameworks/CoreGraphics.framework; sourceTree = SDKROOT; };
		29B97316FDCFA39411CA2CEA /* main.m */ = {isa = PBXFileReference; fileEncoding = 4; lastKnownFileType = sourcecode.c.objc; path = main.m; sourceTree = "<group>"; };
		2A3D606D5671430ABCB819F9 /* compress.c */ = {isa = PBXFileReference; fileEncoding = 4; lastKnownFileType = unknown; name = compress.c; path = "ionic-plugin-deploy/compress.c"; sourceTree = "<group>"; };
		2CC949BC68A048D1A7F8FFBB /* ARCHelper.h */ = {isa = PBXFileReference; fileEncoding = 4; lastKnownFileType = sourcecode.c.h; name = ARCHelper.h; path = "ionic-plugin-deploy/ARCHelper.h"; sourceTree = "<group>"; };
		2F5622E09D054B3A98E046A0 /* SystemConfiguration.framework */ = {isa = PBXFileReference; fileEncoding = 4; lastKnownFileType = wrapper.framework; name = SystemConfiguration.framework; path = System/Library/Frameworks/SystemConfiguration.framework; sourceTree = SDKROOT; };
		2FC97471CFC44312B81CABBC /* GAIEcommerceFields.h */ = {isa = PBXFileReference; fileEncoding = 4; lastKnownFileType = sourcecode.c.h; name = GAIEcommerceFields.h; path = "cordova-plugin-google-analytics/GAIEcommerceFields.h"; sourceTree = "<group>"; };
		301BF52D109A57CC0062928A /* CordovaLib.xcodeproj */ = {isa = PBXFileReference; lastKnownFileType = "wrapper.pb-project"; name = CordovaLib.xcodeproj; path = CordovaLib/CordovaLib.xcodeproj; sourceTree = "<group>"; };
		301BF56E109A69640062928A /* www */ = {isa = PBXFileReference; lastKnownFileType = folder; path = www; sourceTree = SOURCE_ROOT; };
		302D95EE14D2391D003F00A1 /* MainViewController.h */ = {isa = PBXFileReference; fileEncoding = 4; lastKnownFileType = sourcecode.c.h; path = MainViewController.h; sourceTree = "<group>"; };
		302D95EF14D2391D003F00A1 /* MainViewController.m */ = {isa = PBXFileReference; fileEncoding = 4; lastKnownFileType = sourcecode.c.objc; path = MainViewController.m; sourceTree = "<group>"; };
		302D95F014D2391D003F00A1 /* MainViewController.xib */ = {isa = PBXFileReference; fileEncoding = 4; lastKnownFileType = file.xib; path = MainViewController.xib; sourceTree = "<group>"; };
		305D5FD0115AB8F900A74A75 /* MobileCoreServices.framework */ = {isa = PBXFileReference; lastKnownFileType = wrapper.framework; name = MobileCoreServices.framework; path = System/Library/Frameworks/MobileCoreServices.framework; sourceTree = SDKROOT; };
		3061B48ED043470CA331DA65 /* CDVLocalFilesystem.h */ = {isa = PBXFileReference; fileEncoding = 4; lastKnownFileType = sourcecode.c.h; name = CDVLocalFilesystem.h; path = org.apache.cordova.file/CDVLocalFilesystem.h; sourceTree = "<group>"; };
		3088BBB7154F3926009F9C59 /* Default-Landscape@2x~ipad.png */ = {isa = PBXFileReference; lastKnownFileType = image.png; path = "Default-Landscape@2x~ipad.png"; sourceTree = "<group>"; };
		3088BBB8154F3926009F9C59 /* Default-Landscape~ipad.png */ = {isa = PBXFileReference; lastKnownFileType = image.png; path = "Default-Landscape~ipad.png"; sourceTree = "<group>"; };
		3088BBB9154F3926009F9C59 /* Default-Portrait@2x~ipad.png */ = {isa = PBXFileReference; lastKnownFileType = image.png; path = "Default-Portrait@2x~ipad.png"; sourceTree = "<group>"; };
		3088BBBA154F3926009F9C59 /* Default-Portrait~ipad.png */ = {isa = PBXFileReference; lastKnownFileType = image.png; path = "Default-Portrait~ipad.png"; sourceTree = "<group>"; };
		3088BBBB154F3926009F9C59 /* Default@2x~iphone.png */ = {isa = PBXFileReference; lastKnownFileType = image.png; path = "Default@2x~iphone.png"; sourceTree = "<group>"; };
		3088BBBC154F3926009F9C59 /* Default~iphone.png */ = {isa = PBXFileReference; lastKnownFileType = image.png; path = "Default~iphone.png"; sourceTree = "<group>"; };
		308D052E1370CCF300D202BF /* icon-72.png */ = {isa = PBXFileReference; lastKnownFileType = image.png; path = "icon-72.png"; sourceTree = "<group>"; };
		308D052F1370CCF300D202BF /* icon.png */ = {isa = PBXFileReference; lastKnownFileType = image.png; path = icon.png; sourceTree = "<group>"; };
		308D05301370CCF300D202BF /* icon@2x.png */ = {isa = PBXFileReference; lastKnownFileType = image.png; path = "icon@2x.png"; sourceTree = "<group>"; };
		30B4F2FD19D5E07200D9F7D8 /* Default-667h.png */ = {isa = PBXFileReference; lastKnownFileType = image.png; path = "Default-667h.png"; sourceTree = "<group>"; };
		30B4F2FE19D5E07200D9F7D8 /* Default-736h.png */ = {isa = PBXFileReference; lastKnownFileType = image.png; path = "Default-736h.png"; sourceTree = "<group>"; };
		30B4F2FF19D5E07200D9F7D8 /* Default-Landscape-736h.png */ = {isa = PBXFileReference; lastKnownFileType = image.png; path = "Default-Landscape-736h.png"; sourceTree = "<group>"; };
		30C1856519D5FC0A00212699 /* icon-60@3x.png */ = {isa = PBXFileReference; lastKnownFileType = image.png; path = "icon-60@3x.png"; sourceTree = "<group>"; };
		30FC414816E50CA1004E6F35 /* icon-72@2x.png */ = {isa = PBXFileReference; lastKnownFileType = image.png; path = "icon-72@2x.png"; sourceTree = "<group>"; };
		3214837104EE4335A0E10BE2 /* UNIRest.h */ = {isa = PBXFileReference; fileEncoding = 4; lastKnownFileType = sourcecode.c.h; name = UNIRest.h; path = "ionic-plugin-deploy/UNIRest.h"; sourceTree = "<group>"; };
		3269BAB50AF24BB4AF925885 /* zconf.h */ = {isa = PBXFileReference; fileEncoding = 4; lastKnownFileType = sourcecode.c.h; name = zconf.h; path = "ionic-plugin-deploy/zconf.h"; sourceTree = "<group>"; };
		32CA4F630368D1EE00C91783 /* تعاوني الحفر-Prefix.pch */ = {isa = PBXFileReference; fileEncoding = 4; lastKnownFileType = sourcecode.c.h; path = "تعاوني الحفر-Prefix.pch"; sourceTree = "<group>"; };
		359B95DF365E48B0A71958D7 /* crc32.h */ = {isa = PBXFileReference; fileEncoding = 4; lastKnownFileType = sourcecode.c.h; name = crc32.h; path = "ionic-plugin-deploy/crc32.h"; sourceTree = "<group>"; };
		36BE23F0C312423EB6F8E3FE /* libz.dylib */ = {isa = PBXFileReference; fileEncoding = 4; lastKnownFileType = "compiled.mach-o.dylib"; name = libz.dylib; path = usr/lib/libz.dylib; sourceTree = SDKROOT; };
		3883F1C7E89E4DC1B86AFB4B /* GAILogger.h */ = {isa = PBXFileReference; fileEncoding = 4; lastKnownFileType = sourcecode.c.h; name = GAILogger.h; path = "cordova-plugin-google-analytics/GAILogger.h"; sourceTree = "<group>"; };
		3C4ED26D062A482890B3B83C /* Base64.m */ = {isa = PBXFileReference; fileEncoding = 4; lastKnownFileType = sourcecode.c.objc; name = Base64.m; path = "ionic-plugin-deploy/Base64.m"; sourceTree = "<group>"; };
		3D54BE28AA8847BAA4D120CC /* adler32.c */ = {isa = PBXFileReference; fileEncoding = 4; lastKnownFileType = unknown; name = adler32.c; path = "ionic-plugin-deploy/adler32.c"; sourceTree = "<group>"; };
		3DC9BBC2B96E4160ACA04FBE /* Toast+UIView.m */ = {isa = PBXFileReference; fileEncoding = 4; lastKnownFileType = sourcecode.c.objc; name = "Toast+UIView.m"; path = "nl.x-services.plugins.toast/Toast+UIView.m"; sourceTree = "<group>"; };
		3DD30AFA086D4677901510C1 /* GAIDictionaryBuilder.h */ = {isa = PBXFileReference; fileEncoding = 4; lastKnownFileType = sourcecode.c.h; name = GAIDictionaryBuilder.h; path = "cordova-plugin-google-analytics/GAIDictionaryBuilder.h"; sourceTree = "<group>"; };
		42D3960C462A4E028F8BFFB4 /* gzguts.h */ = {isa = PBXFileReference; fileEncoding = 4; lastKnownFileType = sourcecode.c.h; name = gzguts.h; path = "ionic-plugin-deploy/gzguts.h"; sourceTree = "<group>"; };
		45909822184F446BA45C292D /* inffixed.h */ = {isa = PBXFileReference; fileEncoding = 4; lastKnownFileType = sourcecode.c.h; name = inffixed.h; path = "ionic-plugin-deploy/inffixed.h"; sourceTree = "<group>"; };
		4746AFCA42FE4DD6A67D0E0A /* CDVSound.m */ = {isa = PBXFileReference; fileEncoding = 4; lastKnownFileType = sourcecode.c.objc; name = CDVSound.m; path = org.apache.cordova.media/CDVSound.m; sourceTree = "<group>"; };
		48BA60E6A8B84A6C923BCB8D /* SSZipArchive.m */ = {isa = PBXFileReference; fileEncoding = 4; lastKnownFileType = sourcecode.c.objc; name = SSZipArchive.m; path = "ionic-plugin-deploy/SSZipArchive.m"; sourceTree = "<group>"; };
		4DCF42AFC2EB4CC9B4E9644D /* UNIHTTPJsonResponse.h */ = {isa = PBXFileReference; fileEncoding = 4; lastKnownFileType = sourcecode.c.h; name = UNIHTTPJsonResponse.h; path = "ionic-plugin-deploy/UNIHTTPJsonResponse.h"; sourceTree = "<group>"; };
		4E7CB4D082D84ACA9479108B /* GAITrackedViewController.h */ = {isa = PBXFileReference; fileEncoding = 4; lastKnownFileType = sourcecode.c.h; name = GAITrackedViewController.h; path = "cordova-plugin-google-analytics/GAITrackedViewController.h"; sourceTree = "<group>"; };
		4EF04A6872344B03BDC40961 /* UNIHTTPRequestWithBody.h */ = {isa = PBXFileReference; fileEncoding = 4; lastKnownFileType = sourcecode.c.h; name = UNIHTTPRequestWithBody.h; path = "ionic-plugin-deploy/UNIHTTPRequestWithBody.h"; sourceTree = "<group>"; };
		50D2686040CE42238FBABAB5 /* Unirest-Prefix.pch */ = {isa = PBXFileReference; fileEncoding = 4; lastKnownFileType = unknown; name = "Unirest-Prefix.pch"; path = "ionic-plugin-deploy/Unirest-Prefix.pch"; sourceTree = "<group>"; };
		53C258E5378F47DFB34F7D47 /* UNIUrlConnection.m */ = {isa = PBXFileReference; fileEncoding = 4; lastKnownFileType = sourcecode.c.objc; name = UNIUrlConnection.m; path = "ionic-plugin-deploy/UNIUrlConnection.m"; sourceTree = "<group>"; };
		54E79CB7E8CD45358E2B7F88 /* ioapi.c */ = {isa = PBXFileReference; fileEncoding = 4; lastKnownFileType = unknown; name = ioapi.c; path = "ionic-plugin-deploy/ioapi.c"; sourceTree = "<group>"; };
		58BA732610864A3298E1A973 /* DownloadManager.h */ = {isa = PBXFileReference; fileEncoding = 4; lastKnownFileType = sourcecode.c.h; name = DownloadManager.h; path = "ionic-plugin-deploy/DownloadManager.h"; sourceTree = "<group>"; };
		5B1594DC16A7569C00FEF299 /* AssetsLibrary.framework */ = {isa = PBXFileReference; lastKnownFileType = wrapper.framework; name = AssetsLibrary.framework; path = System/Library/Frameworks/AssetsLibrary.framework; sourceTree = SDKROOT; };
		5B4772A6C2394F2890122BC8 /* Download.m */ = {isa = PBXFileReference; fileEncoding = 4; lastKnownFileType = sourcecode.c.objc; name = Download.m; path = "ionic-plugin-deploy/Download.m"; sourceTree = "<group>"; };
		5D4CBAA30785484D881080A9 /* ioapi.h */ = {isa = PBXFileReference; fileEncoding = 4; lastKnownFileType = sourcecode.c.h; name = ioapi.h; path = "ionic-plugin-deploy/ioapi.h"; sourceTree = "<group>"; };
		5DF7FB1B42874988A5FDF22F /* UIWebViewExtension.m */ = {isa = PBXFileReference; fileEncoding = 4; lastKnownFileType = sourcecode.c.objc; name = UIWebViewExtension.m; path = com.ionic.keyboard/UIWebViewExtension.m; sourceTree = "<group>"; };
		6004BAA4E22049D1A0F7BC67 /* gzclose.c */ = {isa = PBXFileReference; fileEncoding = 4; lastKnownFileType = unknown; name = gzclose.c; path = "ionic-plugin-deploy/gzclose.c"; sourceTree = "<group>"; };
		6091DA304504455CB613935C /* IonicDeploy.m */ = {isa = PBXFileReference; fileEncoding = 4; lastKnownFileType = sourcecode.c.objc; name = IonicDeploy.m; path = "ionic-plugin-deploy/IonicDeploy.m"; sourceTree = "<group>"; };
		636BB017E45845BEA2890F07 /* Base64.h */ = {isa = PBXFileReference; fileEncoding = 4; lastKnownFileType = sourcecode.c.h; name = Base64.h; path = "ionic-plugin-deploy/Base64.h"; sourceTree = "<group>"; };
		63BA4D0F615243B8802D968F /* inftrees.h */ = {isa = PBXFileReference; fileEncoding = 4; lastKnownFileType = sourcecode.c.h; name = inftrees.h; path = "ionic-plugin-deploy/inftrees.h"; sourceTree = "<group>"; };
		68F7CD96C3794B50AA54AC7D /* UNIHTTPRequest.m */ = {isa = PBXFileReference; fileEncoding = 4; lastKnownFileType = sourcecode.c.objc; name = UNIHTTPRequest.m; path = "ionic-plugin-deploy/UNIHTTPRequest.m"; sourceTree = "<group>"; };
		6A35777F175C4E30B8C2ABCC /* GAI.h */ = {isa = PBXFileReference; fileEncoding = 4; lastKnownFileType = sourcecode.c.h; name = GAI.h; path = "cordova-plugin-google-analytics/GAI.h"; sourceTree = "<group>"; };
		6BD739FFB134481CBF1FAF22 /* unzip.c */ = {isa = PBXFileReference; fileEncoding = 4; lastKnownFileType = unknown; name = unzip.c; path = "ionic-plugin-deploy/unzip.c"; sourceTree = "<group>"; };
		6CAB7D0B18494C82AE710D2B /* Download.h */ = {isa = PBXFileReference; fileEncoding = 4; lastKnownFileType = sourcecode.c.h; name = Download.h; path = "ionic-plugin-deploy/Download.h"; sourceTree = "<group>"; };
		6EF565FD0D8A461684BDEC48 /* deflate.c */ = {isa = PBXFileReference; fileEncoding = 4; lastKnownFileType = unknown; name = deflate.c; path = "ionic-plugin-deploy/deflate.c"; sourceTree = "<group>"; };
		6F6CC086ABDD42108CEB1E8D /* UNIHTTPResponse.m */ = {isa = PBXFileReference; fileEncoding = 4; lastKnownFileType = sourcecode.c.objc; name = UNIHTTPResponse.m; path = "ionic-plugin-deploy/UNIHTTPResponse.m"; sourceTree = "<group>"; };
		7013C334C8C94C2FAEE8E14A /* zutil.h */ = {isa = PBXFileReference; fileEncoding = 4; lastKnownFileType = sourcecode.c.h; name = zutil.h; path = "ionic-plugin-deploy/zutil.h"; sourceTree = "<group>"; };
		746618AFA9614D3581382A0F /* IonicDeploy.h */ = {isa = PBXFileReference; fileEncoding = 4; lastKnownFileType = sourcecode.c.h; name = IonicDeploy.h; path = "ionic-plugin-deploy/IonicDeploy.h"; sourceTree = "<group>"; };
		78311038C1654973A3C0878B /* IonicKeyboard.h */ = {isa = PBXFileReference; fileEncoding = 4; lastKnownFileType = sourcecode.c.h; name = IonicKeyboard.h; path = com.ionic.keyboard/IonicKeyboard.h; sourceTree = "<group>"; };
		7A3D48B5BCD640FAA91FEE55 /* IonicConstant.m */ = {isa = PBXFileReference; fileEncoding = 4; lastKnownFileType = sourcecode.c.objc; name = IonicConstant.m; path = "ionic-plugin-deploy/IonicConstant.m"; sourceTree = "<group>"; };
		7AB3F41BAE074691BC67E2E4 /* CDVLocalFilesystem.m */ = {isa = PBXFileReference; fileEncoding = 4; lastKnownFileType = sourcecode.c.objc; name = CDVLocalFilesystem.m; path = org.apache.cordova.file/CDVLocalFilesystem.m; sourceTree = "<group>"; };
		7B4E9A40B86541489877D893 /* AppDelegate+notification.m */ = {isa = PBXFileReference; fileEncoding = 4; lastKnownFileType = sourcecode.c.objc; name = "AppDelegate+notification.m"; path = "phonegap-plugin-push/AppDelegate+notification.m"; sourceTree = "<group>"; };
		7C20974ABB414A82BBD1116E /* UNIUrlConnection.h */ = {isa = PBXFileReference; fileEncoding = 4; lastKnownFileType = sourcecode.c.h; name = UNIUrlConnection.h; path = "ionic-plugin-deploy/UNIUrlConnection.h"; sourceTree = "<group>"; };
		7CCBBD19AD114DDBA00CC6C4 /* QuartzCore.framework */ = {isa = PBXFileReference; fileEncoding = 4; lastKnownFileType = wrapper.framework; name = QuartzCore.framework; path = System/Library/Frameworks/QuartzCore.framework; sourceTree = SDKROOT; };
		7E7966D41810823500FA85AD /* icon-40.png */ = {isa = PBXFileReference; lastKnownFileType = image.png; path = "icon-40.png"; sourceTree = "<group>"; };
		7E7966D51810823500FA85AD /* icon-40@2x.png */ = {isa = PBXFileReference; lastKnownFileType = image.png; path = "icon-40@2x.png"; sourceTree = "<group>"; };
		7E7966D61810823500FA85AD /* icon-50.png */ = {isa = PBXFileReference; lastKnownFileType = image.png; path = "icon-50.png"; sourceTree = "<group>"; };
		7E7966D71810823500FA85AD /* icon-50@2x.png */ = {isa = PBXFileReference; lastKnownFileType = image.png; path = "icon-50@2x.png"; sourceTree = "<group>"; };
		7E7966D81810823500FA85AD /* icon-60.png */ = {isa = PBXFileReference; lastKnownFileType = image.png; path = "icon-60.png"; sourceTree = "<group>"; };
		7E7966D91810823500FA85AD /* icon-60@2x.png */ = {isa = PBXFileReference; lastKnownFileType = image.png; path = "icon-60@2x.png"; sourceTree = "<group>"; };
		7E7966DA1810823500FA85AD /* icon-76.png */ = {isa = PBXFileReference; lastKnownFileType = image.png; path = "icon-76.png"; sourceTree = "<group>"; };
		7E7966DB1810823500FA85AD /* icon-76@2x.png */ = {isa = PBXFileReference; lastKnownFileType = image.png; path = "icon-76@2x.png"; sourceTree = "<group>"; };
		7E7966DC1810823500FA85AD /* icon-small.png */ = {isa = PBXFileReference; lastKnownFileType = image.png; path = "icon-small.png"; sourceTree = "<group>"; };
		7E7966DD1810823500FA85AD /* icon-small@2x.png */ = {isa = PBXFileReference; lastKnownFileType = image.png; path = "icon-small@2x.png"; sourceTree = "<group>"; };
		80C12C6E7BCB4C7C924E9ED1 /* CDVDevice.h */ = {isa = PBXFileReference; fileEncoding = 4; lastKnownFileType = sourcecode.c.h; name = CDVDevice.h; path = "cordova-plugin-device/CDVDevice.h"; sourceTree = "<group>"; };
		80C8E9FCC4224438AD2BCEF0 /* inflate.c */ = {isa = PBXFileReference; fileEncoding = 4; lastKnownFileType = unknown; name = inflate.c; path = "ionic-plugin-deploy/inflate.c"; sourceTree = "<group>"; };
		8271140EB2AC4F588A21DF89 /* CDVFile.m */ = {isa = PBXFileReference; fileEncoding = 4; lastKnownFileType = sourcecode.c.objc; name = CDVFile.m; path = org.apache.cordova.file/CDVFile.m; sourceTree = "<group>"; };
		840CF5FAA7FB42FE938BCD0B /* PushPlugin.h */ = {isa = PBXFileReference; fileEncoding = 4; lastKnownFileType = sourcecode.c.h; name = PushPlugin.h; path = "phonegap-plugin-push/PushPlugin.h"; sourceTree = "<group>"; };
		898C9BA76DE5463FA6854CF0 /* UNIHTTPClientHelper.h */ = {isa = PBXFileReference; fileEncoding = 4; lastKnownFileType = sourcecode.c.h; name = UNIHTTPClientHelper.h; path = "ionic-plugin-deploy/UNIHTTPClientHelper.h"; sourceTree = "<group>"; };
		8A9D27A8099F4260B00EFA70 /* AudioToolbox.framework */ = {isa = PBXFileReference; fileEncoding = 4; lastKnownFileType = wrapper.framework; name = AudioToolbox.framework; path = System/Library/Frameworks/AudioToolbox.framework; sourceTree = SDKROOT; };
		8D1107310486CEB800E47090 /* تعاوني الحفر-Info.plist */ = {isa = PBXFileReference; fileEncoding = 4; lastKnownFileType = text.plist.xml; name = "تعاوني الحفر-Info.plist"; path = "../تعاوني الحفر-Info.plist"; plistStructureDefinitionIdentifier = "com.apple.xcode.plist.structure-definition.iphone.info-plist"; sourceTree = "<group>"; };
		8E33B57759054A6ABF13135F /* IonicConstant.h */ = {isa = PBXFileReference; fileEncoding = 4; lastKnownFileType = sourcecode.c.h; name = IonicConstant.h; path = "ionic-plugin-deploy/IonicConstant.h"; sourceTree = "<group>"; };
		91BC6B0F36784C69B54A8C61 /* GAIFields.h */ = {isa = PBXFileReference; fileEncoding = 4; lastKnownFileType = sourcecode.c.h; name = GAIFields.h; path = "cordova-plugin-google-analytics/GAIFields.h"; sourceTree = "<group>"; };
		960BA32889EB4B88B42BA90E /* deflate.h */ = {isa = PBXFileReference; fileEncoding = 4; lastKnownFileType = sourcecode.c.h; name = deflate.h; path = "ionic-plugin-deploy/deflate.h"; sourceTree = "<group>"; };
		968DF6A471144F908A4794F8 /* PushPlugin.m */ = {isa = PBXFileReference; fileEncoding = 4; lastKnownFileType = sourcecode.c.objc; name = PushPlugin.m; path = "phonegap-plugin-push/PushPlugin.m"; sourceTree = "<group>"; };
		9944AECDC4C245C686BFBC9C /* trees.h */ = {isa = PBXFileReference; fileEncoding = 4; lastKnownFileType = sourcecode.c.h; name = trees.h; path = "ionic-plugin-deploy/trees.h"; sourceTree = "<group>"; };
		9D7B6E98E75541739825DF85 /* gzread.c */ = {isa = PBXFileReference; fileEncoding = 4; lastKnownFileType = unknown; name = gzread.c; path = "ionic-plugin-deploy/gzread.c"; sourceTree = "<group>"; };
		9DA8ECFE232A4428B51BE79C /* Toast+UIView.h */ = {isa = PBXFileReference; fileEncoding = 4; lastKnownFileType = sourcecode.c.h; name = "Toast+UIView.h"; path = "nl.x-services.plugins.toast/Toast+UIView.h"; sourceTree = "<group>"; };
		A26FAA588AE4477DAC9CFBDB /* UNIHTTPClientHelper.m */ = {isa = PBXFileReference; fileEncoding = 4; lastKnownFileType = sourcecode.c.objc; name = UNIHTTPClientHelper.m; path = "ionic-plugin-deploy/UNIHTTPClientHelper.m"; sourceTree = "<group>"; };
		A4A02F8A660F420B8A1D7A0F /* trees.c */ = {isa = PBXFileReference; fileEncoding = 4; lastKnownFileType = unknown; name = trees.c; path = "ionic-plugin-deploy/trees.c"; sourceTree = "<group>"; };
		A9D51D7E21F84FEB9C375B07 /* CDVDevice.m */ = {isa = PBXFileReference; fileEncoding = 4; lastKnownFileType = sourcecode.c.objc; name = CDVDevice.m; path = "cordova-plugin-device/CDVDevice.m"; sourceTree = "<group>"; };
		AAEC21B05D184F009B1CD9C3 /* crc32.c */ = {isa = PBXFileReference; fileEncoding = 4; lastKnownFileType = unknown; name = crc32.c; path = "ionic-plugin-deploy/crc32.c"; sourceTree = "<group>"; };
		AD1B6A0A7E1D4FB9A0EE4385 /* UNIHTTPBinaryResponse.m */ = {isa = PBXFileReference; fileEncoding = 4; lastKnownFileType = sourcecode.c.objc; name = UNIHTTPBinaryResponse.m; path = "ionic-plugin-deploy/UNIHTTPBinaryResponse.m"; sourceTree = "<group>"; };
		B4A3856D455D46DF9277EC0F /* UniversalAnalyticsPlugin.h */ = {isa = PBXFileReference; fileEncoding = 4; lastKnownFileType = sourcecode.c.h; name = UniversalAnalyticsPlugin.h; path = "cordova-plugin-google-analytics/UniversalAnalyticsPlugin.h"; sourceTree = "<group>"; };
		B5ED3B8C5FF84A6A8243CF92 /* CDVAssetLibraryFilesystem.m */ = {isa = PBXFileReference; fileEncoding = 4; lastKnownFileType = sourcecode.c.objc; name = CDVAssetLibraryFilesystem.m; path = org.apache.cordova.file/CDVAssetLibraryFilesystem.m; sourceTree = "<group>"; };
		B8877DF4186949A683D4699A /* UNIJsonNode.m */ = {isa = PBXFileReference; fileEncoding = 4; lastKnownFileType = sourcecode.c.objc; name = UNIJsonNode.m; path = "ionic-plugin-deploy/UNIJsonNode.m"; sourceTree = "<group>"; };
		B8F45924A3EB4C13AE794B18 /* zlib.h */ = {isa = PBXFileReference; fileEncoding = 4; lastKnownFileType = sourcecode.c.h; name = zlib.h; path = "ionic-plugin-deploy/zlib.h"; sourceTree = "<group>"; };
		B8FFE82AB1B747FCB28328F3 /* gzlib.c */ = {isa = PBXFileReference; fileEncoding = 4; lastKnownFileType = unknown; name = gzlib.c; path = "ionic-plugin-deploy/gzlib.c"; sourceTree = "<group>"; };
		BA8AFCAC71844EFE9887D5FB /* UNIBodyRequest.h */ = {isa = PBXFileReference; fileEncoding = 4; lastKnownFileType = sourcecode.c.h; name = UNIBodyRequest.h; path = "ionic-plugin-deploy/UNIBodyRequest.h"; sourceTree = "<group>"; };
		BB3A34AC166246DE82D64FEE /* CDVNotification.bundle */ = {isa = PBXFileReference; lastKnownFileType = "wrapper.plug-in"; path = CDVNotification.bundle; sourceTree = "<group>"; };
		BC25704798F34F26BC57B58C /* CDVNotification.h */ = {isa = PBXFileReference; fileEncoding = 4; lastKnownFileType = sourcecode.c.h; name = CDVNotification.h; path = org.apache.cordova.dialogs/CDVNotification.h; sourceTree = "<group>"; };
		C2E737981BE54699A5A9D33D /* UNIHTTPRequestWithBody.m */ = {isa = PBXFileReference; fileEncoding = 4; lastKnownFileType = sourcecode.c.objc; name = UNIHTTPRequestWithBody.m; path = "ionic-plugin-deploy/UNIHTTPRequestWithBody.m"; sourceTree = "<group>"; };
		C783954B47C3475B8260B062 /* CDVSplashScreen.h */ = {isa = PBXFileReference; fileEncoding = 4; lastKnownFileType = sourcecode.c.h; name = CDVSplashScreen.h; path = "cordova-plugin-splashscreen/CDVSplashScreen.h"; sourceTree = "<group>"; };
		CA35F3D231324C60BF3543EA /* DownloadManager.m */ = {isa = PBXFileReference; fileEncoding = 4; lastKnownFileType = sourcecode.c.objc; name = DownloadManager.m; path = "ionic-plugin-deploy/DownloadManager.m"; sourceTree = "<group>"; };
		CB17F68675F5464CA9BC1B99 /* infback.c */ = {isa = PBXFileReference; fileEncoding = 4; lastKnownFileType = unknown; name = infback.c; path = "ionic-plugin-deploy/infback.c"; sourceTree = "<group>"; };
		CC8D4D13B53C4E0399090932 /* inflate.h */ = {isa = PBXFileReference; fileEncoding = 4; lastKnownFileType = sourcecode.c.h; name = inflate.h; path = "ionic-plugin-deploy/inflate.h"; sourceTree = "<group>"; };
		CDBD55D9D18C4120B93FE16C /* UniversalAnalyticsPlugin.m */ = {isa = PBXFileReference; fileEncoding = 4; lastKnownFileType = sourcecode.c.objc; name = UniversalAnalyticsPlugin.m; path = "cordova-plugin-google-analytics/UniversalAnalyticsPlugin.m"; sourceTree = "<group>"; };
		CDFD375F361B4C2692E577E1 /* GAIEcommercePromotion.h */ = {isa = PBXFileReference; fileEncoding = 4; lastKnownFileType = sourcecode.c.h; name = GAIEcommercePromotion.h; path = "cordova-plugin-google-analytics/GAIEcommercePromotion.h"; sourceTree = "<group>"; };
		CEFEBDFC29FE43B2890C1A93 /* UIWebViewExtension.h */ = {isa = PBXFileReference; fileEncoding = 4; lastKnownFileType = sourcecode.c.h; name = UIWebViewExtension.h; path = com.ionic.keyboard/UIWebViewExtension.h; sourceTree = "<group>"; };
		CF30706924C1418AB8294EC9 /* uncompr.c */ = {isa = PBXFileReference; fileEncoding = 4; lastKnownFileType = unknown; name = uncompr.c; path = "ionic-plugin-deploy/uncompr.c"; sourceTree = "<group>"; };
		D13C10E0FA42446C936983A2 /* inftrees.c */ = {isa = PBXFileReference; fileEncoding = 4; lastKnownFileType = unknown; name = inftrees.c; path = "ionic-plugin-deploy/inftrees.c"; sourceTree = "<group>"; };
		D4A0D8751607E02300AEF8BB /* Default-568h@2x~iphone.png */ = {isa = PBXFileReference; lastKnownFileType = image.png; path = "Default-568h@2x~iphone.png"; sourceTree = "<group>"; };
		D7B5ADE73CD4440CABAACC7D /* CoreData.framework */ = {isa = PBXFileReference; fileEncoding = 4; lastKnownFileType = wrapper.framework; name = CoreData.framework; path = System/Library/Frameworks/CoreData.framework; sourceTree = SDKROOT; };
		D802216BF77F4B798789780E /* UNIJsonNode.h */ = {isa = PBXFileReference; fileEncoding = 4; lastKnownFileType = sourcecode.c.h; name = UNIJsonNode.h; path = "ionic-plugin-deploy/UNIJsonNode.h"; sourceTree = "<group>"; };
		D8EEC5BDC78D4B1195227F8A /* zip.c */ = {isa = PBXFileReference; fileEncoding = 4; lastKnownFileType = unknown; name = zip.c; path = "ionic-plugin-deploy/zip.c"; sourceTree = "<group>"; };
		D96B8C87C88344E89840E72E /* GAIEcommerceProductAction.h */ = {isa = PBXFileReference; fileEncoding = 4; lastKnownFileType = sourcecode.c.h; name = GAIEcommerceProductAction.h; path = "cordova-plugin-google-analytics/GAIEcommerceProductAction.h"; sourceTree = "<group>"; };
		DBBDAF0A9D8248559B49EAFC /* CDVInAppBrowser.h */ = {isa = PBXFileReference; fileEncoding = 4; lastKnownFileType = sourcecode.c.h; name = CDVInAppBrowser.h; path = org.apache.cordova.inappbrowser/CDVInAppBrowser.h; sourceTree = "<group>"; };
		DD4085F2D0CB437689C7DD1B /* libsqlite3.0.dylib */ = {isa = PBXFileReference; fileEncoding = 4; lastKnownFileType = "compiled.mach-o.dylib"; name = libsqlite3.0.dylib; path = usr/lib/libsqlite3.0.dylib; sourceTree = SDKROOT; };
		DE92185F15F844CAB6424837 /* UNIHTTPRequest.h */ = {isa = PBXFileReference; fileEncoding = 4; lastKnownFileType = sourcecode.c.h; name = UNIHTTPRequest.h; path = "ionic-plugin-deploy/UNIHTTPRequest.h"; sourceTree = "<group>"; };
		DFC0D0F52B5646999C0BB01D /* CDVLogger.m */ = {isa = PBXFileReference; fileEncoding = 4; lastKnownFileType = sourcecode.c.objc; name = CDVLogger.m; path = "cordova-plugin-console/CDVLogger.m"; sourceTree = "<group>"; };
		E4030966010241C99CB646D8 /* inffast.c */ = {isa = PBXFileReference; fileEncoding = 4; lastKnownFileType = unknown; name = inffast.c; path = "ionic-plugin-deploy/inffast.c"; sourceTree = "<group>"; };
		E4F991660B184B1081D908DD /* UNIHTTPResponse.h */ = {isa = PBXFileReference; fileEncoding = 4; lastKnownFileType = sourcecode.c.h; name = UNIHTTPResponse.h; path = "ionic-plugin-deploy/UNIHTTPResponse.h"; sourceTree = "<group>"; };
		E86EEF1A931A4AEB9DEDB0BA /* unzip.h */ = {isa = PBXFileReference; fileEncoding = 4; lastKnownFileType = sourcecode.c.h; name = unzip.h; path = "ionic-plugin-deploy/unzip.h"; sourceTree = "<group>"; };
		E9D054217E134C2798A5F071 /* GAIEcommerceProduct.h */ = {isa = PBXFileReference; fileEncoding = 4; lastKnownFileType = sourcecode.c.h; name = GAIEcommerceProduct.h; path = "cordova-plugin-google-analytics/GAIEcommerceProduct.h"; sourceTree = "<group>"; };
		EAE35FA40746401EAC517BBB /* GAITracker.h */ = {isa = PBXFileReference; fileEncoding = 4; lastKnownFileType = sourcecode.c.h; name = GAITracker.h; path = "cordova-plugin-google-analytics/GAITracker.h"; sourceTree = "<group>"; };
		EB87FDF21871DA7A0020F90C /* merges */ = {isa = PBXFileReference; lastKnownFileType = folder; name = merges; path = ../../merges; sourceTree = "<group>"; };
		EB87FDF31871DA8E0020F90C /* www */ = {isa = PBXFileReference; lastKnownFileType = folder; name = www; path = ../../www; sourceTree = "<group>"; };
		EB87FDF41871DAF40020F90C /* config.xml */ = {isa = PBXFileReference; lastKnownFileType = text.xml; name = config.xml; path = ../../config.xml; sourceTree = "<group>"; };
		EDDCE0FA2B234A71BD4AC925 /* UNIBodyRequest.m */ = {isa = PBXFileReference; fileEncoding = 4; lastKnownFileType = sourcecode.c.objc; name = UNIBodyRequest.m; path = "ionic-plugin-deploy/UNIBodyRequest.m"; sourceTree = "<group>"; };
		EF53C5FF0CA14E54AE80A4DD /* CDVInAppBrowser.m */ = {isa = PBXFileReference; fileEncoding = 4; lastKnownFileType = sourcecode.c.objc; name = CDVInAppBrowser.m; path = org.apache.cordova.inappbrowser/CDVInAppBrowser.m; sourceTree = "<group>"; };
		EFBDA3478F694409AEA3BFE5 /* UNISimpleRequest.m */ = {isa = PBXFileReference; fileEncoding = 4; lastKnownFileType = sourcecode.c.objc; name = UNISimpleRequest.m; path = "ionic-plugin-deploy/UNISimpleRequest.m"; sourceTree = "<group>"; };
		F15FF0B43EC64852B5792B7A /* CDVAssetLibraryFilesystem.h */ = {isa = PBXFileReference; fileEncoding = 4; lastKnownFileType = sourcecode.c.h; name = CDVAssetLibraryFilesystem.h; path = org.apache.cordova.file/CDVAssetLibraryFilesystem.h; sourceTree = "<group>"; };
		F840E1F0165FE0F500CFE078 /* config.xml */ = {isa = PBXFileReference; lastKnownFileType = text.xml; name = config.xml; path = "تعاوني الحفر/config.xml"; sourceTree = "<group>"; };
		FA01BE4E2F324F4EA52229D8 /* UNIHTTPBinaryResponse.h */ = {isa = PBXFileReference; fileEncoding = 4; lastKnownFileType = sourcecode.c.h; name = UNIHTTPBinaryResponse.h; path = "ionic-plugin-deploy/UNIHTTPBinaryResponse.h"; sourceTree = "<group>"; };
		FC43EACF535C4B21B8196765 /* Toast.h */ = {isa = PBXFileReference; fileEncoding = 4; lastKnownFileType = sourcecode.c.h; name = Toast.h; path = "nl.x-services.plugins.toast/Toast.h"; sourceTree = "<group>"; };
		FC8ABE21FBDF4E9B8AF9E619 /* UNIBaseRequest.h */ = {isa = PBXFileReference; fileEncoding = 4; lastKnownFileType = sourcecode.c.h; name = UNIBaseRequest.h; path = "ionic-plugin-deploy/UNIBaseRequest.h"; sourceTree = "<group>"; };
		FD79FEB55A4D4F9DA991A828 /* UNIRest.m */ = {isa = PBXFileReference; fileEncoding = 4; lastKnownFileType = sourcecode.c.objc; name = UNIRest.m; path = "ionic-plugin-deploy/UNIRest.m"; sourceTree = "<group>"; };
		FE55A584EFF248F0A3EC1F13 /* CDVFile.h */ = {isa = PBXFileReference; fileEncoding = 4; lastKnownFileType = sourcecode.c.h; name = CDVFile.h; path = org.apache.cordova.file/CDVFile.h; sourceTree = "<group>"; };
/* End PBXFileReference section */

/* Begin PBXFrameworksBuildPhase section */
		1D60588F0D05DD3D006BFB54 /* Frameworks */ = {
			isa = PBXFrameworksBuildPhase;
			buildActionMask = 2147483647;
			files = (
				5B1594DD16A7569C00FEF299 /* AssetsLibrary.framework in Frameworks */,
				301BF552109A68D80062928A /* libCordova.a in Frameworks */,
				288765FD0DF74451002DB57D /* CoreGraphics.framework in Frameworks */,
				305D5FD1115AB8F900A74A75 /* MobileCoreServices.framework in Frameworks */,
				E8A1BA7B480C477F8A7A31CA /* libGoogleAnalyticsServices.a in Frameworks */,
				867AA0009085489E9629B705 /* SystemConfiguration.framework in Frameworks */,
				72AA9A6A97CA4237B1CDB251 /* CoreData.framework in Frameworks */,
				DCC16D23A6B24CA8AFDF2C55 /* libz.dylib in Frameworks */,
				EB07E976C73E44289CC7F794 /* libsqlite3.0.dylib in Frameworks */,
				654E494C2AD943ABB7B0A695 /* QuartzCore.framework in Frameworks */,
				66CCA52069154CB2B94A923E /* AudioToolbox.framework in Frameworks */,
			);
			runOnlyForDeploymentPostprocessing = 0;
		};
/* End PBXFrameworksBuildPhase section */

/* Begin PBXGroup section */
		080E96DDFE201D6D7F000001 /* Classes */ = {
			isa = PBXGroup;
			children = (
				302D95EE14D2391D003F00A1 /* MainViewController.h */,
				302D95EF14D2391D003F00A1 /* MainViewController.m */,
				302D95F014D2391D003F00A1 /* MainViewController.xib */,
				1D3623240D0F684500981E51 /* AppDelegate.h */,
				1D3623250D0F684500981E51 /* AppDelegate.m */,
			);
			name = Classes;
			path = "تعاوني الحفر/Classes";
			sourceTree = SOURCE_ROOT;
		};
		19C28FACFE9D520D11CA2CBB /* Products */ = {
			isa = PBXGroup;
			children = (
				1D6058910D05DD3D006BFB54 /* تعاوني الحفر.app */,
			);
			name = Products;
			sourceTree = "<group>";
		};
		29B97314FDCFA39411CA2CEA /* CustomTemplate */ = {
			isa = PBXGroup;
			children = (
				EB87FDF41871DAF40020F90C /* config.xml */,
				EB87FDF31871DA8E0020F90C /* www */,
				EB87FDF21871DA7A0020F90C /* merges */,
				EB87FDF11871DA420020F90C /* Staging */,
				301BF52D109A57CC0062928A /* CordovaLib.xcodeproj */,
				080E96DDFE201D6D7F000001 /* Classes */,
				307C750510C5A3420062BCA9 /* Plugins */,
				29B97315FDCFA39411CA2CEA /* Other Sources */,
				29B97317FDCFA39411CA2CEA /* Resources */,
				29B97323FDCFA39411CA2CEA /* Frameworks */,
				19C28FACFE9D520D11CA2CBB /* Products */,
			);
			name = CustomTemplate;
			sourceTree = "<group>";
		};
		29B97315FDCFA39411CA2CEA /* Other Sources */ = {
			isa = PBXGroup;
			children = (
				32CA4F630368D1EE00C91783 /* تعاوني الحفر-Prefix.pch */,
				29B97316FDCFA39411CA2CEA /* main.m */,
			);
			name = "Other Sources";
			path = "تعاوني الحفر";
			sourceTree = "<group>";
		};
		29B97317FDCFA39411CA2CEA /* Resources */ = {
			isa = PBXGroup;
			children = (
				308D052D1370CCF300D202BF /* icons */,
				308D05311370CCF300D202BF /* splash */,
				8D1107310486CEB800E47090 /* تعاوني الحفر-Info.plist */,
				BB3A34AC166246DE82D64FEE /* CDVNotification.bundle */,
			);
			name = Resources;
			path = "تعاوني الحفر/Resources";
			sourceTree = "<group>";
		};
		29B97323FDCFA39411CA2CEA /* Frameworks */ = {
			isa = PBXGroup;
			children = (
				5B1594DC16A7569C00FEF299 /* AssetsLibrary.framework */,
				288765FC0DF74451002DB57D /* CoreGraphics.framework */,
				305D5FD0115AB8F900A74A75 /* MobileCoreServices.framework */,
				065BA7FDA41E4D1F9C79B687 /* libGoogleAnalyticsServices.a */,
				2F5622E09D054B3A98E046A0 /* SystemConfiguration.framework */,
				D7B5ADE73CD4440CABAACC7D /* CoreData.framework */,
				36BE23F0C312423EB6F8E3FE /* libz.dylib */,
				DD4085F2D0CB437689C7DD1B /* libsqlite3.0.dylib */,
				7CCBBD19AD114DDBA00CC6C4 /* QuartzCore.framework */,
				8A9D27A8099F4260B00EFA70 /* AudioToolbox.framework */,
			);
			name = Frameworks;
			sourceTree = "<group>";
		};
		301BF52E109A57CC0062928A /* Products */ = {
			isa = PBXGroup;
			children = (
				301BF535109A57CC0062928A /* libCordova.a */,
			);
			name = Products;
			sourceTree = "<group>";
		};
		307C750510C5A3420062BCA9 /* Plugins */ = {
			isa = PBXGroup;
			children = (
				1B71007A5BB84EA09B9DB82C /* IonicKeyboard.m */,
				5DF7FB1B42874988A5FDF22F /* UIWebViewExtension.m */,
				78311038C1654973A3C0878B /* IonicKeyboard.h */,
				CEFEBDFC29FE43B2890C1A93 /* UIWebViewExtension.h */,
				DFC0D0F52B5646999C0BB01D /* CDVLogger.m */,
				27FB779F1420463A8C7FB0EF /* CDVLogger.h */,
				A9D51D7E21F84FEB9C375B07 /* CDVDevice.m */,
				80C12C6E7BCB4C7C924E9ED1 /* CDVDevice.h */,
				CDBD55D9D18C4120B93FE16C /* UniversalAnalyticsPlugin.m */,
				B4A3856D455D46DF9277EC0F /* UniversalAnalyticsPlugin.h */,
				3DD30AFA086D4677901510C1 /* GAIDictionaryBuilder.h */,
				91BC6B0F36784C69B54A8C61 /* GAIFields.h */,
				3883F1C7E89E4DC1B86AFB4B /* GAILogger.h */,
				4E7CB4D082D84ACA9479108B /* GAITrackedViewController.h */,
				6A35777F175C4E30B8C2ABCC /* GAI.h */,
				EAE35FA40746401EAC517BBB /* GAITracker.h */,
				2FC97471CFC44312B81CABBC /* GAIEcommerceFields.h */,
				E9D054217E134C2798A5F071 /* GAIEcommerceProduct.h */,
				D96B8C87C88344E89840E72E /* GAIEcommerceProductAction.h */,
				CDFD375F361B4C2692E577E1 /* GAIEcommercePromotion.h */,
				1A70ADC54DC5458BA4A0879F /* CDVSplashScreen.m */,
				C783954B47C3475B8260B062 /* CDVSplashScreen.h */,
				7A3D48B5BCD640FAA91FEE55 /* IonicConstant.m */,
				6091DA304504455CB613935C /* IonicDeploy.m */,
				5B4772A6C2394F2890122BC8 /* Download.m */,
				CA35F3D231324C60BF3543EA /* DownloadManager.m */,
				48BA60E6A8B84A6C923BCB8D /* SSZipArchive.m */,
				54E79CB7E8CD45358E2B7F88 /* ioapi.c */,
				6BD739FFB134481CBF1FAF22 /* unzip.c */,
				D8EEC5BDC78D4B1195227F8A /* zip.c */,
				3D54BE28AA8847BAA4D120CC /* adler32.c */,
				2A3D606D5671430ABCB819F9 /* compress.c */,
				AAEC21B05D184F009B1CD9C3 /* crc32.c */,
				6EF565FD0D8A461684BDEC48 /* deflate.c */,
				6004BAA4E22049D1A0F7BC67 /* gzclose.c */,
				B8FFE82AB1B747FCB28328F3 /* gzlib.c */,
				9D7B6E98E75541739825DF85 /* gzread.c */,
				0B9CE8CD0F49494DAA421ADA /* gzwrite.c */,
				CB17F68675F5464CA9BC1B99 /* infback.c */,
				E4030966010241C99CB646D8 /* inffast.c */,
				80C8E9FCC4224438AD2BCEF0 /* inflate.c */,
				D13C10E0FA42446C936983A2 /* inftrees.c */,
				A4A02F8A660F420B8A1D7A0F /* trees.c */,
				CF30706924C1418AB8294EC9 /* uncompr.c */,
				19D72A876B7E40CBB99047CA /* zutil.c */,
				3C4ED26D062A482890B3B83C /* Base64.m */,
				A26FAA588AE4477DAC9CFBDB /* UNIHTTPClientHelper.m */,
				68F7CD96C3794B50AA54AC7D /* UNIHTTPRequest.m */,
				C2E737981BE54699A5A9D33D /* UNIHTTPRequestWithBody.m */,
				FD79FEB55A4D4F9DA991A828 /* UNIRest.m */,
				53C258E5378F47DFB34F7D47 /* UNIUrlConnection.m */,
				26E8666F792745F2847156D5 /* UNIBaseRequest.m */,
				EDDCE0FA2B234A71BD4AC925 /* UNIBodyRequest.m */,
				EFBDA3478F694409AEA3BFE5 /* UNISimpleRequest.m */,
				AD1B6A0A7E1D4FB9A0EE4385 /* UNIHTTPBinaryResponse.m */,
				0FA2079182E7417183C033FF /* UNIHTTPJsonResponse.m */,
				6F6CC086ABDD42108CEB1E8D /* UNIHTTPResponse.m */,
				0E5810D5F6054DC9961E797B /* UNIHTTPStringResponse.m */,
				B8877DF4186949A683D4699A /* UNIJsonNode.m */,
				8E33B57759054A6ABF13135F /* IonicConstant.h */,
				746618AFA9614D3581382A0F /* IonicDeploy.h */,
				6CAB7D0B18494C82AE710D2B /* Download.h */,
				58BA732610864A3298E1A973 /* DownloadManager.h */,
				1E880192D7494D0B89819265 /* SSZipArchive.h */,
				2CC949BC68A048D1A7F8FFBB /* ARCHelper.h */,
				1803158B7C2F416DB2611332 /* crypt.h */,
				5D4CBAA30785484D881080A9 /* ioapi.h */,
				E86EEF1A931A4AEB9DEDB0BA /* unzip.h */,
				06F03A0FECB4465F92A33EF9 /* zip.h */,
				359B95DF365E48B0A71958D7 /* crc32.h */,
				960BA32889EB4B88B42BA90E /* deflate.h */,
				42D3960C462A4E028F8BFFB4 /* gzguts.h */,
				03FA23C303764407AA008397 /* inffast.h */,
				45909822184F446BA45C292D /* inffixed.h */,
				CC8D4D13B53C4E0399090932 /* inflate.h */,
				63BA4D0F615243B8802D968F /* inftrees.h */,
				9944AECDC4C245C686BFBC9C /* trees.h */,
				3269BAB50AF24BB4AF925885 /* zconf.h */,
				B8F45924A3EB4C13AE794B18 /* zlib.h */,
				7013C334C8C94C2FAEE8E14A /* zutil.h */,
				636BB017E45845BEA2890F07 /* Base64.h */,
				898C9BA76DE5463FA6854CF0 /* UNIHTTPClientHelper.h */,
				DE92185F15F844CAB6424837 /* UNIHTTPRequest.h */,
				4EF04A6872344B03BDC40961 /* UNIHTTPRequestWithBody.h */,
				50D2686040CE42238FBABAB5 /* Unirest-Prefix.pch */,
				3214837104EE4335A0E10BE2 /* UNIRest.h */,
				7C20974ABB414A82BBD1116E /* UNIUrlConnection.h */,
				FC8ABE21FBDF4E9B8AF9E619 /* UNIBaseRequest.h */,
				BA8AFCAC71844EFE9887D5FB /* UNIBodyRequest.h */,
				0A5DD6D2B234449E934DEF9B /* UNISimpleRequest.h */,
				FA01BE4E2F324F4EA52229D8 /* UNIHTTPBinaryResponse.h */,
				4DCF42AFC2EB4CC9B4E9644D /* UNIHTTPJsonResponse.h */,
				E4F991660B184B1081D908DD /* UNIHTTPResponse.h */,
				021915FA1AFD4769AAA14152 /* UNIHTTPStringResponse.h */,
				D802216BF77F4B798789780E /* UNIJsonNode.h */,
				3DC9BBC2B96E4160ACA04FBE /* Toast+UIView.m */,
				1549867D11174A8E85EC6672 /* Toast.m */,
				9DA8ECFE232A4428B51BE79C /* Toast+UIView.h */,
				FC43EACF535C4B21B8196765 /* Toast.h */,
				272715F663AD43889FC0A9B9 /* CDVNotification.m */,
				BC25704798F34F26BC57B58C /* CDVNotification.h */,
				8271140EB2AC4F588A21DF89 /* CDVFile.m */,
				7AB3F41BAE074691BC67E2E4 /* CDVLocalFilesystem.m */,
				B5ED3B8C5FF84A6A8243CF92 /* CDVAssetLibraryFilesystem.m */,
				FE55A584EFF248F0A3EC1F13 /* CDVFile.h */,
				3061B48ED043470CA331DA65 /* CDVLocalFilesystem.h */,
				F15FF0B43EC64852B5792B7A /* CDVAssetLibraryFilesystem.h */,
				EF53C5FF0CA14E54AE80A4DD /* CDVInAppBrowser.m */,
				DBBDAF0A9D8248559B49EAFC /* CDVInAppBrowser.h */,
				4746AFCA42FE4DD6A67D0E0A /* CDVSound.m */,
				0E3C90D70BED478C91C2208B /* CDVSound.h */,
				7B4E9A40B86541489877D893 /* AppDelegate+notification.m */,
				968DF6A471144F908A4794F8 /* PushPlugin.m */,
				14ED30BE8E6F45DDB1FD262A /* AppDelegate+notification.h */,
				840CF5FAA7FB42FE938BCD0B /* PushPlugin.h */,
			);
			name = Plugins;
			path = "تعاوني الحفر/Plugins";
			sourceTree = SOURCE_ROOT;
		};
		308D052D1370CCF300D202BF /* icons */ = {
			isa = PBXGroup;
			children = (
				30C1856519D5FC0A00212699 /* icon-60@3x.png */,
				7E7966D41810823500FA85AD /* icon-40.png */,
				7E7966D51810823500FA85AD /* icon-40@2x.png */,
				7E7966D61810823500FA85AD /* icon-50.png */,
				7E7966D71810823500FA85AD /* icon-50@2x.png */,
				7E7966D81810823500FA85AD /* icon-60.png */,
				7E7966D91810823500FA85AD /* icon-60@2x.png */,
				7E7966DA1810823500FA85AD /* icon-76.png */,
				7E7966DB1810823500FA85AD /* icon-76@2x.png */,
				7E7966DC1810823500FA85AD /* icon-small.png */,
				7E7966DD1810823500FA85AD /* icon-small@2x.png */,
				30FC414816E50CA1004E6F35 /* icon-72@2x.png */,
				308D052E1370CCF300D202BF /* icon-72.png */,
				308D052F1370CCF300D202BF /* icon.png */,
				308D05301370CCF300D202BF /* icon@2x.png */,
			);
			path = icons;
			sourceTree = "<group>";
		};
		308D05311370CCF300D202BF /* splash */ = {
			isa = PBXGroup;
			children = (
				30B4F2FD19D5E07200D9F7D8 /* Default-667h.png */,
				30B4F2FE19D5E07200D9F7D8 /* Default-736h.png */,
				30B4F2FF19D5E07200D9F7D8 /* Default-Landscape-736h.png */,
				D4A0D8751607E02300AEF8BB /* Default-568h@2x~iphone.png */,
				3088BBB7154F3926009F9C59 /* Default-Landscape@2x~ipad.png */,
				3088BBB8154F3926009F9C59 /* Default-Landscape~ipad.png */,
				3088BBB9154F3926009F9C59 /* Default-Portrait@2x~ipad.png */,
				3088BBBA154F3926009F9C59 /* Default-Portrait~ipad.png */,
				3088BBBB154F3926009F9C59 /* Default@2x~iphone.png */,
				3088BBBC154F3926009F9C59 /* Default~iphone.png */,
			);
			path = splash;
			sourceTree = "<group>";
		};
		EB87FDF11871DA420020F90C /* Staging */ = {
			isa = PBXGroup;
			children = (
				F840E1F0165FE0F500CFE078 /* config.xml */,
				301BF56E109A69640062928A /* www */,
			);
			name = Staging;
			sourceTree = "<group>";
		};
/* End PBXGroup section */

/* Begin PBXNativeTarget section */
		1D6058900D05DD3D006BFB54 /* تعاوني الحفر */ = {
			isa = PBXNativeTarget;
			buildConfigurationList = 1D6058960D05DD3E006BFB54 /* Build configuration list for PBXNativeTarget "تعاوني الحفر" */;
			buildPhases = (
				304B58A110DAC018002A0835 /* Copy www directory */,
				1D60588D0D05DD3D006BFB54 /* Resources */,
				1D60588E0D05DD3D006BFB54 /* Sources */,
				1D60588F0D05DD3D006BFB54 /* Frameworks */,
			);
			buildRules = (
			);
			dependencies = (
				301BF551109A68C00062928A /* PBXTargetDependency */,
			);
			name = "تعاوني الحفر";
			productName = "تعاوني الحفر";
			productReference = 1D6058910D05DD3D006BFB54 /* تعاوني الحفر.app */;
			productType = "com.apple.product-type.application";
		};
/* End PBXNativeTarget section */

/* Begin PBXProject section */
		29B97313FDCFA39411CA2CEA /* Project object */ = {
			isa = PBXProject;
			attributes = {
				LastUpgradeCheck = 510;
				TargetAttributes = {
					1D6058900D05DD3D006BFB54 = {
						DevelopmentTeam = P8PA92SN8F;
					};
				};
			};
			buildConfigurationList = C01FCF4E08A954540054247B /* Build configuration list for PBXProject "تعاوني الحفر" */;
			compatibilityVersion = "Xcode 3.2";
			developmentRegion = English;
			hasScannedForEncodings = 1;
			knownRegions = (
				English,
				Japanese,
				French,
				German,
				en,
				es,
				de,
				se,
			);
			mainGroup = 29B97314FDCFA39411CA2CEA /* CustomTemplate */;
			projectDirPath = "";
			projectReferences = (
				{
					ProductGroup = 301BF52E109A57CC0062928A /* Products */;
					ProjectRef = 301BF52D109A57CC0062928A /* CordovaLib.xcodeproj */;
				},
			);
			projectRoot = "";
			targets = (
				1D6058900D05DD3D006BFB54 /* تعاوني الحفر */,
			);
		};
/* End PBXProject section */

/* Begin PBXReferenceProxy section */
		301BF535109A57CC0062928A /* libCordova.a */ = {
			isa = PBXReferenceProxy;
			fileType = archive.ar;
			path = libCordova.a;
			remoteRef = 301BF534109A57CC0062928A /* PBXContainerItemProxy */;
			sourceTree = BUILT_PRODUCTS_DIR;
		};
/* End PBXReferenceProxy section */

/* Begin PBXResourcesBuildPhase section */
		1D60588D0D05DD3D006BFB54 /* Resources */ = {
			isa = PBXResourcesBuildPhase;
			buildActionMask = 2147483647;
			files = (
				7E7966E41810823500FA85AD /* icon-76.png in Resources */,
				7E7966DF1810823500FA85AD /* icon-40@2x.png in Resources */,
				308D05371370CCF300D202BF /* icon-72.png in Resources */,
				30B4F30119D5E07200D9F7D8 /* Default-736h.png in Resources */,
				308D05381370CCF300D202BF /* icon.png in Resources */,
				308D05391370CCF300D202BF /* icon@2x.png in Resources */,
				302D95F214D2391D003F00A1 /* MainViewController.xib in Resources */,
				7E7966E01810823500FA85AD /* icon-50.png in Resources */,
				7E7966E31810823500FA85AD /* icon-60@2x.png in Resources */,
				7E7966E61810823500FA85AD /* icon-small.png in Resources */,
				3088BBBD154F3926009F9C59 /* Default-Landscape@2x~ipad.png in Resources */,
				3088BBBE154F3926009F9C59 /* Default-Landscape~ipad.png in Resources */,
				3088BBBF154F3926009F9C59 /* Default-Portrait@2x~ipad.png in Resources */,
				7E7966E71810823500FA85AD /* icon-small@2x.png in Resources */,
				3088BBC0154F3926009F9C59 /* Default-Portrait~ipad.png in Resources */,
				30B4F30019D5E07200D9F7D8 /* Default-667h.png in Resources */,
				7E7966DE1810823500FA85AD /* icon-40.png in Resources */,
				3088BBC1154F3926009F9C59 /* Default@2x~iphone.png in Resources */,
				7E7966E21810823500FA85AD /* icon-60.png in Resources */,
				3088BBC2154F3926009F9C59 /* Default~iphone.png in Resources */,
				D4A0D8761607E02300AEF8BB /* Default-568h@2x~iphone.png in Resources */,
				30B4F30219D5E07200D9F7D8 /* Default-Landscape-736h.png in Resources */,
				30C1856619D5FC0A00212699 /* icon-60@3x.png in Resources */,
				7E7966E11810823500FA85AD /* icon-50@2x.png in Resources */,
				7E7966E51810823500FA85AD /* icon-76@2x.png in Resources */,
				30FC414916E50CA1004E6F35 /* icon-72@2x.png in Resources */,
				94C3B4D5F95C4FFCA46E1348 /* CDVNotification.bundle in Resources */,
			);
			runOnlyForDeploymentPostprocessing = 0;
		};
/* End PBXResourcesBuildPhase section */

/* Begin PBXShellScriptBuildPhase section */
		304B58A110DAC018002A0835 /* Copy www directory */ = {
			isa = PBXShellScriptBuildPhase;
			buildActionMask = 2147483647;
			files = (
			);
			inputPaths = (
			);
			name = "Copy www directory";
			outputPaths = (
			);
			runOnlyForDeploymentPostprocessing = 0;
			shellPath = /bin/sh;
			shellScript = "cordova/lib/copy-www-build-step.sh";
			showEnvVarsInLog = 0;
		};
/* End PBXShellScriptBuildPhase section */

/* Begin PBXSourcesBuildPhase section */
		1D60588E0D05DD3D006BFB54 /* Sources */ = {
			isa = PBXSourcesBuildPhase;
			buildActionMask = 2147483647;
			files = (
				1D60589B0D05DD56006BFB54 /* main.m in Sources */,
				1D3623260D0F684500981E51 /* AppDelegate.m in Sources */,
				302D95F114D2391D003F00A1 /* MainViewController.m in Sources */,
				233C0A2DF1DE4211BF3F6B12 /* IonicKeyboard.m in Sources */,
				65CD8B7D9B5F4ACE8F208573 /* UIWebViewExtension.m in Sources */,
				AFC3463289D4487A8186A2EC /* CDVLogger.m in Sources */,
				127CA2A40F9748AD93A428A0 /* CDVDevice.m in Sources */,
				E2D31E53CCFE4CEAAAF5A468 /* UniversalAnalyticsPlugin.m in Sources */,
				E16F77C218EC4B5F9ACDBBB8 /* CDVSplashScreen.m in Sources */,
				5CFA6FF1E2824B7BB17C2B1E /* IonicConstant.m in Sources */,
				820C2B12E3EE4BBAB68E00E7 /* IonicDeploy.m in Sources */,
				337F3873A1FA4E4C9EC6DE3E /* Download.m in Sources */,
				A2D50A19E8FE421FB77E490E /* DownloadManager.m in Sources */,
				C23A1F284640481885FCB1DD /* SSZipArchive.m in Sources */,
				B89CCF73D7534A999AD91C7D /* ioapi.c in Sources */,
				2748917869464D528F5BC5FF /* unzip.c in Sources */,
				C6E92C4B549A4EE686446EC9 /* zip.c in Sources */,
				88F29148930C46108DAA7636 /* adler32.c in Sources */,
				805E24ED8AB64E69AE3A2077 /* compress.c in Sources */,
				9CE7F656100944F68D3CDE00 /* crc32.c in Sources */,
				46654A90E75B45E39C8E37CA /* deflate.c in Sources */,
				DE9C73831EC64BD581B3479D /* gzclose.c in Sources */,
				6BF78FA52E554BFCB4BBE2B7 /* gzlib.c in Sources */,
				C554FDEBFB2B4F53A966E67A /* gzread.c in Sources */,
				8410D46FF4BB4EEA89BA7818 /* gzwrite.c in Sources */,
				9F84DE01E79E4D1F9CC8C191 /* infback.c in Sources */,
				3E13DBF8A3D94A3AA500336D /* inffast.c in Sources */,
				1EB897D8DA924F99AECE5639 /* inflate.c in Sources */,
				3B760A9379C94355A48BFF3B /* inftrees.c in Sources */,
				5DA592DF405842B68A2500E7 /* trees.c in Sources */,
				6B2DB76BD4B14311A5EA5304 /* uncompr.c in Sources */,
				24D88654D7A84CAA981F9462 /* zutil.c in Sources */,
				7AB2135CBC9C499282003B4B /* Base64.m in Sources */,
				726D4DC9DC4A49948138E067 /* UNIHTTPClientHelper.m in Sources */,
				66158E3274324844809F931A /* UNIHTTPRequest.m in Sources */,
				EB167B18ADCA4B72825AEBB2 /* UNIHTTPRequestWithBody.m in Sources */,
				6054DFCCF0A64915A5AB4639 /* UNIRest.m in Sources */,
				31B36DED379C4AD792BE0A3F /* UNIUrlConnection.m in Sources */,
				112018CC9BA94E5AB3126AE4 /* UNIBaseRequest.m in Sources */,
				8CE7FD80E1864C25806DF992 /* UNIBodyRequest.m in Sources */,
				25076A458C174261A0D8E8FD /* UNISimpleRequest.m in Sources */,
				236AB9B48B30465BB8B8BFBE /* UNIHTTPBinaryResponse.m in Sources */,
				13DD6BA07BF947C592E899C2 /* UNIHTTPJsonResponse.m in Sources */,
				B298D2A568FB4CAB8F9AB7A7 /* UNIHTTPResponse.m in Sources */,
				A8BF91E49FE04781A60FC990 /* UNIHTTPStringResponse.m in Sources */,
				632CE70575C145C9AC3CD4D1 /* UNIJsonNode.m in Sources */,
				FB95327E1EE34AC9B26DA89E /* Toast+UIView.m in Sources */,
				20AE32D5A7CC48A3BFEAEE6F /* Toast.m in Sources */,
				575FD35062554560B6C76C2D /* CDVNotification.m in Sources */,
				9054C3B0ED9F4FF8945D107C /* CDVFile.m in Sources */,
				C5FF74BA141946EDB273144A /* CDVLocalFilesystem.m in Sources */,
				E94F660868034A8FB858ECCA /* CDVAssetLibraryFilesystem.m in Sources */,
				730CB3BF608345879CB31C87 /* CDVInAppBrowser.m in Sources */,
				B1FC43DC56824F28A82007BB /* CDVSound.m in Sources */,
				71F953D5CE1A44AD9328A878 /* AppDelegate+notification.m in Sources */,
				95B1B4ABE3AE408589739F0B /* PushPlugin.m in Sources */,
			);
			runOnlyForDeploymentPostprocessing = 0;
		};
/* End PBXSourcesBuildPhase section */

/* Begin PBXTargetDependency section */
		301BF551109A68C00062928A /* PBXTargetDependency */ = {
			isa = PBXTargetDependency;
			name = CordovaLib;
			targetProxy = 301BF550109A68C00062928A /* PBXContainerItemProxy */;
		};
/* End PBXTargetDependency section */

/* Begin XCBuildConfiguration section */
		1D6058940D05DD3E006BFB54 /* Debug */ = {
			isa = XCBuildConfiguration;
			buildSettings = {
				ALWAYS_SEARCH_USER_PATHS = NO;
				CLANG_ENABLE_OBJC_ARC = YES;
				CODE_SIGN_IDENTITY = "iPhone Developer";
				COPY_PHASE_STRIP = NO;
				ENABLE_BITCODE = NO;
				GCC_DYNAMIC_NO_PIC = NO;
				GCC_OPTIMIZATION_LEVEL = 0;
				GCC_PRECOMPILE_PREFIX_HEADER = YES;
				GCC_PREFIX_HEADER = "تعاوني الحفر/تعاوني الحفر-Prefix.pch";
				GCC_THUMB_SUPPORT = NO;
				GCC_VERSION = "";
				INFOPLIST_FILE = "تعاوني الحفر/تعاوني الحفر-Info.plist";
				IPHONEOS_DEPLOYMENT_TARGET = 6.0;
				LIBRARY_SEARCH_PATHS = (
					"$(inherited)",
					"\"$(SRCROOT)/تعاوني الحفر/Plugins/cordova-plugin-google-analytics\"",
				);
				OTHER_LDFLAGS = (
					"-weak_framework",
					CoreFoundation,
					"-weak_framework",
					UIKit,
					"-weak_framework",
					AVFoundation,
					"-weak_framework",
					CoreMedia,
					"-weak-lSystem",
					"-ObjC",
				);
				PRODUCT_NAME = "تعاوني الحفر";
				TARGETED_DEVICE_FAMILY = "1,2";
			};
			name = Debug;
		};
		1D6058950D05DD3E006BFB54 /* Release */ = {
			isa = XCBuildConfiguration;
			buildSettings = {
				ALWAYS_SEARCH_USER_PATHS = NO;
				CLANG_ENABLE_OBJC_ARC = YES;
				CODE_SIGN_IDENTITY = "iPhone Developer";
				COPY_PHASE_STRIP = YES;
				ENABLE_BITCODE = NO;
				GCC_PRECOMPILE_PREFIX_HEADER = YES;
				GCC_PREFIX_HEADER = "تعاوني الحفر/تعاوني الحفر-Prefix.pch";
				GCC_THUMB_SUPPORT = NO;
				GCC_VERSION = "";
				INFOPLIST_FILE = "تعاوني الحفر/تعاوني الحفر-Info.plist";
				IPHONEOS_DEPLOYMENT_TARGET = 6.0;
				LIBRARY_SEARCH_PATHS = (
					"$(inherited)",
					"\"$(SRCROOT)/تعاوني الحفر/Plugins/cordova-plugin-google-analytics\"",
				);
				OTHER_LDFLAGS = (
					"-weak_framework",
					CoreFoundation,
					"-weak_framework",
					UIKit,
					"-weak_framework",
					AVFoundation,
					"-weak_framework",
					CoreMedia,
					"-weak-lSystem",
					"-ObjC",
				);
				PRODUCT_NAME = "تعاوني الحفر";
				TARGETED_DEVICE_FAMILY = "1,2";
			};
			name = Release;
		};
		C01FCF4F08A954540054247B /* Debug */ = {
			isa = XCBuildConfiguration;
			buildSettings = {
				CLANG_ENABLE_OBJC_ARC = YES;
				CLANG_WARN_BOOL_CONVERSION = YES;
				CLANG_WARN_CONSTANT_CONVERSION = YES;
				CLANG_WARN_EMPTY_BODY = YES;
				CLANG_WARN_ENUM_CONVERSION = YES;
				CLANG_WARN_INT_CONVERSION = YES;
				CLANG_WARN__DUPLICATE_METHOD_MATCH = YES;
				"CODE_SIGN_IDENTITY[sdk=iphoneos*]" = "iPhone Developer";
				GCC_C_LANGUAGE_STANDARD = c99;
				GCC_THUMB_SUPPORT = NO;
				GCC_VERSION = "";
				GCC_WARN_ABOUT_RETURN_TYPE = YES;
				GCC_WARN_UNDECLARED_SELECTOR = YES;
				GCC_WARN_UNINITIALIZED_AUTOS = YES;
				GCC_WARN_UNUSED_FUNCTION = YES;
				GCC_WARN_UNUSED_VARIABLE = YES;
				HEADER_SEARCH_PATHS = (
					"\"$(TARGET_BUILD_DIR)/usr/local/lib/include\"",
					"\"$(OBJROOT)/UninstalledProducts/include\"",
					"\"$(BUILT_PRODUCTS_DIR)\"",
				);
				IPHONEOS_DEPLOYMENT_TARGET = 6.0;
				ONLY_ACTIVE_ARCH = YES;
				OTHER_LDFLAGS = (
					"-weak_framework",
					CoreFoundation,
					"-weak_framework",
					UIKit,
					"-weak_framework",
					AVFoundation,
					"-weak_framework",
					CoreMedia,
					"-weak-lSystem",
					"-ObjC",
				);
				SDKROOT = iphoneos;
				SKIP_INSTALL = NO;
				USER_HEADER_SEARCH_PATHS = "";
			};
			name = Debug;
		};
		C01FCF5008A954540054247B /* Release */ = {
			isa = XCBuildConfiguration;
			buildSettings = {
				CLANG_ENABLE_OBJC_ARC = YES;
				CLANG_WARN_BOOL_CONVERSION = YES;
				CLANG_WARN_CONSTANT_CONVERSION = YES;
				CLANG_WARN_EMPTY_BODY = YES;
				CLANG_WARN_ENUM_CONVERSION = YES;
				CLANG_WARN_INT_CONVERSION = YES;
				CLANG_WARN__DUPLICATE_METHOD_MATCH = YES;
				"CODE_SIGN_IDENTITY[sdk=iphoneos*]" = "iPhone Developer";
				GCC_C_LANGUAGE_STANDARD = c99;
				GCC_THUMB_SUPPORT = NO;
				GCC_VERSION = "";
				GCC_WARN_ABOUT_RETURN_TYPE = YES;
				GCC_WARN_UNDECLARED_SELECTOR = YES;
				GCC_WARN_UNINITIALIZED_AUTOS = YES;
				GCC_WARN_UNUSED_FUNCTION = YES;
				GCC_WARN_UNUSED_VARIABLE = YES;
				HEADER_SEARCH_PATHS = (
					"\"$(TARGET_BUILD_DIR)/usr/local/lib/include\"",
					"\"$(OBJROOT)/UninstalledProducts/include\"",
					"\"$(BUILT_PRODUCTS_DIR)\"",
				);
				IPHONEOS_DEPLOYMENT_TARGET = 6.0;
				OTHER_LDFLAGS = (
					"-weak_framework",
					CoreFoundation,
					"-weak_framework",
					UIKit,
					"-weak_framework",
					AVFoundation,
					"-weak_framework",
					CoreMedia,
					"-weak-lSystem",
					"-ObjC",
				);
				SDKROOT = iphoneos;
				SKIP_INSTALL = NO;
				USER_HEADER_SEARCH_PATHS = "";
			};
			name = Release;
		};
/* End XCBuildConfiguration section */

/* Begin XCConfigurationList section */
		1D6058960D05DD3E006BFB54 /* Build configuration list for PBXNativeTarget "تعاوني الحفر" */ = {
			isa = XCConfigurationList;
			buildConfigurations = (
				1D6058940D05DD3E006BFB54 /* Debug */,
				1D6058950D05DD3E006BFB54 /* Release */,
			);
			defaultConfigurationIsVisible = 0;
			defaultConfigurationName = Release;
		};
		C01FCF4E08A954540054247B /* Build configuration list for PBXProject "تعاوني الحفر" */ = {
			isa = XCConfigurationList;
			buildConfigurations = (
				C01FCF4F08A954540054247B /* Debug */,
				C01FCF5008A954540054247B /* Release */,
			);
			defaultConfigurationIsVisible = 0;
			defaultConfigurationName = Release;
		};
/* End XCConfigurationList section */
	};
	rootObject = 29B97313FDCFA39411CA2CEA /* Project object */;
}
